
Microsoft Visual Studio Solution File, Format Version 9.00
# Visual Studio 2005
Project("{54435603-DBB4-11D2-8724-00A0C9A8B90C}") = "Setup_eClock_Basico", "Setup_eClock_Basico\Setup_eClock_Basico.vdproj", "{2CC28851-B828-4602-B33F-3B41DEBFAFAA}"
EndProject
Project("{FAE04EC0-301F-11D3-BF4B-00C04F79EFBC}") = "echeckSend", "..\echeckSend.csproj", "{16C46F18-D39D-469C-B39A-EC074F4DD8A4}"
EndProject
Global
	GlobalSection(SolutionConfigurationPlatforms) = preSolution
		Debug|Any CPU = Debug|Any CPU
		Release|Any CPU = Release|Any CPU
	EndGlobalSection
	GlobalSection(ProjectConfigurationPlatforms) = postSolution
		{2CC28851-B828-4602-B33F-3B41DEBFAFAA}.Debug|Any CPU.ActiveCfg = Debug
		{2CC28851-B828-4602-B33F-3B41DEBFAFAA}.Release|Any CPU.ActiveCfg = Release
		{16C46F18-D39D-469C-B39A-EC074F4DD8A4}.Debug|Any CPU.ActiveCfg = Debug|Any CPU
		{16C46F18-D39D-469C-B39A-EC074F4DD8A4}.Debug|Any CPU.Build.0 = Debug|Any CPU
		{16C46F18-D39D-469C-B39A-EC074F4DD8A4}.Release|Any CPU.ActiveCfg = Release|Any CPU
		{16C46F18-D39D-469C-B39A-EC074F4DD8A4}.Release|Any CPU.Build.0 = Release|Any CPU
	EndGlobalSection
	GlobalSection(SolutionProperties) = preSolution
		HideSolutionNode = FALSE
	EndGlobalSection
EndGlobal
