
Microsoft Visual Studio Solution File, Format Version 12.00
# Visual Studio 2013
VisualStudioVersion = 12.0.21005.1
MinimumVisualStudioVersion = 10.0.40219.1
Project("{FAE04EC0-301F-11D3-BF4B-00C04F79EFBC}") = "Tareas", "Tareas\Tareas.csproj", "{06397ED8-565C-4034-912A-88EFF971F66F}"
	ProjectSection(ProjectDependencies) = postProject
		{7550FE9E-394B-43B1-ABF7-227ACD06B87C} = {7550FE9E-394B-43B1-ABF7-227ACD06B87C}
		{3033DEDB-484C-4BE5-9818-A913F4A01027} = {3033DEDB-484C-4BE5-9818-A913F4A01027}
		{04E020DC-A7E2-458E-B020-7C81374FCDCA} = {04E020DC-A7E2-458E-B020-7C81374FCDCA}
	EndProjectSection
EndProject
Project("{FAE04EC0-301F-11D3-BF4B-00C04F79EFBC}") = "PubliPayments.Entidades", "..\Dlls\PubliPayments.Entidades\PubliPayments.Entidades.csproj", "{0631A9F7-6889-42FE-A703-527100E6368C}"
EndProject
Project("{FAE04EC0-301F-11D3-BF4B-00C04F79EFBC}") = "PubliPayments.Utiles", "..\Dlls\PubliPayments.Utiles\PubliPayments.Utiles.csproj", "{549FAED2-8D20-4116-BAED-AAD8FB2E3D7C}"
EndProject
Project("{FAE04EC0-301F-11D3-BF4B-00C04F79EFBC}") = "PubliPayments.Negocios", "..\Dlls\PubliPayments.Negocios\PubliPayments.Negocios.csproj", "{B8D6CC17-BA3F-49BC-967E-F0995B6FFF7B}"
EndProject
Project("{FAE04EC0-301F-11D3-BF4B-00C04F79EFBC}") = "PubliPayments.Negocios.Originacion", "..\Dlls\PubliPayments.Negocios.Originacion\PubliPayments.Negocios.Originacion\PubliPayments.Negocios.Originacion.csproj", "{7550FE9E-394B-43B1-ABF7-227ACD06B87C}"
	ProjectSection(ProjectDependencies) = postProject
		{3033DEDB-484C-4BE5-9818-A913F4A01027} = {3033DEDB-484C-4BE5-9818-A913F4A01027}
		{0631A9F7-6889-42FE-A703-527100E6368C} = {0631A9F7-6889-42FE-A703-527100E6368C}
	EndProjectSection
EndProject
Project("{FAE04EC0-301F-11D3-BF4B-00C04F79EFBC}") = "PubliPayments.Entidades.Originacion", "..\Dlls\PubliPayments.Entidades.Originacion\PubliPayments.Entidades.Originacion\PubliPayments.Entidades.Originacion.csproj", "{3033DEDB-484C-4BE5-9818-A913F4A01027}"
	ProjectSection(ProjectDependencies) = postProject
		{0631A9F7-6889-42FE-A703-527100E6368C} = {0631A9F7-6889-42FE-A703-527100E6368C}
	EndProjectSection
EndProject
Project("{FAE04EC0-301F-11D3-BF4B-00C04F79EFBC}") = "PubliPayments.Entidades.MYO", "..\Dlls\PubliPayments.Entidades.MYO\PubliPayments.Entidades.MYO\PubliPayments.Entidades.MYO.csproj", "{04E020DC-A7E2-458E-B020-7C81374FCDCA}"
EndProject
Project("{FAE04EC0-301F-11D3-BF4B-00C04F79EFBC}") = "Publipayments.Negocios.MYO", "..\Dlls\Publipayments.Negocios.MYO\Publipayments.Negocios.MYO\Publipayments.Negocios.MYO.csproj", "{3AF3ED83-5E72-4409-9EDF-EADB64315CDD}"
	ProjectSection(ProjectDependencies) = postProject
		{04E020DC-A7E2-458E-B020-7C81374FCDCA} = {04E020DC-A7E2-458E-B020-7C81374FCDCA}
	EndProjectSection
EndProject
Project("{00D1A9C2-B5F0-4AF3-8072-F6C62B433612}") = "Publipayments.SQLServer", "..\BD\Publipayments.SQLServer\Publipayments.SQLServer.sqlproj", "{2AEAF8D0-620F-4D85-8D4E-9EA1981A5A14}"
EndProject
Global
	GlobalSection(SolutionConfigurationPlatforms) = preSolution
		Debug|Any CPU = Debug|Any CPU
		PPMTest|Any CPU = PPMTest|Any CPU
		Release|Any CPU = Release|Any CPU
	EndGlobalSection
	GlobalSection(ProjectConfigurationPlatforms) = postSolution
		{06397ED8-565C-4034-912A-88EFF971F66F}.Debug|Any CPU.ActiveCfg = Debug|Any CPU
		{06397ED8-565C-4034-912A-88EFF971F66F}.Debug|Any CPU.Build.0 = Debug|Any CPU
		{06397ED8-565C-4034-912A-88EFF971F66F}.PPMTest|Any CPU.ActiveCfg = Release|Any CPU
		{06397ED8-565C-4034-912A-88EFF971F66F}.PPMTest|Any CPU.Build.0 = Release|Any CPU
		{06397ED8-565C-4034-912A-88EFF971F66F}.Release|Any CPU.ActiveCfg = Release|Any CPU
		{06397ED8-565C-4034-912A-88EFF971F66F}.Release|Any CPU.Build.0 = Release|Any CPU
		{0631A9F7-6889-42FE-A703-527100E6368C}.Debug|Any CPU.ActiveCfg = Debug|Any CPU
		{0631A9F7-6889-42FE-A703-527100E6368C}.Debug|Any CPU.Build.0 = Debug|Any CPU
		{0631A9F7-6889-42FE-A703-527100E6368C}.PPMTest|Any CPU.ActiveCfg = PPMTest|Any CPU
		{0631A9F7-6889-42FE-A703-527100E6368C}.PPMTest|Any CPU.Build.0 = PPMTest|Any CPU
		{0631A9F7-6889-42FE-A703-527100E6368C}.Release|Any CPU.ActiveCfg = Release|Any CPU
		{0631A9F7-6889-42FE-A703-527100E6368C}.Release|Any CPU.Build.0 = Release|Any CPU
		{549FAED2-8D20-4116-BAED-AAD8FB2E3D7C}.Debug|Any CPU.ActiveCfg = Debug|Any CPU
		{549FAED2-8D20-4116-BAED-AAD8FB2E3D7C}.Debug|Any CPU.Build.0 = Debug|Any CPU
		{549FAED2-8D20-4116-BAED-AAD8FB2E3D7C}.PPMTest|Any CPU.ActiveCfg = PPMTest|Any CPU
		{549FAED2-8D20-4116-BAED-AAD8FB2E3D7C}.PPMTest|Any CPU.Build.0 = PPMTest|Any CPU
		{549FAED2-8D20-4116-BAED-AAD8FB2E3D7C}.Release|Any CPU.ActiveCfg = Release|Any CPU
		{549FAED2-8D20-4116-BAED-AAD8FB2E3D7C}.Release|Any CPU.Build.0 = Release|Any CPU
		{B8D6CC17-BA3F-49BC-967E-F0995B6FFF7B}.Debug|Any CPU.ActiveCfg = Debug|Any CPU
		{B8D6CC17-BA3F-49BC-967E-F0995B6FFF7B}.Debug|Any CPU.Build.0 = Debug|Any CPU
		{B8D6CC17-BA3F-49BC-967E-F0995B6FFF7B}.PPMTest|Any CPU.ActiveCfg = PPMTest|Any CPU
		{B8D6CC17-BA3F-49BC-967E-F0995B6FFF7B}.PPMTest|Any CPU.Build.0 = PPMTest|Any CPU
		{B8D6CC17-BA3F-49BC-967E-F0995B6FFF7B}.Release|Any CPU.ActiveCfg = Release|Any CPU
		{B8D6CC17-BA3F-49BC-967E-F0995B6FFF7B}.Release|Any CPU.Build.0 = Release|Any CPU
		{7550FE9E-394B-43B1-ABF7-227ACD06B87C}.Debug|Any CPU.ActiveCfg = Debug|Any CPU
		{7550FE9E-394B-43B1-ABF7-227ACD06B87C}.Debug|Any CPU.Build.0 = Debug|Any CPU
		{7550FE9E-394B-43B1-ABF7-227ACD06B87C}.PPMTest|Any CPU.ActiveCfg = PPMTest|Any CPU
		{7550FE9E-394B-43B1-ABF7-227ACD06B87C}.PPMTest|Any CPU.Build.0 = PPMTest|Any CPU
		{7550FE9E-394B-43B1-ABF7-227ACD06B87C}.Release|Any CPU.ActiveCfg = Release|Any CPU
		{7550FE9E-394B-43B1-ABF7-227ACD06B87C}.Release|Any CPU.Build.0 = Release|Any CPU
		{3033DEDB-484C-4BE5-9818-A913F4A01027}.Debug|Any CPU.ActiveCfg = Debug|Any CPU
		{3033DEDB-484C-4BE5-9818-A913F4A01027}.Debug|Any CPU.Build.0 = Debug|Any CPU
		{3033DEDB-484C-4BE5-9818-A913F4A01027}.PPMTest|Any CPU.ActiveCfg = PPMTest|Any CPU
		{3033DEDB-484C-4BE5-9818-A913F4A01027}.PPMTest|Any CPU.Build.0 = PPMTest|Any CPU
		{3033DEDB-484C-4BE5-9818-A913F4A01027}.Release|Any CPU.ActiveCfg = Release|Any CPU
		{3033DEDB-484C-4BE5-9818-A913F4A01027}.Release|Any CPU.Build.0 = Release|Any CPU
		{04E020DC-A7E2-458E-B020-7C81374FCDCA}.Debug|Any CPU.ActiveCfg = Debug|Any CPU
		{04E020DC-A7E2-458E-B020-7C81374FCDCA}.Debug|Any CPU.Build.0 = Debug|Any CPU
		{04E020DC-A7E2-458E-B020-7C81374FCDCA}.PPMTest|Any CPU.ActiveCfg = Release|Any CPU
		{04E020DC-A7E2-458E-B020-7C81374FCDCA}.PPMTest|Any CPU.Build.0 = Release|Any CPU
		{04E020DC-A7E2-458E-B020-7C81374FCDCA}.Release|Any CPU.ActiveCfg = Release|Any CPU
		{04E020DC-A7E2-458E-B020-7C81374FCDCA}.Release|Any CPU.Build.0 = Release|Any CPU
		{3AF3ED83-5E72-4409-9EDF-EADB64315CDD}.Debug|Any CPU.ActiveCfg = Debug|Any CPU
		{3AF3ED83-5E72-4409-9EDF-EADB64315CDD}.Debug|Any CPU.Build.0 = Debug|Any CPU
		{3AF3ED83-5E72-4409-9EDF-EADB64315CDD}.PPMTest|Any CPU.ActiveCfg = Release|Any CPU
		{3AF3ED83-5E72-4409-9EDF-EADB64315CDD}.PPMTest|Any CPU.Build.0 = Release|Any CPU
		{3AF3ED83-5E72-4409-9EDF-EADB64315CDD}.Release|Any CPU.ActiveCfg = Release|Any CPU
		{3AF3ED83-5E72-4409-9EDF-EADB64315CDD}.Release|Any CPU.Build.0 = Release|Any CPU
		{2AEAF8D0-620F-4D85-8D4E-9EA1981A5A14}.Debug|Any CPU.ActiveCfg = Debug|Any CPU
		{2AEAF8D0-620F-4D85-8D4E-9EA1981A5A14}.Debug|Any CPU.Build.0 = Debug|Any CPU
		{2AEAF8D0-620F-4D85-8D4E-9EA1981A5A14}.Debug|Any CPU.Deploy.0 = Debug|Any CPU
		{2AEAF8D0-620F-4D85-8D4E-9EA1981A5A14}.PPMTest|Any CPU.ActiveCfg = Debug|Any CPU
		{2AEAF8D0-620F-4D85-8D4E-9EA1981A5A14}.PPMTest|Any CPU.Build.0 = Debug|Any CPU
		{2AEAF8D0-620F-4D85-8D4E-9EA1981A5A14}.PPMTest|Any CPU.Deploy.0 = Debug|Any CPU
		{2AEAF8D0-620F-4D85-8D4E-9EA1981A5A14}.Release|Any CPU.ActiveCfg = Release|Any CPU
		{2AEAF8D0-620F-4D85-8D4E-9EA1981A5A14}.Release|Any CPU.Build.0 = Release|Any CPU
		{2AEAF8D0-620F-4D85-8D4E-9EA1981A5A14}.Release|Any CPU.Deploy.0 = Release|Any CPU
	EndGlobalSection
	GlobalSection(SolutionProperties) = preSolution
		HideSolutionNode = FALSE
	EndGlobalSection
EndGlobal
