
Microsoft Visual Studio Solution File, Format Version 12.00
# Visual Studio 2013
VisualStudioVersion = 12.0.21005.1
MinimumVisualStudioVersion = 10.0.40219.1
Project("{FAE04EC0-301F-11D3-BF4B-00C04F79EFBC}") = "wsServiciosExternos", "wsServiciosExternos\wsServiciosExternos.csproj", "{2C4E8032-DB38-4E9E-927B-A633A06ED2FC}"
EndProject
Project("{FAE04EC0-301F-11D3-BF4B-00C04F79EFBC}") = "PubliPayments.Entidades", "..\..\Dlls\PubliPayments.Entidades\PubliPayments.Entidades.csproj", "{0631A9F7-6889-42FE-A703-527100E6368C}"
EndProject
Project("{FAE04EC0-301F-11D3-BF4B-00C04F79EFBC}") = "PubliPayments.Negocios", "..\..\Dlls\PubliPayments.Negocios\PubliPayments.Negocios.csproj", "{B8D6CC17-BA3F-49BC-967E-F0995B6FFF7B}"
EndProject
Project("{FAE04EC0-301F-11D3-BF4B-00C04F79EFBC}") = "PubliPayments.Utiles", "..\..\Dlls\PubliPayments.Utiles\PubliPayments.Utiles.csproj", "{549FAED2-8D20-4116-BAED-AAD8FB2E3D7C}"
EndProject
Global
	GlobalSection(SolutionConfigurationPlatforms) = preSolution
		Debug|Any CPU = Debug|Any CPU
		OriginacionMovil|Any CPU = OriginacionMovil|Any CPU
		OriginacionMovilTest|Any CPU = OriginacionMovilTest|Any CPU
		PortalPPTest|Any CPU = PortalPPTest|Any CPU
		PublipaymentsCapacitacion|Any CPU = PublipaymentsCapacitacion|Any CPU
		PubliPaymentsTest|Any CPU = PubliPaymentsTest|Any CPU
		Release|Any CPU = Release|Any CPU
	EndGlobalSection
	GlobalSection(ProjectConfigurationPlatforms) = postSolution
		{2C4E8032-DB38-4E9E-927B-A633A06ED2FC}.Debug|Any CPU.ActiveCfg = Debug|Any CPU
		{2C4E8032-DB38-4E9E-927B-A633A06ED2FC}.Debug|Any CPU.Build.0 = Debug|Any CPU
		{2C4E8032-DB38-4E9E-927B-A633A06ED2FC}.OriginacionMovil|Any CPU.ActiveCfg = Release|Any CPU
		{2C4E8032-DB38-4E9E-927B-A633A06ED2FC}.OriginacionMovil|Any CPU.Build.0 = Release|Any CPU
		{2C4E8032-DB38-4E9E-927B-A633A06ED2FC}.OriginacionMovilTest|Any CPU.ActiveCfg = Release|Any CPU
		{2C4E8032-DB38-4E9E-927B-A633A06ED2FC}.OriginacionMovilTest|Any CPU.Build.0 = Release|Any CPU
		{2C4E8032-DB38-4E9E-927B-A633A06ED2FC}.PortalPPTest|Any CPU.ActiveCfg = Release|Any CPU
		{2C4E8032-DB38-4E9E-927B-A633A06ED2FC}.PortalPPTest|Any CPU.Build.0 = Release|Any CPU
		{2C4E8032-DB38-4E9E-927B-A633A06ED2FC}.PublipaymentsCapacitacion|Any CPU.ActiveCfg = Release|Any CPU
		{2C4E8032-DB38-4E9E-927B-A633A06ED2FC}.PublipaymentsCapacitacion|Any CPU.Build.0 = Release|Any CPU
		{2C4E8032-DB38-4E9E-927B-A633A06ED2FC}.PubliPaymentsTest|Any CPU.ActiveCfg = Release|Any CPU
		{2C4E8032-DB38-4E9E-927B-A633A06ED2FC}.PubliPaymentsTest|Any CPU.Build.0 = Release|Any CPU
		{2C4E8032-DB38-4E9E-927B-A633A06ED2FC}.Release|Any CPU.ActiveCfg = Release|Any CPU
		{2C4E8032-DB38-4E9E-927B-A633A06ED2FC}.Release|Any CPU.Build.0 = Release|Any CPU
		{0631A9F7-6889-42FE-A703-527100E6368C}.Debug|Any CPU.ActiveCfg = Debug|Any CPU
		{0631A9F7-6889-42FE-A703-527100E6368C}.Debug|Any CPU.Build.0 = Debug|Any CPU
		{0631A9F7-6889-42FE-A703-527100E6368C}.OriginacionMovil|Any CPU.ActiveCfg = OriginacionMovil|Any CPU
		{0631A9F7-6889-42FE-A703-527100E6368C}.OriginacionMovil|Any CPU.Build.0 = OriginacionMovil|Any CPU
		{0631A9F7-6889-42FE-A703-527100E6368C}.OriginacionMovilTest|Any CPU.ActiveCfg = OriginacionMovilTest|Any CPU
		{0631A9F7-6889-42FE-A703-527100E6368C}.OriginacionMovilTest|Any CPU.Build.0 = OriginacionMovilTest|Any CPU
		{0631A9F7-6889-42FE-A703-527100E6368C}.PortalPPTest|Any CPU.ActiveCfg = PortalPPTest|Any CPU
		{0631A9F7-6889-42FE-A703-527100E6368C}.PortalPPTest|Any CPU.Build.0 = PortalPPTest|Any CPU
		{0631A9F7-6889-42FE-A703-527100E6368C}.PublipaymentsCapacitacion|Any CPU.ActiveCfg = PublipaymentsCapacitacion|Any CPU
		{0631A9F7-6889-42FE-A703-527100E6368C}.PublipaymentsCapacitacion|Any CPU.Build.0 = PublipaymentsCapacitacion|Any CPU
		{0631A9F7-6889-42FE-A703-527100E6368C}.PubliPaymentsTest|Any CPU.ActiveCfg = PubliPaymentsTest|Any CPU
		{0631A9F7-6889-42FE-A703-527100E6368C}.PubliPaymentsTest|Any CPU.Build.0 = PubliPaymentsTest|Any CPU
		{0631A9F7-6889-42FE-A703-527100E6368C}.Release|Any CPU.ActiveCfg = Release|Any CPU
		{0631A9F7-6889-42FE-A703-527100E6368C}.Release|Any CPU.Build.0 = Release|Any CPU
		{B8D6CC17-BA3F-49BC-967E-F0995B6FFF7B}.Debug|Any CPU.ActiveCfg = Debug|Any CPU
		{B8D6CC17-BA3F-49BC-967E-F0995B6FFF7B}.Debug|Any CPU.Build.0 = Debug|Any CPU
		{B8D6CC17-BA3F-49BC-967E-F0995B6FFF7B}.OriginacionMovil|Any CPU.ActiveCfg = OriginacionMovil|Any CPU
		{B8D6CC17-BA3F-49BC-967E-F0995B6FFF7B}.OriginacionMovil|Any CPU.Build.0 = OriginacionMovil|Any CPU
		{B8D6CC17-BA3F-49BC-967E-F0995B6FFF7B}.OriginacionMovilTest|Any CPU.ActiveCfg = OriginacionMovilTest|Any CPU
		{B8D6CC17-BA3F-49BC-967E-F0995B6FFF7B}.OriginacionMovilTest|Any CPU.Build.0 = OriginacionMovilTest|Any CPU
		{B8D6CC17-BA3F-49BC-967E-F0995B6FFF7B}.PortalPPTest|Any CPU.ActiveCfg = PortalPPTest|Any CPU
		{B8D6CC17-BA3F-49BC-967E-F0995B6FFF7B}.PortalPPTest|Any CPU.Build.0 = PortalPPTest|Any CPU
		{B8D6CC17-BA3F-49BC-967E-F0995B6FFF7B}.PublipaymentsCapacitacion|Any CPU.ActiveCfg = PublipaymentsCapacitacion|Any CPU
		{B8D6CC17-BA3F-49BC-967E-F0995B6FFF7B}.PublipaymentsCapacitacion|Any CPU.Build.0 = PublipaymentsCapacitacion|Any CPU
		{B8D6CC17-BA3F-49BC-967E-F0995B6FFF7B}.PubliPaymentsTest|Any CPU.ActiveCfg = PubliPaymentsTest|Any CPU
		{B8D6CC17-BA3F-49BC-967E-F0995B6FFF7B}.PubliPaymentsTest|Any CPU.Build.0 = PubliPaymentsTest|Any CPU
		{B8D6CC17-BA3F-49BC-967E-F0995B6FFF7B}.Release|Any CPU.ActiveCfg = Release|Any CPU
		{B8D6CC17-BA3F-49BC-967E-F0995B6FFF7B}.Release|Any CPU.Build.0 = Release|Any CPU
		{549FAED2-8D20-4116-BAED-AAD8FB2E3D7C}.Debug|Any CPU.ActiveCfg = Debug|Any CPU
		{549FAED2-8D20-4116-BAED-AAD8FB2E3D7C}.Debug|Any CPU.Build.0 = Debug|Any CPU
		{549FAED2-8D20-4116-BAED-AAD8FB2E3D7C}.OriginacionMovil|Any CPU.ActiveCfg = OriginacionMovil|Any CPU
		{549FAED2-8D20-4116-BAED-AAD8FB2E3D7C}.OriginacionMovil|Any CPU.Build.0 = OriginacionMovil|Any CPU
		{549FAED2-8D20-4116-BAED-AAD8FB2E3D7C}.OriginacionMovilTest|Any CPU.ActiveCfg = OriginacionMovilTest|Any CPU
		{549FAED2-8D20-4116-BAED-AAD8FB2E3D7C}.OriginacionMovilTest|Any CPU.Build.0 = OriginacionMovilTest|Any CPU
		{549FAED2-8D20-4116-BAED-AAD8FB2E3D7C}.PortalPPTest|Any CPU.ActiveCfg = PortalPPTest|Any CPU
		{549FAED2-8D20-4116-BAED-AAD8FB2E3D7C}.PortalPPTest|Any CPU.Build.0 = PortalPPTest|Any CPU
		{549FAED2-8D20-4116-BAED-AAD8FB2E3D7C}.PublipaymentsCapacitacion|Any CPU.ActiveCfg = PublipaymentsCapacitacion|Any CPU
		{549FAED2-8D20-4116-BAED-AAD8FB2E3D7C}.PublipaymentsCapacitacion|Any CPU.Build.0 = PublipaymentsCapacitacion|Any CPU
		{549FAED2-8D20-4116-BAED-AAD8FB2E3D7C}.PubliPaymentsTest|Any CPU.ActiveCfg = PubliPaymentsTest|Any CPU
		{549FAED2-8D20-4116-BAED-AAD8FB2E3D7C}.PubliPaymentsTest|Any CPU.Build.0 = PubliPaymentsTest|Any CPU
		{549FAED2-8D20-4116-BAED-AAD8FB2E3D7C}.Release|Any CPU.ActiveCfg = Release|Any CPU
		{549FAED2-8D20-4116-BAED-AAD8FB2E3D7C}.Release|Any CPU.Build.0 = Release|Any CPU
	EndGlobalSection
	GlobalSection(SolutionProperties) = preSolution
		HideSolutionNode = FALSE
	EndGlobalSection
EndGlobal
