
Microsoft Visual Studio Solution File, Format Version 12.00
# Visual Studio 2012
Project("{FAE04EC0-301F-11D3-BF4B-00C04F79EFBC}") = "KioskoSilverLight", "KioskoSilverLight\KioskoSilverLight.csproj", "{C40A51DB-BF9B-4879-A8F1-CB922258E215}"
EndProject
Project("{FAE04EC0-301F-11D3-BF4B-00C04F79EFBC}") = "KioskoSilverLight.Web", "KioskoSilverLight.Web\KioskoSilverLight.Web.csproj", "{49BDD0C4-20DA-4039-94CB-9A8B86B54D47}"
EndProject
Global
	GlobalSection(SolutionConfigurationPlatforms) = preSolution
		Debug|Any CPU = Debug|Any CPU
		Release|Any CPU = Release|Any CPU
	EndGlobalSection
	GlobalSection(ProjectConfigurationPlatforms) = postSolution
		{C40A51DB-BF9B-4879-A8F1-CB922258E215}.Debug|Any CPU.ActiveCfg = Debug|Any CPU
		{C40A51DB-BF9B-4879-A8F1-CB922258E215}.Debug|Any CPU.Build.0 = Debug|Any CPU
		{C40A51DB-BF9B-4879-A8F1-CB922258E215}.Release|Any CPU.ActiveCfg = Release|Any CPU
		{C40A51DB-BF9B-4879-A8F1-CB922258E215}.Release|Any CPU.Build.0 = Release|Any CPU
		{49BDD0C4-20DA-4039-94CB-9A8B86B54D47}.Debug|Any CPU.ActiveCfg = Debug|Any CPU
		{49BDD0C4-20DA-4039-94CB-9A8B86B54D47}.Debug|Any CPU.Build.0 = Debug|Any CPU
		{49BDD0C4-20DA-4039-94CB-9A8B86B54D47}.Release|Any CPU.ActiveCfg = Release|Any CPU
		{49BDD0C4-20DA-4039-94CB-9A8B86B54D47}.Release|Any CPU.Build.0 = Release|Any CPU
	EndGlobalSection
	GlobalSection(SolutionProperties) = preSolution
		HideSolutionNode = FALSE
	EndGlobalSection
EndGlobal
