
Microsoft Visual Studio Solution File, Format Version 12.00
# Visual Studio 2013
VisualStudioVersion = 12.0.31101.0
MinimumVisualStudioVersion = 10.0.40219.1
Project("{FAE04EC0-301F-11D3-BF4B-00C04F79EFBC}") = "Universidad.Entidades", "..\..\Universidad.Entidades\Universidad.Entidades.csproj", "{4EB2B90D-587B-4153-A01E-02A9DF3971D3}"
EndProject
Project("{FAE04EC0-301F-11D3-BF4B-00C04F79EFBC}") = "Universidad.RespaldoCatalogosDb", "..\..\Universidad.RespaldoCatalogosDb\Universidad.RespaldoCatalogosDb.csproj", "{9103F9B8-F6CD-4D8C-BF6C-ACDDF73B6BF3}"
EndProject
Global
	GlobalSection(SolutionConfigurationPlatforms) = preSolution
		Debug|Any CPU = Debug|Any CPU
		Release|Any CPU = Release|Any CPU
	EndGlobalSection
	GlobalSection(ProjectConfigurationPlatforms) = postSolution
		{4EB2B90D-587B-4153-A01E-02A9DF3971D3}.Debug|Any CPU.ActiveCfg = Debug|Any CPU
		{4EB2B90D-587B-4153-A01E-02A9DF3971D3}.Debug|Any CPU.Build.0 = Debug|Any CPU
		{4EB2B90D-587B-4153-A01E-02A9DF3971D3}.Release|Any CPU.ActiveCfg = Release|Any CPU
		{4EB2B90D-587B-4153-A01E-02A9DF3971D3}.Release|Any CPU.Build.0 = Release|Any CPU
		{9103F9B8-F6CD-4D8C-BF6C-ACDDF73B6BF3}.Debug|Any CPU.ActiveCfg = Debug|Any CPU
		{9103F9B8-F6CD-4D8C-BF6C-ACDDF73B6BF3}.Debug|Any CPU.Build.0 = Debug|Any CPU
		{9103F9B8-F6CD-4D8C-BF6C-ACDDF73B6BF3}.Release|Any CPU.ActiveCfg = Release|Any CPU
		{9103F9B8-F6CD-4D8C-BF6C-ACDDF73B6BF3}.Release|Any CPU.Build.0 = Release|Any CPU
	EndGlobalSection
	GlobalSection(SolutionProperties) = preSolution
		HideSolutionNode = FALSE
	EndGlobalSection
EndGlobal
