
Microsoft Visual Studio Solution File, Format Version 12.00
# Visual Studio 2013
VisualStudioVersion = 12.0.31101.0
MinimumVisualStudioVersion = 10.0.40219.1
Project("{FAE04EC0-301F-11D3-BF4B-00C04F79EFBC}") = "EjemploAplicacionAsync", "EjmploAplicacionAsync\EjemploAplicacionAsync.csproj", "{D3139729-FC79-49FA-9993-F5061CFB14B7}"
EndProject
Project("{FAE04EC0-301F-11D3-BF4B-00C04F79EFBC}") = "EjemploBackGroundWorker", "EjemploBackGroundWorker\EjemploBackGroundWorker.csproj", "{FC5B5F81-3135-4D44-882D-56E046E9E2E4}"
EndProject
Project("{FAE04EC0-301F-11D3-BF4B-00C04F79EFBC}") = "AppAsyncTask", "AppAsyncTask\AppAsyncTask.csproj", "{C9BF895A-B151-4315-BAFE-BDF8500E2F6E}"
EndProject
Project("{FAE04EC0-301F-11D3-BF4B-00C04F79EFBC}") = "Delegados", "Delegados\Delegados.csproj", "{36208448-3EBC-435C-94B7-B11C2CA78671}"
EndProject
Project("{FAE04EC0-301F-11D3-BF4B-00C04F79EFBC}") = "AsyncTaskConsola", "AsyncTaskConsola\AsyncTaskConsola.csproj", "{6A51DF40-7165-410A-98B3-88DB7FE97C67}"
EndProject
Project("{FAE04EC0-301F-11D3-BF4B-00C04F79EFBC}") = "ParallelTask", "ParallelTask\ParallelTask.csproj", "{A0F26395-4E31-4748-BB5E-D06FFDCCEC10}"
EndProject
Global
	GlobalSection(SolutionConfigurationPlatforms) = preSolution
		Debug|Any CPU = Debug|Any CPU
		Release|Any CPU = Release|Any CPU
	EndGlobalSection
	GlobalSection(ProjectConfigurationPlatforms) = postSolution
		{D3139729-FC79-49FA-9993-F5061CFB14B7}.Debug|Any CPU.ActiveCfg = Debug|Any CPU
		{D3139729-FC79-49FA-9993-F5061CFB14B7}.Debug|Any CPU.Build.0 = Debug|Any CPU
		{D3139729-FC79-49FA-9993-F5061CFB14B7}.Release|Any CPU.ActiveCfg = Release|Any CPU
		{D3139729-FC79-49FA-9993-F5061CFB14B7}.Release|Any CPU.Build.0 = Release|Any CPU
		{FC5B5F81-3135-4D44-882D-56E046E9E2E4}.Debug|Any CPU.ActiveCfg = Debug|Any CPU
		{FC5B5F81-3135-4D44-882D-56E046E9E2E4}.Debug|Any CPU.Build.0 = Debug|Any CPU
		{FC5B5F81-3135-4D44-882D-56E046E9E2E4}.Release|Any CPU.ActiveCfg = Release|Any CPU
		{FC5B5F81-3135-4D44-882D-56E046E9E2E4}.Release|Any CPU.Build.0 = Release|Any CPU
		{C9BF895A-B151-4315-BAFE-BDF8500E2F6E}.Debug|Any CPU.ActiveCfg = Debug|Any CPU
		{C9BF895A-B151-4315-BAFE-BDF8500E2F6E}.Debug|Any CPU.Build.0 = Debug|Any CPU
		{C9BF895A-B151-4315-BAFE-BDF8500E2F6E}.Release|Any CPU.ActiveCfg = Release|Any CPU
		{C9BF895A-B151-4315-BAFE-BDF8500E2F6E}.Release|Any CPU.Build.0 = Release|Any CPU
		{36208448-3EBC-435C-94B7-B11C2CA78671}.Debug|Any CPU.ActiveCfg = Debug|Any CPU
		{36208448-3EBC-435C-94B7-B11C2CA78671}.Debug|Any CPU.Build.0 = Debug|Any CPU
		{36208448-3EBC-435C-94B7-B11C2CA78671}.Release|Any CPU.ActiveCfg = Release|Any CPU
		{36208448-3EBC-435C-94B7-B11C2CA78671}.Release|Any CPU.Build.0 = Release|Any CPU
		{6A51DF40-7165-410A-98B3-88DB7FE97C67}.Debug|Any CPU.ActiveCfg = Debug|Any CPU
		{6A51DF40-7165-410A-98B3-88DB7FE97C67}.Debug|Any CPU.Build.0 = Debug|Any CPU
		{6A51DF40-7165-410A-98B3-88DB7FE97C67}.Release|Any CPU.ActiveCfg = Release|Any CPU
		{6A51DF40-7165-410A-98B3-88DB7FE97C67}.Release|Any CPU.Build.0 = Release|Any CPU
		{A0F26395-4E31-4748-BB5E-D06FFDCCEC10}.Debug|Any CPU.ActiveCfg = Debug|Any CPU
		{A0F26395-4E31-4748-BB5E-D06FFDCCEC10}.Debug|Any CPU.Build.0 = Debug|Any CPU
		{A0F26395-4E31-4748-BB5E-D06FFDCCEC10}.Release|Any CPU.ActiveCfg = Release|Any CPU
		{A0F26395-4E31-4748-BB5E-D06FFDCCEC10}.Release|Any CPU.Build.0 = Release|Any CPU
	EndGlobalSection
	GlobalSection(SolutionProperties) = preSolution
		HideSolutionNode = FALSE
	EndGlobalSection
EndGlobal
