
Microsoft Visual Studio Solution File, Format Version 12.00
# Visual Studio 2013
VisualStudioVersion = 12.0.31101.0
MinimumVisualStudioVersion = 10.0.40219.1
Project("{FAE04EC0-301F-11D3-BF4B-00C04F79EFBC}") = "Universidad.AccesoDatos", "Universidad.AccesoDatos\Universidad.AccesoDatos.csproj", "{D7F9C376-F419-4F3C-8BDD-386CF84A77B9}"
EndProject
Project("{FAE04EC0-301F-11D3-BF4B-00C04F79EFBC}") = "Universidad.LogicaNegocios", "Universidad.LogicaNegocios\Universidad.LogicaNegocios.csproj", "{AD4D5617-2A8B-4283-8055-C6373005FA18}"
EndProject
Project("{FAE04EC0-301F-11D3-BF4B-00C04F79EFBC}") = "Universidad.Entidades", "Universidad.Entidades\Universidad.Entidades.csproj", "{4EB2B90D-587B-4153-A01E-02A9DF3971D3}"
EndProject
Project("{FAE04EC0-301F-11D3-BF4B-00C04F79EFBC}") = "Universidad.ServidorExterno", "Universidad.ServidorExterno\Universidad.ServidorExterno.csproj", "{4B543E0C-E08F-4CD7-A73A-DF608735AE6D}"
EndProject
Project("{FAE04EC0-301F-11D3-BF4B-00C04F79EFBC}") = "Universidad.ServidorInterno", "Universidad.ServidorInterno\Universidad.ServidorInterno.csproj", "{903283EA-CD67-4D55-9FF1-9FD748798808}"
EndProject
Project("{FAE04EC0-301F-11D3-BF4B-00C04F79EFBC}") = "Universidad.WebMobil", "Universidad.WebMobil\Universidad.WebMobil.csproj", "{9C82A28D-5A32-46B4-BEBE-7840D83FB46A}"
EndProject
Project("{FAE04EC0-301F-11D3-BF4B-00C04F79EFBC}") = "Universidad.AplicacionUsuarios", "Universidad.AplicacionUsuarios\Universidad.AplicacionUsuarios.csproj", "{B1CC2BA2-ADA0-4B27-BEE1-308D8DB7AECA}"
EndProject
Project("{FAE04EC0-301F-11D3-BF4B-00C04F79EFBC}") = "Universidad.AplicacionAdministrativa", "Universidad.AplicacionAdministrativa\Universidad.AplicacionAdministrativa.csproj", "{DE44CF75-0176-4905-8DE1-D6D539BDD7DF}"
EndProject
Project("{FAE04EC0-301F-11D3-BF4B-00C04F79EFBC}") = "Universidad.Controlador", "Universidad.Controlador\Universidad.Controlador.csproj", "{3851D37D-F450-4D2C-87FC-2902A1C8244F}"
EndProject
Project("{FAE04EC0-301F-11D3-BF4B-00C04F79EFBC}") = "Universidad.ServidorReportes", "Universidad.ServidorReportes\Universidad.ServidorReportes.csproj", "{E2CE03CC-81FB-4053-9C93-3362F5D43A41}"
EndProject
Project("{FAE04EC0-301F-11D3-BF4B-00C04F79EFBC}") = "Universidad.Helpers", "Universidad.Helpers\Universidad.Helpers.csproj", "{CD6FED74-0E93-40E7-B76A-468DC2423B4B}"
EndProject
Project("{159641D6-6404-4A2A-AE62-294DE0FE8301}") = "Universidad.ETL", "Universidad.ETL\Universidad.ETL.dtproj", "{20B92E7F-3618-49AA-99EE-78209F356FCA}"
EndProject
Project("{FAE04EC0-301F-11D3-BF4B-00C04F79EFBC}") = "Universidad.WebAdministrativaPrueba", "Universidad.WebAdministrativaPrueba\Universidad.WebAdministrativaPrueba.csproj", "{978EDBA2-8E19-4F73-8698-D3EB3731C7E1}"
EndProject
Project("{FAE04EC0-301F-11D3-BF4B-00C04F79EFBC}") = "Univesidad.WebAdministrativa", "Univesidad.WebAdministrativa\Univesidad.WebAdministrativa.csproj", "{4359D307-DFBE-4C5D-B7C7-89386C794B57}"
EndProject
Global
	GlobalSection(SolutionConfigurationPlatforms) = preSolution
		Debug|Any CPU = Debug|Any CPU
		Development|Any CPU = Development|Any CPU
		Release|Any CPU = Release|Any CPU
	EndGlobalSection
	GlobalSection(ProjectConfigurationPlatforms) = postSolution
		{D7F9C376-F419-4F3C-8BDD-386CF84A77B9}.Debug|Any CPU.ActiveCfg = Debug|Any CPU
		{D7F9C376-F419-4F3C-8BDD-386CF84A77B9}.Debug|Any CPU.Build.0 = Debug|Any CPU
		{D7F9C376-F419-4F3C-8BDD-386CF84A77B9}.Development|Any CPU.ActiveCfg = Debug|Any CPU
		{D7F9C376-F419-4F3C-8BDD-386CF84A77B9}.Development|Any CPU.Build.0 = Debug|Any CPU
		{D7F9C376-F419-4F3C-8BDD-386CF84A77B9}.Release|Any CPU.ActiveCfg = Release|Any CPU
		{D7F9C376-F419-4F3C-8BDD-386CF84A77B9}.Release|Any CPU.Build.0 = Release|Any CPU
		{AD4D5617-2A8B-4283-8055-C6373005FA18}.Debug|Any CPU.ActiveCfg = Debug|Any CPU
		{AD4D5617-2A8B-4283-8055-C6373005FA18}.Debug|Any CPU.Build.0 = Debug|Any CPU
		{AD4D5617-2A8B-4283-8055-C6373005FA18}.Development|Any CPU.ActiveCfg = Debug|Any CPU
		{AD4D5617-2A8B-4283-8055-C6373005FA18}.Development|Any CPU.Build.0 = Debug|Any CPU
		{AD4D5617-2A8B-4283-8055-C6373005FA18}.Release|Any CPU.ActiveCfg = Release|Any CPU
		{AD4D5617-2A8B-4283-8055-C6373005FA18}.Release|Any CPU.Build.0 = Release|Any CPU
		{4EB2B90D-587B-4153-A01E-02A9DF3971D3}.Debug|Any CPU.ActiveCfg = Debug|Any CPU
		{4EB2B90D-587B-4153-A01E-02A9DF3971D3}.Debug|Any CPU.Build.0 = Debug|Any CPU
		{4EB2B90D-587B-4153-A01E-02A9DF3971D3}.Development|Any CPU.ActiveCfg = Debug|Any CPU
		{4EB2B90D-587B-4153-A01E-02A9DF3971D3}.Development|Any CPU.Build.0 = Debug|Any CPU
		{4EB2B90D-587B-4153-A01E-02A9DF3971D3}.Release|Any CPU.ActiveCfg = Release|Any CPU
		{4EB2B90D-587B-4153-A01E-02A9DF3971D3}.Release|Any CPU.Build.0 = Release|Any CPU
		{4B543E0C-E08F-4CD7-A73A-DF608735AE6D}.Debug|Any CPU.ActiveCfg = Debug|Any CPU
		{4B543E0C-E08F-4CD7-A73A-DF608735AE6D}.Debug|Any CPU.Build.0 = Debug|Any CPU
		{4B543E0C-E08F-4CD7-A73A-DF608735AE6D}.Development|Any CPU.ActiveCfg = Debug|Any CPU
		{4B543E0C-E08F-4CD7-A73A-DF608735AE6D}.Development|Any CPU.Build.0 = Debug|Any CPU
		{4B543E0C-E08F-4CD7-A73A-DF608735AE6D}.Release|Any CPU.ActiveCfg = Release|Any CPU
		{4B543E0C-E08F-4CD7-A73A-DF608735AE6D}.Release|Any CPU.Build.0 = Release|Any CPU
		{903283EA-CD67-4D55-9FF1-9FD748798808}.Debug|Any CPU.ActiveCfg = Debug|Any CPU
		{903283EA-CD67-4D55-9FF1-9FD748798808}.Debug|Any CPU.Build.0 = Debug|Any CPU
		{903283EA-CD67-4D55-9FF1-9FD748798808}.Development|Any CPU.ActiveCfg = Debug|Any CPU
		{903283EA-CD67-4D55-9FF1-9FD748798808}.Development|Any CPU.Build.0 = Debug|Any CPU
		{903283EA-CD67-4D55-9FF1-9FD748798808}.Release|Any CPU.ActiveCfg = Release|Any CPU
		{903283EA-CD67-4D55-9FF1-9FD748798808}.Release|Any CPU.Build.0 = Release|Any CPU
		{9C82A28D-5A32-46B4-BEBE-7840D83FB46A}.Debug|Any CPU.ActiveCfg = Debug|Any CPU
		{9C82A28D-5A32-46B4-BEBE-7840D83FB46A}.Debug|Any CPU.Build.0 = Debug|Any CPU
		{9C82A28D-5A32-46B4-BEBE-7840D83FB46A}.Development|Any CPU.ActiveCfg = Debug|Any CPU
		{9C82A28D-5A32-46B4-BEBE-7840D83FB46A}.Development|Any CPU.Build.0 = Debug|Any CPU
		{9C82A28D-5A32-46B4-BEBE-7840D83FB46A}.Release|Any CPU.ActiveCfg = Release|Any CPU
		{9C82A28D-5A32-46B4-BEBE-7840D83FB46A}.Release|Any CPU.Build.0 = Release|Any CPU
		{B1CC2BA2-ADA0-4B27-BEE1-308D8DB7AECA}.Debug|Any CPU.ActiveCfg = Debug|Any CPU
		{B1CC2BA2-ADA0-4B27-BEE1-308D8DB7AECA}.Debug|Any CPU.Build.0 = Debug|Any CPU
		{B1CC2BA2-ADA0-4B27-BEE1-308D8DB7AECA}.Development|Any CPU.ActiveCfg = Debug|Any CPU
		{B1CC2BA2-ADA0-4B27-BEE1-308D8DB7AECA}.Development|Any CPU.Build.0 = Debug|Any CPU
		{B1CC2BA2-ADA0-4B27-BEE1-308D8DB7AECA}.Release|Any CPU.ActiveCfg = Release|Any CPU
		{B1CC2BA2-ADA0-4B27-BEE1-308D8DB7AECA}.Release|Any CPU.Build.0 = Release|Any CPU
		{DE44CF75-0176-4905-8DE1-D6D539BDD7DF}.Debug|Any CPU.ActiveCfg = Debug|Any CPU
		{DE44CF75-0176-4905-8DE1-D6D539BDD7DF}.Debug|Any CPU.Build.0 = Debug|Any CPU
		{DE44CF75-0176-4905-8DE1-D6D539BDD7DF}.Development|Any CPU.ActiveCfg = Debug|Any CPU
		{DE44CF75-0176-4905-8DE1-D6D539BDD7DF}.Development|Any CPU.Build.0 = Debug|Any CPU
		{DE44CF75-0176-4905-8DE1-D6D539BDD7DF}.Release|Any CPU.ActiveCfg = Release|Any CPU
		{DE44CF75-0176-4905-8DE1-D6D539BDD7DF}.Release|Any CPU.Build.0 = Release|Any CPU
		{3851D37D-F450-4D2C-87FC-2902A1C8244F}.Debug|Any CPU.ActiveCfg = Debug|Any CPU
		{3851D37D-F450-4D2C-87FC-2902A1C8244F}.Debug|Any CPU.Build.0 = Debug|Any CPU
		{3851D37D-F450-4D2C-87FC-2902A1C8244F}.Development|Any CPU.ActiveCfg = Debug|Any CPU
		{3851D37D-F450-4D2C-87FC-2902A1C8244F}.Development|Any CPU.Build.0 = Debug|Any CPU
		{3851D37D-F450-4D2C-87FC-2902A1C8244F}.Release|Any CPU.ActiveCfg = Release|Any CPU
		{3851D37D-F450-4D2C-87FC-2902A1C8244F}.Release|Any CPU.Build.0 = Release|Any CPU
		{E2CE03CC-81FB-4053-9C93-3362F5D43A41}.Debug|Any CPU.ActiveCfg = Debug|Any CPU
		{E2CE03CC-81FB-4053-9C93-3362F5D43A41}.Debug|Any CPU.Build.0 = Debug|Any CPU
		{E2CE03CC-81FB-4053-9C93-3362F5D43A41}.Development|Any CPU.ActiveCfg = Debug|Any CPU
		{E2CE03CC-81FB-4053-9C93-3362F5D43A41}.Development|Any CPU.Build.0 = Debug|Any CPU
		{E2CE03CC-81FB-4053-9C93-3362F5D43A41}.Release|Any CPU.ActiveCfg = Release|Any CPU
		{E2CE03CC-81FB-4053-9C93-3362F5D43A41}.Release|Any CPU.Build.0 = Release|Any CPU
		{CD6FED74-0E93-40E7-B76A-468DC2423B4B}.Debug|Any CPU.ActiveCfg = Debug|Any CPU
		{CD6FED74-0E93-40E7-B76A-468DC2423B4B}.Debug|Any CPU.Build.0 = Debug|Any CPU
		{CD6FED74-0E93-40E7-B76A-468DC2423B4B}.Development|Any CPU.ActiveCfg = Debug|Any CPU
		{CD6FED74-0E93-40E7-B76A-468DC2423B4B}.Development|Any CPU.Build.0 = Debug|Any CPU
		{CD6FED74-0E93-40E7-B76A-468DC2423B4B}.Release|Any CPU.ActiveCfg = Release|Any CPU
		{CD6FED74-0E93-40E7-B76A-468DC2423B4B}.Release|Any CPU.Build.0 = Release|Any CPU
		{20B92E7F-3618-49AA-99EE-78209F356FCA}.Debug|Any CPU.ActiveCfg = Development
		{20B92E7F-3618-49AA-99EE-78209F356FCA}.Debug|Any CPU.Build.0 = Development
		{20B92E7F-3618-49AA-99EE-78209F356FCA}.Development|Any CPU.ActiveCfg = Development
		{20B92E7F-3618-49AA-99EE-78209F356FCA}.Development|Any CPU.Build.0 = Development
		{20B92E7F-3618-49AA-99EE-78209F356FCA}.Release|Any CPU.ActiveCfg = Development
		{20B92E7F-3618-49AA-99EE-78209F356FCA}.Release|Any CPU.Build.0 = Development
		{978EDBA2-8E19-4F73-8698-D3EB3731C7E1}.Debug|Any CPU.ActiveCfg = Debug|Any CPU
		{978EDBA2-8E19-4F73-8698-D3EB3731C7E1}.Debug|Any CPU.Build.0 = Debug|Any CPU
		{978EDBA2-8E19-4F73-8698-D3EB3731C7E1}.Development|Any CPU.ActiveCfg = Debug|Any CPU
		{978EDBA2-8E19-4F73-8698-D3EB3731C7E1}.Development|Any CPU.Build.0 = Debug|Any CPU
		{978EDBA2-8E19-4F73-8698-D3EB3731C7E1}.Release|Any CPU.ActiveCfg = Release|Any CPU
		{978EDBA2-8E19-4F73-8698-D3EB3731C7E1}.Release|Any CPU.Build.0 = Release|Any CPU
		{4359D307-DFBE-4C5D-B7C7-89386C794B57}.Debug|Any CPU.ActiveCfg = Debug|Any CPU
		{4359D307-DFBE-4C5D-B7C7-89386C794B57}.Debug|Any CPU.Build.0 = Debug|Any CPU
		{4359D307-DFBE-4C5D-B7C7-89386C794B57}.Development|Any CPU.ActiveCfg = Debug|Any CPU
		{4359D307-DFBE-4C5D-B7C7-89386C794B57}.Development|Any CPU.Build.0 = Debug|Any CPU
		{4359D307-DFBE-4C5D-B7C7-89386C794B57}.Release|Any CPU.ActiveCfg = Release|Any CPU
		{4359D307-DFBE-4C5D-B7C7-89386C794B57}.Release|Any CPU.Build.0 = Release|Any CPU
	EndGlobalSection
	GlobalSection(SolutionProperties) = preSolution
		HideSolutionNode = FALSE
	EndGlobalSection
EndGlobal
