
Microsoft Visual Studio Solution File, Format Version 12.00
# Visual Studio 2012
Project("{FAE04EC0-301F-11D3-BF4B-00C04F79EFBC}") = "eClock5SilverLight", "eClock5SilverLight\eClock5SilverLight.csproj", "{6410440A-F62C-4B27-9A2F-CE684DF59457}"
EndProject
Project("{FAE04EC0-301F-11D3-BF4B-00C04F79EFBC}") = "eClock5SilverLight.Web", "eClock5SilverLight.Web\eClock5SilverLight.Web.csproj", "{787B2F09-47E8-4B0B-8737-E63FD09D3A26}"
EndProject
Global
	GlobalSection(SolutionConfigurationPlatforms) = preSolution
		Debug|Any CPU = Debug|Any CPU
		Release|Any CPU = Release|Any CPU
	EndGlobalSection
	GlobalSection(ProjectConfigurationPlatforms) = postSolution
		{6410440A-F62C-4B27-9A2F-CE684DF59457}.Debug|Any CPU.ActiveCfg = Debug|Any CPU
		{6410440A-F62C-4B27-9A2F-CE684DF59457}.Debug|Any CPU.Build.0 = Debug|Any CPU
		{6410440A-F62C-4B27-9A2F-CE684DF59457}.Release|Any CPU.ActiveCfg = Release|Any CPU
		{6410440A-F62C-4B27-9A2F-CE684DF59457}.Release|Any CPU.Build.0 = Release|Any CPU
		{787B2F09-47E8-4B0B-8737-E63FD09D3A26}.Debug|Any CPU.ActiveCfg = Debug|Any CPU
		{787B2F09-47E8-4B0B-8737-E63FD09D3A26}.Debug|Any CPU.Build.0 = Debug|Any CPU
		{787B2F09-47E8-4B0B-8737-E63FD09D3A26}.Release|Any CPU.ActiveCfg = Release|Any CPU
		{787B2F09-47E8-4B0B-8737-E63FD09D3A26}.Release|Any CPU.Build.0 = Release|Any CPU
	EndGlobalSection
	GlobalSection(SolutionProperties) = preSolution
		HideSolutionNode = FALSE
	EndGlobalSection
EndGlobal
