
Microsoft Visual Studio Solution File, Format Version 12.00
# Visual Studio 2012
Project("{FAE04EC0-301F-11D3-BF4B-00C04F79EFBC}") = "Conexion sql", "Conexion sql\Conexion sql.csproj", "{5408539C-8F42-40C1-9E19-5993D4E2DE34}"
EndProject
Global
	GlobalSection(SolutionConfigurationPlatforms) = preSolution
		Debug|Any CPU = Debug|Any CPU
		Release|Any CPU = Release|Any CPU
	EndGlobalSection
	GlobalSection(ProjectConfigurationPlatforms) = postSolution
		{5408539C-8F42-40C1-9E19-5993D4E2DE34}.Debug|Any CPU.ActiveCfg = Debug|Any CPU
		{5408539C-8F42-40C1-9E19-5993D4E2DE34}.Debug|Any CPU.Build.0 = Debug|Any CPU
		{5408539C-8F42-40C1-9E19-5993D4E2DE34}.Release|Any CPU.ActiveCfg = Release|Any CPU
		{5408539C-8F42-40C1-9E19-5993D4E2DE34}.Release|Any CPU.Build.0 = Release|Any CPU
	EndGlobalSection
	GlobalSection(SolutionProperties) = preSolution
		HideSolutionNode = FALSE
	EndGlobalSection
EndGlobal
