
Microsoft Visual Studio Solution File, Format Version 11.00
# Visual Studio 2010
Project("{FAE04EC0-301F-11D3-BF4B-00C04F79EFBC}") = "Restaurant", "Restaurant\Restaurant.csproj", "{5774D232-746A-4942-9895-33DE144E16E3}"
EndProject
Global
	GlobalSection(SolutionConfigurationPlatforms) = preSolution
		Debug|Any CPU = Debug|Any CPU
		Release|Any CPU = Release|Any CPU
	EndGlobalSection
	GlobalSection(ProjectConfigurationPlatforms) = postSolution
		{5774D232-746A-4942-9895-33DE144E16E3}.Debug|Any CPU.ActiveCfg = Debug|Any CPU
		{5774D232-746A-4942-9895-33DE144E16E3}.Debug|Any CPU.Build.0 = Debug|Any CPU
		{5774D232-746A-4942-9895-33DE144E16E3}.Release|Any CPU.ActiveCfg = Release|Any CPU
		{5774D232-746A-4942-9895-33DE144E16E3}.Release|Any CPU.Build.0 = Release|Any CPU
	EndGlobalSection
	GlobalSection(SolutionProperties) = preSolution
		HideSolutionNode = FALSE
	EndGlobalSection
EndGlobal
