
Microsoft Visual Studio Solution File, Format Version 12.00
# Visual Studio 2012
Project("{FAE04EC0-301F-11D3-BF4B-00C04F79EFBC}") = "Demo1", "Demo1\Demo1\Demo1.csproj", "{CC48CDE3-8F67-48F4-9325-BF3D08DEAF30}"
EndProject
Project("{2150E333-8FDC-42A3-9474-1A3956D46DE8}") = "Demo 1", "Demo 1", "{2402B268-F29D-4DC7-AB71-56DAAB69EA6B}"
EndProject
Project("{2150E333-8FDC-42A3-9474-1A3956D46DE8}") = "Demo 2", "Demo 2", "{3FCDCA10-D501-42E5-924E-513D12505378}"
EndProject
Project("{2150E333-8FDC-42A3-9474-1A3956D46DE8}") = "Cliente", "Cliente", "{BD127E20-6104-43F4-8353-D9ABCB87C22D}"
EndProject
Project("{2150E333-8FDC-42A3-9474-1A3956D46DE8}") = "Servidor", "Servidor", "{51CDE139-4193-4803-8E7F-3E20BC3DB18A}"
EndProject
Project("{FAE04EC0-301F-11D3-BF4B-00C04F79EFBC}") = "DemoMVVM2.Modelo", "DemoMVVM2.Modelo\DemoMVVM2.Modelo.csproj", "{B435D060-963F-476C-89AD-88E9B8EBB681}"
EndProject
Global
	GlobalSection(SolutionConfigurationPlatforms) = preSolution
		Debug|Any CPU = Debug|Any CPU
		Release|Any CPU = Release|Any CPU
	EndGlobalSection
	GlobalSection(ProjectConfigurationPlatforms) = postSolution
		{CC48CDE3-8F67-48F4-9325-BF3D08DEAF30}.Debug|Any CPU.ActiveCfg = Debug|Any CPU
		{CC48CDE3-8F67-48F4-9325-BF3D08DEAF30}.Debug|Any CPU.Build.0 = Debug|Any CPU
		{CC48CDE3-8F67-48F4-9325-BF3D08DEAF30}.Release|Any CPU.ActiveCfg = Release|Any CPU
		{CC48CDE3-8F67-48F4-9325-BF3D08DEAF30}.Release|Any CPU.Build.0 = Release|Any CPU
		{B435D060-963F-476C-89AD-88E9B8EBB681}.Debug|Any CPU.ActiveCfg = Debug|Any CPU
		{B435D060-963F-476C-89AD-88E9B8EBB681}.Debug|Any CPU.Build.0 = Debug|Any CPU
		{B435D060-963F-476C-89AD-88E9B8EBB681}.Release|Any CPU.ActiveCfg = Release|Any CPU
		{B435D060-963F-476C-89AD-88E9B8EBB681}.Release|Any CPU.Build.0 = Release|Any CPU
	EndGlobalSection
	GlobalSection(SolutionProperties) = preSolution
		HideSolutionNode = FALSE
	EndGlobalSection
	GlobalSection(NestedProjects) = preSolution
		{CC48CDE3-8F67-48F4-9325-BF3D08DEAF30} = {2402B268-F29D-4DC7-AB71-56DAAB69EA6B}
		{BD127E20-6104-43F4-8353-D9ABCB87C22D} = {3FCDCA10-D501-42E5-924E-513D12505378}
		{51CDE139-4193-4803-8E7F-3E20BC3DB18A} = {3FCDCA10-D501-42E5-924E-513D12505378}
		{B435D060-963F-476C-89AD-88E9B8EBB681} = {51CDE139-4193-4803-8E7F-3E20BC3DB18A}
	EndGlobalSection
EndGlobal
