
Microsoft Visual Studio Solution File, Format Version 12.00
# Visual Studio 2013
VisualStudioVersion = 12.0.40629.0
MinimumVisualStudioVersion = 10.0.40219.1
Project("{FAE04EC0-301F-11D3-BF4B-00C04F79EFBC}") = "ExamenEdenred.Entities", "..\..\ExamenEdenred.Entities\ExamenEdenred.Entities.csproj", "{0E11B522-395E-4FD3-A872-68B9339096DE}"
EndProject
Project("{FAE04EC0-301F-11D3-BF4B-00C04F79EFBC}") = "ExamenEdenred.Controller", "..\..\ExamenEdenred.Controller\ExamenEdenred.Controller.csproj", "{85508CD7-14A0-4398-9DB1-7875213D6395}"
EndProject
Project("{FAE04EC0-301F-11D3-BF4B-00C04F79EFBC}") = "ExamenEdenred.SitioWeb", "..\..\ExamenEdenred.SitioWeb\ExamenEdenred.SitioWeb.csproj", "{E4A58BBC-7946-412E-9FFA-F2DE449D52B7}"
EndProject
Global
	GlobalSection(SolutionConfigurationPlatforms) = preSolution
		Debug|Any CPU = Debug|Any CPU
		Release|Any CPU = Release|Any CPU
	EndGlobalSection
	GlobalSection(ProjectConfigurationPlatforms) = postSolution
		{0E11B522-395E-4FD3-A872-68B9339096DE}.Debug|Any CPU.ActiveCfg = Debug|Any CPU
		{0E11B522-395E-4FD3-A872-68B9339096DE}.Debug|Any CPU.Build.0 = Debug|Any CPU
		{0E11B522-395E-4FD3-A872-68B9339096DE}.Release|Any CPU.ActiveCfg = Release|Any CPU
		{0E11B522-395E-4FD3-A872-68B9339096DE}.Release|Any CPU.Build.0 = Release|Any CPU
		{85508CD7-14A0-4398-9DB1-7875213D6395}.Debug|Any CPU.ActiveCfg = Debug|Any CPU
		{85508CD7-14A0-4398-9DB1-7875213D6395}.Debug|Any CPU.Build.0 = Debug|Any CPU
		{85508CD7-14A0-4398-9DB1-7875213D6395}.Release|Any CPU.ActiveCfg = Release|Any CPU
		{85508CD7-14A0-4398-9DB1-7875213D6395}.Release|Any CPU.Build.0 = Release|Any CPU
		{E4A58BBC-7946-412E-9FFA-F2DE449D52B7}.Debug|Any CPU.ActiveCfg = Debug|Any CPU
		{E4A58BBC-7946-412E-9FFA-F2DE449D52B7}.Debug|Any CPU.Build.0 = Debug|Any CPU
		{E4A58BBC-7946-412E-9FFA-F2DE449D52B7}.Release|Any CPU.ActiveCfg = Release|Any CPU
		{E4A58BBC-7946-412E-9FFA-F2DE449D52B7}.Release|Any CPU.Build.0 = Release|Any CPU
	EndGlobalSection
	GlobalSection(SolutionProperties) = preSolution
		HideSolutionNode = FALSE
	EndGlobalSection
EndGlobal
