
Microsoft Visual Studio Solution File, Format Version 12.00
# Visual Studio 2013
VisualStudioVersion = 12.0.40629.0
MinimumVisualStudioVersion = 10.0.40219.1
Project("{FAE04EC0-301F-11D3-BF4B-00C04F79EFBC}") = "Daemon", "Daemon\Daemon.csproj", "{21BD6ABA-4D34-424E-8D46-762B2D418351}"
EndProject
Project("{FAE04EC0-301F-11D3-BF4B-00C04F79EFBC}") = "PubliPayments.Utiles", "..\..\Dlls\PubliPayments.Utiles\PubliPayments.Utiles.csproj", "{549FAED2-8D20-4116-BAED-AAD8FB2E3D7C}"
EndProject
Global
	GlobalSection(SolutionConfigurationPlatforms) = preSolution
		Debug|Any CPU = Debug|Any CPU
		OriginacionMovil|Any CPU = OriginacionMovil|Any CPU
		OriginacionMovilTest|Any CPU = OriginacionMovilTest|Any CPU
		portalPPMTest|Any CPU = portalPPMTest|Any CPU
		PortalPPTest|Any CPU = PortalPPTest|Any CPU
		PPMTest|Any CPU = PPMTest|Any CPU
		PublipaymentsCapacitacion|Any CPU = PublipaymentsCapacitacion|Any CPU
		PubliPaymentsTest|Any CPU = PubliPaymentsTest|Any CPU
		Release|Any CPU = Release|Any CPU
		SIRA|Any CPU = SIRA|Any CPU
		SiraComercial|Any CPU = SiraComercial|Any CPU
	EndGlobalSection
	GlobalSection(ProjectConfigurationPlatforms) = postSolution
		{21BD6ABA-4D34-424E-8D46-762B2D418351}.Debug|Any CPU.ActiveCfg = Debug|Any CPU
		{21BD6ABA-4D34-424E-8D46-762B2D418351}.Debug|Any CPU.Build.0 = Debug|Any CPU
		{21BD6ABA-4D34-424E-8D46-762B2D418351}.OriginacionMovil|Any CPU.ActiveCfg = Release|Any CPU
		{21BD6ABA-4D34-424E-8D46-762B2D418351}.OriginacionMovil|Any CPU.Build.0 = Release|Any CPU
		{21BD6ABA-4D34-424E-8D46-762B2D418351}.OriginacionMovilTest|Any CPU.ActiveCfg = Release|Any CPU
		{21BD6ABA-4D34-424E-8D46-762B2D418351}.OriginacionMovilTest|Any CPU.Build.0 = Release|Any CPU
		{21BD6ABA-4D34-424E-8D46-762B2D418351}.portalPPMTest|Any CPU.ActiveCfg = Release|Any CPU
		{21BD6ABA-4D34-424E-8D46-762B2D418351}.portalPPMTest|Any CPU.Build.0 = Release|Any CPU
		{21BD6ABA-4D34-424E-8D46-762B2D418351}.PortalPPTest|Any CPU.ActiveCfg = Release|Any CPU
		{21BD6ABA-4D34-424E-8D46-762B2D418351}.PortalPPTest|Any CPU.Build.0 = Release|Any CPU
		{21BD6ABA-4D34-424E-8D46-762B2D418351}.PPMTest|Any CPU.ActiveCfg = Release|Any CPU
		{21BD6ABA-4D34-424E-8D46-762B2D418351}.PPMTest|Any CPU.Build.0 = Release|Any CPU
		{21BD6ABA-4D34-424E-8D46-762B2D418351}.PublipaymentsCapacitacion|Any CPU.ActiveCfg = Release|Any CPU
		{21BD6ABA-4D34-424E-8D46-762B2D418351}.PublipaymentsCapacitacion|Any CPU.Build.0 = Release|Any CPU
		{21BD6ABA-4D34-424E-8D46-762B2D418351}.PubliPaymentsTest|Any CPU.ActiveCfg = Release|Any CPU
		{21BD6ABA-4D34-424E-8D46-762B2D418351}.PubliPaymentsTest|Any CPU.Build.0 = Release|Any CPU
		{21BD6ABA-4D34-424E-8D46-762B2D418351}.Release|Any CPU.ActiveCfg = Release|Any CPU
		{21BD6ABA-4D34-424E-8D46-762B2D418351}.Release|Any CPU.Build.0 = Release|Any CPU
		{21BD6ABA-4D34-424E-8D46-762B2D418351}.SIRA|Any CPU.ActiveCfg = Release|Any CPU
		{21BD6ABA-4D34-424E-8D46-762B2D418351}.SIRA|Any CPU.Build.0 = Release|Any CPU
		{21BD6ABA-4D34-424E-8D46-762B2D418351}.SiraComercial|Any CPU.ActiveCfg = Release|Any CPU
		{21BD6ABA-4D34-424E-8D46-762B2D418351}.SiraComercial|Any CPU.Build.0 = Release|Any CPU
		{549FAED2-8D20-4116-BAED-AAD8FB2E3D7C}.Debug|Any CPU.ActiveCfg = Debug|Any CPU
		{549FAED2-8D20-4116-BAED-AAD8FB2E3D7C}.Debug|Any CPU.Build.0 = Debug|Any CPU
		{549FAED2-8D20-4116-BAED-AAD8FB2E3D7C}.OriginacionMovil|Any CPU.ActiveCfg = OriginacionMovil|Any CPU
		{549FAED2-8D20-4116-BAED-AAD8FB2E3D7C}.OriginacionMovil|Any CPU.Build.0 = OriginacionMovil|Any CPU
		{549FAED2-8D20-4116-BAED-AAD8FB2E3D7C}.OriginacionMovilTest|Any CPU.ActiveCfg = OriginacionMovilTest|Any CPU
		{549FAED2-8D20-4116-BAED-AAD8FB2E3D7C}.OriginacionMovilTest|Any CPU.Build.0 = OriginacionMovilTest|Any CPU
		{549FAED2-8D20-4116-BAED-AAD8FB2E3D7C}.portalPPMTest|Any CPU.ActiveCfg = portalPPMTest|Any CPU
		{549FAED2-8D20-4116-BAED-AAD8FB2E3D7C}.portalPPMTest|Any CPU.Build.0 = portalPPMTest|Any CPU
		{549FAED2-8D20-4116-BAED-AAD8FB2E3D7C}.PortalPPTest|Any CPU.ActiveCfg = PortalPPTest|Any CPU
		{549FAED2-8D20-4116-BAED-AAD8FB2E3D7C}.PortalPPTest|Any CPU.Build.0 = PortalPPTest|Any CPU
		{549FAED2-8D20-4116-BAED-AAD8FB2E3D7C}.PPMTest|Any CPU.ActiveCfg = PPMTest|Any CPU
		{549FAED2-8D20-4116-BAED-AAD8FB2E3D7C}.PPMTest|Any CPU.Build.0 = PPMTest|Any CPU
		{549FAED2-8D20-4116-BAED-AAD8FB2E3D7C}.PublipaymentsCapacitacion|Any CPU.ActiveCfg = PublipaymentsCapacitacion|Any CPU
		{549FAED2-8D20-4116-BAED-AAD8FB2E3D7C}.PublipaymentsCapacitacion|Any CPU.Build.0 = PublipaymentsCapacitacion|Any CPU
		{549FAED2-8D20-4116-BAED-AAD8FB2E3D7C}.PubliPaymentsTest|Any CPU.ActiveCfg = PubliPaymentsTest|Any CPU
		{549FAED2-8D20-4116-BAED-AAD8FB2E3D7C}.PubliPaymentsTest|Any CPU.Build.0 = PubliPaymentsTest|Any CPU
		{549FAED2-8D20-4116-BAED-AAD8FB2E3D7C}.Release|Any CPU.ActiveCfg = Release|Any CPU
		{549FAED2-8D20-4116-BAED-AAD8FB2E3D7C}.Release|Any CPU.Build.0 = Release|Any CPU
		{549FAED2-8D20-4116-BAED-AAD8FB2E3D7C}.SIRA|Any CPU.ActiveCfg = SIRA|Any CPU
		{549FAED2-8D20-4116-BAED-AAD8FB2E3D7C}.SIRA|Any CPU.Build.0 = SIRA|Any CPU
		{549FAED2-8D20-4116-BAED-AAD8FB2E3D7C}.SiraComercial|Any CPU.ActiveCfg = SiraComercial|Any CPU
		{549FAED2-8D20-4116-BAED-AAD8FB2E3D7C}.SiraComercial|Any CPU.Build.0 = SiraComercial|Any CPU
	EndGlobalSection
	GlobalSection(SolutionProperties) = preSolution
		HideSolutionNode = FALSE
	EndGlobalSection
EndGlobal
