
Microsoft Visual Studio Solution File, Format Version 12.00
# Visual Studio 2013
VisualStudioVersion = 12.0.21005.1
MinimumVisualStudioVersion = 10.0.40219.1
Project("{FAE04EC0-301F-11D3-BF4B-00C04F79EFBC}") = "wsFormiik", "wsFormiik\wsFormiik.csproj", "{389F6F01-BCDD-4057-A54D-38CA30027CC4}"
EndProject
Project("{FAE04EC0-301F-11D3-BF4B-00C04F79EFBC}") = "PubliPayments.Entidades", "..\Dlls\PubliPayments.Entidades\PubliPayments.Entidades.csproj", "{0631A9F7-6889-42FE-A703-527100E6368C}"
EndProject
Project("{FAE04EC0-301F-11D3-BF4B-00C04F79EFBC}") = "PubliPayments.Utiles", "..\Dlls\PubliPayments.Utiles\PubliPayments.Utiles.csproj", "{549FAED2-8D20-4116-BAED-AAD8FB2E3D7C}"
EndProject
Project("{FAE04EC0-301F-11D3-BF4B-00C04F79EFBC}") = "PubliPayments.Negocios", "..\Dlls\PubliPayments.Negocios\PubliPayments.Negocios.csproj", "{B8D6CC17-BA3F-49BC-967E-F0995B6FFF7B}"
EndProject
Project("{FAE04EC0-301F-11D3-BF4B-00C04F79EFBC}") = "PubliPayments.Negocios.Originacion", "..\Dlls\PubliPayments.Negocios.Originacion\PubliPayments.Negocios.Originacion\PubliPayments.Negocios.Originacion.csproj", "{7550FE9E-394B-43B1-ABF7-227ACD06B87C}"
	ProjectSection(ProjectDependencies) = postProject
		{549FAED2-8D20-4116-BAED-AAD8FB2E3D7C} = {549FAED2-8D20-4116-BAED-AAD8FB2E3D7C}
	EndProjectSection
EndProject
Project("{FAE04EC0-301F-11D3-BF4B-00C04F79EFBC}") = "PubliPayments.Entidades.Originacion", "..\Dlls\PubliPayments.Entidades.Originacion\PubliPayments.Entidades.Originacion\PubliPayments.Entidades.Originacion.csproj", "{3033DEDB-484C-4BE5-9818-A913F4A01027}"
EndProject
Project("{00D1A9C2-B5F0-4AF3-8072-F6C62B433612}") = "Publipayments.SQLServer", "..\BD\Publipayments.SQLServer\Publipayments.SQLServer.sqlproj", "{2AEAF8D0-620F-4D85-8D4E-9EA1981A5A14}"
EndProject
Global
	GlobalSection(SolutionConfigurationPlatforms) = preSolution
		Debug|Any CPU = Debug|Any CPU
		Debug|Mixed Platforms = Debug|Mixed Platforms
		Debug|x86 = Debug|x86
		OriginacionMovil|Any CPU = OriginacionMovil|Any CPU
		OriginacionMovil|Mixed Platforms = OriginacionMovil|Mixed Platforms
		OriginacionMovil|x86 = OriginacionMovil|x86
		OriginacionMovilTest|Any CPU = OriginacionMovilTest|Any CPU
		OriginacionMovilTest|Mixed Platforms = OriginacionMovilTest|Mixed Platforms
		OriginacionMovilTest|x86 = OriginacionMovilTest|x86
		PPMTest|Any CPU = PPMTest|Any CPU
		PPMTest|Mixed Platforms = PPMTest|Mixed Platforms
		PPMTest|x86 = PPMTest|x86
		PublipaymentsCapacitacion|Any CPU = PublipaymentsCapacitacion|Any CPU
		PublipaymentsCapacitacion|Mixed Platforms = PublipaymentsCapacitacion|Mixed Platforms
		PublipaymentsCapacitacion|x86 = PublipaymentsCapacitacion|x86
		Release|Any CPU = Release|Any CPU
		Release|Mixed Platforms = Release|Mixed Platforms
		Release|x86 = Release|x86
		SiraComercial|Any CPU = SiraComercial|Any CPU
		SiraComercial|Mixed Platforms = SiraComercial|Mixed Platforms
		SiraComercial|x86 = SiraComercial|x86
	EndGlobalSection
	GlobalSection(ProjectConfigurationPlatforms) = postSolution
		{389F6F01-BCDD-4057-A54D-38CA30027CC4}.Debug|Any CPU.ActiveCfg = Debug|Any CPU
		{389F6F01-BCDD-4057-A54D-38CA30027CC4}.Debug|Any CPU.Build.0 = Debug|Any CPU
		{389F6F01-BCDD-4057-A54D-38CA30027CC4}.Debug|Mixed Platforms.ActiveCfg = Debug|Any CPU
		{389F6F01-BCDD-4057-A54D-38CA30027CC4}.Debug|Mixed Platforms.Build.0 = Debug|Any CPU
		{389F6F01-BCDD-4057-A54D-38CA30027CC4}.Debug|x86.ActiveCfg = Debug|Any CPU
		{389F6F01-BCDD-4057-A54D-38CA30027CC4}.OriginacionMovil|Any CPU.ActiveCfg = OriginacionMovil|Any CPU
		{389F6F01-BCDD-4057-A54D-38CA30027CC4}.OriginacionMovil|Any CPU.Build.0 = OriginacionMovil|Any CPU
		{389F6F01-BCDD-4057-A54D-38CA30027CC4}.OriginacionMovil|Mixed Platforms.ActiveCfg = OriginacionMovil|Any CPU
		{389F6F01-BCDD-4057-A54D-38CA30027CC4}.OriginacionMovil|Mixed Platforms.Build.0 = OriginacionMovil|Any CPU
		{389F6F01-BCDD-4057-A54D-38CA30027CC4}.OriginacionMovil|x86.ActiveCfg = OriginacionMovil|Any CPU
		{389F6F01-BCDD-4057-A54D-38CA30027CC4}.OriginacionMovilTest|Any CPU.ActiveCfg = OriginacionMovilTest|Any CPU
		{389F6F01-BCDD-4057-A54D-38CA30027CC4}.OriginacionMovilTest|Any CPU.Build.0 = OriginacionMovilTest|Any CPU
		{389F6F01-BCDD-4057-A54D-38CA30027CC4}.OriginacionMovilTest|Mixed Platforms.ActiveCfg = OriginacionMovilTest|Any CPU
		{389F6F01-BCDD-4057-A54D-38CA30027CC4}.OriginacionMovilTest|Mixed Platforms.Build.0 = OriginacionMovilTest|Any CPU
		{389F6F01-BCDD-4057-A54D-38CA30027CC4}.OriginacionMovilTest|x86.ActiveCfg = OriginacionMovilTest|Any CPU
		{389F6F01-BCDD-4057-A54D-38CA30027CC4}.PPMTest|Any CPU.ActiveCfg = PPMTest|Any CPU
		{389F6F01-BCDD-4057-A54D-38CA30027CC4}.PPMTest|Any CPU.Build.0 = PPMTest|Any CPU
		{389F6F01-BCDD-4057-A54D-38CA30027CC4}.PPMTest|Mixed Platforms.ActiveCfg = PPMTest|Any CPU
		{389F6F01-BCDD-4057-A54D-38CA30027CC4}.PPMTest|Mixed Platforms.Build.0 = PPMTest|Any CPU
		{389F6F01-BCDD-4057-A54D-38CA30027CC4}.PPMTest|x86.ActiveCfg = PPMTest|Any CPU
		{389F6F01-BCDD-4057-A54D-38CA30027CC4}.PublipaymentsCapacitacion|Any CPU.ActiveCfg = PublipaymentsCapacitacion|Any CPU
		{389F6F01-BCDD-4057-A54D-38CA30027CC4}.PublipaymentsCapacitacion|Any CPU.Build.0 = PublipaymentsCapacitacion|Any CPU
		{389F6F01-BCDD-4057-A54D-38CA30027CC4}.PublipaymentsCapacitacion|Mixed Platforms.ActiveCfg = PublipaymentsCapacitacion|Any CPU
		{389F6F01-BCDD-4057-A54D-38CA30027CC4}.PublipaymentsCapacitacion|Mixed Platforms.Build.0 = PublipaymentsCapacitacion|Any CPU
		{389F6F01-BCDD-4057-A54D-38CA30027CC4}.PublipaymentsCapacitacion|x86.ActiveCfg = PublipaymentsCapacitacion|Any CPU
		{389F6F01-BCDD-4057-A54D-38CA30027CC4}.Release|Any CPU.ActiveCfg = Release|Any CPU
		{389F6F01-BCDD-4057-A54D-38CA30027CC4}.Release|Any CPU.Build.0 = Release|Any CPU
		{389F6F01-BCDD-4057-A54D-38CA30027CC4}.Release|Mixed Platforms.ActiveCfg = Release|Any CPU
		{389F6F01-BCDD-4057-A54D-38CA30027CC4}.Release|Mixed Platforms.Build.0 = Release|Any CPU
		{389F6F01-BCDD-4057-A54D-38CA30027CC4}.Release|x86.ActiveCfg = Release|Any CPU
		{389F6F01-BCDD-4057-A54D-38CA30027CC4}.SiraComercial|Any CPU.ActiveCfg = SiraComercial|Any CPU
		{389F6F01-BCDD-4057-A54D-38CA30027CC4}.SiraComercial|Any CPU.Build.0 = SiraComercial|Any CPU
		{389F6F01-BCDD-4057-A54D-38CA30027CC4}.SiraComercial|Mixed Platforms.ActiveCfg = SiraComercial|Any CPU
		{389F6F01-BCDD-4057-A54D-38CA30027CC4}.SiraComercial|Mixed Platforms.Build.0 = SiraComercial|Any CPU
		{389F6F01-BCDD-4057-A54D-38CA30027CC4}.SiraComercial|x86.ActiveCfg = SiraComercial|Any CPU
		{0631A9F7-6889-42FE-A703-527100E6368C}.Debug|Any CPU.ActiveCfg = Debug|Any CPU
		{0631A9F7-6889-42FE-A703-527100E6368C}.Debug|Any CPU.Build.0 = Debug|Any CPU
		{0631A9F7-6889-42FE-A703-527100E6368C}.Debug|Mixed Platforms.ActiveCfg = Debug|Any CPU
		{0631A9F7-6889-42FE-A703-527100E6368C}.Debug|Mixed Platforms.Build.0 = Debug|Any CPU
		{0631A9F7-6889-42FE-A703-527100E6368C}.Debug|x86.ActiveCfg = Debug|Any CPU
		{0631A9F7-6889-42FE-A703-527100E6368C}.OriginacionMovil|Any CPU.ActiveCfg = OriginacionMovil|Any CPU
		{0631A9F7-6889-42FE-A703-527100E6368C}.OriginacionMovil|Any CPU.Build.0 = OriginacionMovil|Any CPU
		{0631A9F7-6889-42FE-A703-527100E6368C}.OriginacionMovil|Any CPU.Deploy.0 = OriginacionMovil|Any CPU
		{0631A9F7-6889-42FE-A703-527100E6368C}.OriginacionMovil|Mixed Platforms.ActiveCfg = OriginacionMovil|Any CPU
		{0631A9F7-6889-42FE-A703-527100E6368C}.OriginacionMovil|Mixed Platforms.Build.0 = OriginacionMovil|Any CPU
		{0631A9F7-6889-42FE-A703-527100E6368C}.OriginacionMovil|x86.ActiveCfg = OriginacionMovil|Any CPU
		{0631A9F7-6889-42FE-A703-527100E6368C}.OriginacionMovilTest|Any CPU.ActiveCfg = OriginacionMovilTest|Any CPU
		{0631A9F7-6889-42FE-A703-527100E6368C}.OriginacionMovilTest|Any CPU.Build.0 = OriginacionMovilTest|Any CPU
		{0631A9F7-6889-42FE-A703-527100E6368C}.OriginacionMovilTest|Mixed Platforms.ActiveCfg = OriginacionMovilTest|Any CPU
		{0631A9F7-6889-42FE-A703-527100E6368C}.OriginacionMovilTest|Mixed Platforms.Build.0 = OriginacionMovilTest|Any CPU
		{0631A9F7-6889-42FE-A703-527100E6368C}.OriginacionMovilTest|x86.ActiveCfg = OriginacionMovilTest|Any CPU
		{0631A9F7-6889-42FE-A703-527100E6368C}.PPMTest|Any CPU.ActiveCfg = PPMTest|Any CPU
		{0631A9F7-6889-42FE-A703-527100E6368C}.PPMTest|Any CPU.Build.0 = PPMTest|Any CPU
		{0631A9F7-6889-42FE-A703-527100E6368C}.PPMTest|Mixed Platforms.ActiveCfg = PPMTest|Any CPU
		{0631A9F7-6889-42FE-A703-527100E6368C}.PPMTest|Mixed Platforms.Build.0 = PPMTest|Any CPU
		{0631A9F7-6889-42FE-A703-527100E6368C}.PPMTest|x86.ActiveCfg = PPMTest|Any CPU
		{0631A9F7-6889-42FE-A703-527100E6368C}.PublipaymentsCapacitacion|Any CPU.ActiveCfg = PublipaymentsCapacitacion|Any CPU
		{0631A9F7-6889-42FE-A703-527100E6368C}.PublipaymentsCapacitacion|Any CPU.Build.0 = PublipaymentsCapacitacion|Any CPU
		{0631A9F7-6889-42FE-A703-527100E6368C}.PublipaymentsCapacitacion|Mixed Platforms.ActiveCfg = PublipaymentsCapacitacion|Any CPU
		{0631A9F7-6889-42FE-A703-527100E6368C}.PublipaymentsCapacitacion|Mixed Platforms.Build.0 = PublipaymentsCapacitacion|Any CPU
		{0631A9F7-6889-42FE-A703-527100E6368C}.PublipaymentsCapacitacion|x86.ActiveCfg = PublipaymentsCapacitacion|Any CPU
		{0631A9F7-6889-42FE-A703-527100E6368C}.Release|Any CPU.ActiveCfg = Release|Any CPU
		{0631A9F7-6889-42FE-A703-527100E6368C}.Release|Any CPU.Build.0 = Release|Any CPU
		{0631A9F7-6889-42FE-A703-527100E6368C}.Release|Mixed Platforms.ActiveCfg = Release|Any CPU
		{0631A9F7-6889-42FE-A703-527100E6368C}.Release|Mixed Platforms.Build.0 = Release|Any CPU
		{0631A9F7-6889-42FE-A703-527100E6368C}.Release|x86.ActiveCfg = Release|Any CPU
		{0631A9F7-6889-42FE-A703-527100E6368C}.SiraComercial|Any CPU.ActiveCfg = PortalPPTest|Any CPU
		{0631A9F7-6889-42FE-A703-527100E6368C}.SiraComercial|Any CPU.Build.0 = PortalPPTest|Any CPU
		{0631A9F7-6889-42FE-A703-527100E6368C}.SiraComercial|Mixed Platforms.ActiveCfg = PortalPPTest|Any CPU
		{0631A9F7-6889-42FE-A703-527100E6368C}.SiraComercial|Mixed Platforms.Build.0 = PortalPPTest|Any CPU
		{0631A9F7-6889-42FE-A703-527100E6368C}.SiraComercial|x86.ActiveCfg = PortalPPTest|Any CPU
		{549FAED2-8D20-4116-BAED-AAD8FB2E3D7C}.Debug|Any CPU.ActiveCfg = Debug|Any CPU
		{549FAED2-8D20-4116-BAED-AAD8FB2E3D7C}.Debug|Any CPU.Build.0 = Debug|Any CPU
		{549FAED2-8D20-4116-BAED-AAD8FB2E3D7C}.Debug|Mixed Platforms.ActiveCfg = Debug|Any CPU
		{549FAED2-8D20-4116-BAED-AAD8FB2E3D7C}.Debug|Mixed Platforms.Build.0 = Debug|Any CPU
		{549FAED2-8D20-4116-BAED-AAD8FB2E3D7C}.Debug|x86.ActiveCfg = Debug|Any CPU
		{549FAED2-8D20-4116-BAED-AAD8FB2E3D7C}.OriginacionMovil|Any CPU.ActiveCfg = OriginacionMovil|Any CPU
		{549FAED2-8D20-4116-BAED-AAD8FB2E3D7C}.OriginacionMovil|Any CPU.Build.0 = OriginacionMovil|Any CPU
		{549FAED2-8D20-4116-BAED-AAD8FB2E3D7C}.OriginacionMovil|Any CPU.Deploy.0 = OriginacionMovil|Any CPU
		{549FAED2-8D20-4116-BAED-AAD8FB2E3D7C}.OriginacionMovil|Mixed Platforms.ActiveCfg = OriginacionMovil|Any CPU
		{549FAED2-8D20-4116-BAED-AAD8FB2E3D7C}.OriginacionMovil|Mixed Platforms.Build.0 = OriginacionMovil|Any CPU
		{549FAED2-8D20-4116-BAED-AAD8FB2E3D7C}.OriginacionMovil|x86.ActiveCfg = OriginacionMovil|Any CPU
		{549FAED2-8D20-4116-BAED-AAD8FB2E3D7C}.OriginacionMovilTest|Any CPU.ActiveCfg = OriginacionMovilTest|Any CPU
		{549FAED2-8D20-4116-BAED-AAD8FB2E3D7C}.OriginacionMovilTest|Any CPU.Build.0 = OriginacionMovilTest|Any CPU
		{549FAED2-8D20-4116-BAED-AAD8FB2E3D7C}.OriginacionMovilTest|Mixed Platforms.ActiveCfg = OriginacionMovilTest|Any CPU
		{549FAED2-8D20-4116-BAED-AAD8FB2E3D7C}.OriginacionMovilTest|Mixed Platforms.Build.0 = OriginacionMovilTest|Any CPU
		{549FAED2-8D20-4116-BAED-AAD8FB2E3D7C}.OriginacionMovilTest|x86.ActiveCfg = OriginacionMovilTest|Any CPU
		{549FAED2-8D20-4116-BAED-AAD8FB2E3D7C}.PPMTest|Any CPU.ActiveCfg = PPMTest|Any CPU
		{549FAED2-8D20-4116-BAED-AAD8FB2E3D7C}.PPMTest|Any CPU.Build.0 = PPMTest|Any CPU
		{549FAED2-8D20-4116-BAED-AAD8FB2E3D7C}.PPMTest|Mixed Platforms.ActiveCfg = PPMTest|Any CPU
		{549FAED2-8D20-4116-BAED-AAD8FB2E3D7C}.PPMTest|Mixed Platforms.Build.0 = PPMTest|Any CPU
		{549FAED2-8D20-4116-BAED-AAD8FB2E3D7C}.PPMTest|x86.ActiveCfg = PPMTest|Any CPU
		{549FAED2-8D20-4116-BAED-AAD8FB2E3D7C}.PublipaymentsCapacitacion|Any CPU.ActiveCfg = PublipaymentsCapacitacion|Any CPU
		{549FAED2-8D20-4116-BAED-AAD8FB2E3D7C}.PublipaymentsCapacitacion|Any CPU.Build.0 = PublipaymentsCapacitacion|Any CPU
		{549FAED2-8D20-4116-BAED-AAD8FB2E3D7C}.PublipaymentsCapacitacion|Mixed Platforms.ActiveCfg = PublipaymentsCapacitacion|Any CPU
		{549FAED2-8D20-4116-BAED-AAD8FB2E3D7C}.PublipaymentsCapacitacion|Mixed Platforms.Build.0 = PublipaymentsCapacitacion|Any CPU
		{549FAED2-8D20-4116-BAED-AAD8FB2E3D7C}.PublipaymentsCapacitacion|x86.ActiveCfg = PublipaymentsCapacitacion|Any CPU
		{549FAED2-8D20-4116-BAED-AAD8FB2E3D7C}.Release|Any CPU.ActiveCfg = Release|Any CPU
		{549FAED2-8D20-4116-BAED-AAD8FB2E3D7C}.Release|Any CPU.Build.0 = Release|Any CPU
		{549FAED2-8D20-4116-BAED-AAD8FB2E3D7C}.Release|Mixed Platforms.ActiveCfg = Release|Any CPU
		{549FAED2-8D20-4116-BAED-AAD8FB2E3D7C}.Release|Mixed Platforms.Build.0 = Release|Any CPU
		{549FAED2-8D20-4116-BAED-AAD8FB2E3D7C}.Release|x86.ActiveCfg = Release|Any CPU
		{549FAED2-8D20-4116-BAED-AAD8FB2E3D7C}.SiraComercial|Any CPU.ActiveCfg = SiraComercial|Any CPU
		{549FAED2-8D20-4116-BAED-AAD8FB2E3D7C}.SiraComercial|Any CPU.Build.0 = SiraComercial|Any CPU
		{549FAED2-8D20-4116-BAED-AAD8FB2E3D7C}.SiraComercial|Mixed Platforms.ActiveCfg = SiraComercial|Any CPU
		{549FAED2-8D20-4116-BAED-AAD8FB2E3D7C}.SiraComercial|Mixed Platforms.Build.0 = SiraComercial|Any CPU
		{549FAED2-8D20-4116-BAED-AAD8FB2E3D7C}.SiraComercial|x86.ActiveCfg = SiraComercial|Any CPU
		{B8D6CC17-BA3F-49BC-967E-F0995B6FFF7B}.Debug|Any CPU.ActiveCfg = Debug|Any CPU
		{B8D6CC17-BA3F-49BC-967E-F0995B6FFF7B}.Debug|Any CPU.Build.0 = Debug|Any CPU
		{B8D6CC17-BA3F-49BC-967E-F0995B6FFF7B}.Debug|Mixed Platforms.ActiveCfg = Debug|Any CPU
		{B8D6CC17-BA3F-49BC-967E-F0995B6FFF7B}.Debug|Mixed Platforms.Build.0 = Debug|Any CPU
		{B8D6CC17-BA3F-49BC-967E-F0995B6FFF7B}.Debug|x86.ActiveCfg = Debug|Any CPU
		{B8D6CC17-BA3F-49BC-967E-F0995B6FFF7B}.OriginacionMovil|Any CPU.ActiveCfg = OriginacionMovil|Any CPU
		{B8D6CC17-BA3F-49BC-967E-F0995B6FFF7B}.OriginacionMovil|Any CPU.Build.0 = OriginacionMovil|Any CPU
		{B8D6CC17-BA3F-49BC-967E-F0995B6FFF7B}.OriginacionMovil|Mixed Platforms.ActiveCfg = OriginacionMovil|Any CPU
		{B8D6CC17-BA3F-49BC-967E-F0995B6FFF7B}.OriginacionMovil|Mixed Platforms.Build.0 = OriginacionMovil|Any CPU
		{B8D6CC17-BA3F-49BC-967E-F0995B6FFF7B}.OriginacionMovil|x86.ActiveCfg = OriginacionMovil|Any CPU
		{B8D6CC17-BA3F-49BC-967E-F0995B6FFF7B}.OriginacionMovilTest|Any CPU.ActiveCfg = OriginacionMovilTest|Any CPU
		{B8D6CC17-BA3F-49BC-967E-F0995B6FFF7B}.OriginacionMovilTest|Any CPU.Build.0 = OriginacionMovilTest|Any CPU
		{B8D6CC17-BA3F-49BC-967E-F0995B6FFF7B}.OriginacionMovilTest|Mixed Platforms.ActiveCfg = OriginacionMovilTest|Any CPU
		{B8D6CC17-BA3F-49BC-967E-F0995B6FFF7B}.OriginacionMovilTest|Mixed Platforms.Build.0 = OriginacionMovilTest|Any CPU
		{B8D6CC17-BA3F-49BC-967E-F0995B6FFF7B}.OriginacionMovilTest|x86.ActiveCfg = OriginacionMovilTest|Any CPU
		{B8D6CC17-BA3F-49BC-967E-F0995B6FFF7B}.PPMTest|Any CPU.ActiveCfg = PPMTest|Any CPU
		{B8D6CC17-BA3F-49BC-967E-F0995B6FFF7B}.PPMTest|Any CPU.Build.0 = PPMTest|Any CPU
		{B8D6CC17-BA3F-49BC-967E-F0995B6FFF7B}.PPMTest|Mixed Platforms.ActiveCfg = PPMTest|Any CPU
		{B8D6CC17-BA3F-49BC-967E-F0995B6FFF7B}.PPMTest|Mixed Platforms.Build.0 = PPMTest|Any CPU
		{B8D6CC17-BA3F-49BC-967E-F0995B6FFF7B}.PPMTest|x86.ActiveCfg = PPMTest|Any CPU
		{B8D6CC17-BA3F-49BC-967E-F0995B6FFF7B}.PublipaymentsCapacitacion|Any CPU.ActiveCfg = PublipaymentsCapacitacion|Any CPU
		{B8D6CC17-BA3F-49BC-967E-F0995B6FFF7B}.PublipaymentsCapacitacion|Any CPU.Build.0 = PublipaymentsCapacitacion|Any CPU
		{B8D6CC17-BA3F-49BC-967E-F0995B6FFF7B}.PublipaymentsCapacitacion|Mixed Platforms.ActiveCfg = PublipaymentsCapacitacion|Any CPU
		{B8D6CC17-BA3F-49BC-967E-F0995B6FFF7B}.PublipaymentsCapacitacion|Mixed Platforms.Build.0 = PublipaymentsCapacitacion|Any CPU
		{B8D6CC17-BA3F-49BC-967E-F0995B6FFF7B}.PublipaymentsCapacitacion|x86.ActiveCfg = PublipaymentsCapacitacion|Any CPU
		{B8D6CC17-BA3F-49BC-967E-F0995B6FFF7B}.Release|Any CPU.ActiveCfg = Release|Any CPU
		{B8D6CC17-BA3F-49BC-967E-F0995B6FFF7B}.Release|Any CPU.Build.0 = Release|Any CPU
		{B8D6CC17-BA3F-49BC-967E-F0995B6FFF7B}.Release|Mixed Platforms.ActiveCfg = Release|Any CPU
		{B8D6CC17-BA3F-49BC-967E-F0995B6FFF7B}.Release|Mixed Platforms.Build.0 = Release|Any CPU
		{B8D6CC17-BA3F-49BC-967E-F0995B6FFF7B}.Release|x86.ActiveCfg = Release|Any CPU
		{B8D6CC17-BA3F-49BC-967E-F0995B6FFF7B}.SiraComercial|Any CPU.ActiveCfg = SiraComercial|Any CPU
		{B8D6CC17-BA3F-49BC-967E-F0995B6FFF7B}.SiraComercial|Any CPU.Build.0 = SiraComercial|Any CPU
		{B8D6CC17-BA3F-49BC-967E-F0995B6FFF7B}.SiraComercial|Mixed Platforms.ActiveCfg = SiraComercial|Any CPU
		{B8D6CC17-BA3F-49BC-967E-F0995B6FFF7B}.SiraComercial|Mixed Platforms.Build.0 = SiraComercial|Any CPU
		{B8D6CC17-BA3F-49BC-967E-F0995B6FFF7B}.SiraComercial|x86.ActiveCfg = SiraComercial|Any CPU
		{7550FE9E-394B-43B1-ABF7-227ACD06B87C}.Debug|Any CPU.ActiveCfg = Debug|Any CPU
		{7550FE9E-394B-43B1-ABF7-227ACD06B87C}.Debug|Any CPU.Build.0 = Debug|Any CPU
		{7550FE9E-394B-43B1-ABF7-227ACD06B87C}.Debug|Mixed Platforms.ActiveCfg = Debug|Any CPU
		{7550FE9E-394B-43B1-ABF7-227ACD06B87C}.Debug|Mixed Platforms.Build.0 = Debug|Any CPU
		{7550FE9E-394B-43B1-ABF7-227ACD06B87C}.Debug|x86.ActiveCfg = Debug|Any CPU
		{7550FE9E-394B-43B1-ABF7-227ACD06B87C}.OriginacionMovil|Any CPU.ActiveCfg = Release|Any CPU
		{7550FE9E-394B-43B1-ABF7-227ACD06B87C}.OriginacionMovil|Any CPU.Build.0 = Release|Any CPU
		{7550FE9E-394B-43B1-ABF7-227ACD06B87C}.OriginacionMovil|Mixed Platforms.ActiveCfg = Release|Any CPU
		{7550FE9E-394B-43B1-ABF7-227ACD06B87C}.OriginacionMovil|Mixed Platforms.Build.0 = Release|Any CPU
		{7550FE9E-394B-43B1-ABF7-227ACD06B87C}.OriginacionMovil|x86.ActiveCfg = Release|Any CPU
		{7550FE9E-394B-43B1-ABF7-227ACD06B87C}.OriginacionMovilTest|Any CPU.ActiveCfg = Release|Any CPU
		{7550FE9E-394B-43B1-ABF7-227ACD06B87C}.OriginacionMovilTest|Any CPU.Build.0 = Release|Any CPU
		{7550FE9E-394B-43B1-ABF7-227ACD06B87C}.OriginacionMovilTest|Mixed Platforms.ActiveCfg = Release|Any CPU
		{7550FE9E-394B-43B1-ABF7-227ACD06B87C}.OriginacionMovilTest|Mixed Platforms.Build.0 = Release|Any CPU
		{7550FE9E-394B-43B1-ABF7-227ACD06B87C}.OriginacionMovilTest|x86.ActiveCfg = Release|Any CPU
		{7550FE9E-394B-43B1-ABF7-227ACD06B87C}.PPMTest|Any CPU.ActiveCfg = PPMTest|Any CPU
		{7550FE9E-394B-43B1-ABF7-227ACD06B87C}.PPMTest|Any CPU.Build.0 = PPMTest|Any CPU
		{7550FE9E-394B-43B1-ABF7-227ACD06B87C}.PPMTest|Mixed Platforms.ActiveCfg = PPMTest|Any CPU
		{7550FE9E-394B-43B1-ABF7-227ACD06B87C}.PPMTest|Mixed Platforms.Build.0 = PPMTest|Any CPU
		{7550FE9E-394B-43B1-ABF7-227ACD06B87C}.PPMTest|x86.ActiveCfg = PPMTest|Any CPU
		{7550FE9E-394B-43B1-ABF7-227ACD06B87C}.PublipaymentsCapacitacion|Any CPU.ActiveCfg = Release|Any CPU
		{7550FE9E-394B-43B1-ABF7-227ACD06B87C}.PublipaymentsCapacitacion|Any CPU.Build.0 = Release|Any CPU
		{7550FE9E-394B-43B1-ABF7-227ACD06B87C}.PublipaymentsCapacitacion|Mixed Platforms.ActiveCfg = Release|Any CPU
		{7550FE9E-394B-43B1-ABF7-227ACD06B87C}.PublipaymentsCapacitacion|Mixed Platforms.Build.0 = Release|Any CPU
		{7550FE9E-394B-43B1-ABF7-227ACD06B87C}.PublipaymentsCapacitacion|x86.ActiveCfg = Release|Any CPU
		{7550FE9E-394B-43B1-ABF7-227ACD06B87C}.Release|Any CPU.ActiveCfg = Release|Any CPU
		{7550FE9E-394B-43B1-ABF7-227ACD06B87C}.Release|Any CPU.Build.0 = Release|Any CPU
		{7550FE9E-394B-43B1-ABF7-227ACD06B87C}.Release|Mixed Platforms.ActiveCfg = Release|Any CPU
		{7550FE9E-394B-43B1-ABF7-227ACD06B87C}.Release|Mixed Platforms.Build.0 = Release|Any CPU
		{7550FE9E-394B-43B1-ABF7-227ACD06B87C}.Release|x86.ActiveCfg = Release|Any CPU
		{7550FE9E-394B-43B1-ABF7-227ACD06B87C}.SiraComercial|Any CPU.ActiveCfg = Release|Any CPU
		{7550FE9E-394B-43B1-ABF7-227ACD06B87C}.SiraComercial|Mixed Platforms.ActiveCfg = Release|Any CPU
		{7550FE9E-394B-43B1-ABF7-227ACD06B87C}.SiraComercial|x86.ActiveCfg = Release|Any CPU
		{3033DEDB-484C-4BE5-9818-A913F4A01027}.Debug|Any CPU.ActiveCfg = Debug|Any CPU
		{3033DEDB-484C-4BE5-9818-A913F4A01027}.Debug|Any CPU.Build.0 = Debug|Any CPU
		{3033DEDB-484C-4BE5-9818-A913F4A01027}.Debug|Mixed Platforms.ActiveCfg = Debug|Any CPU
		{3033DEDB-484C-4BE5-9818-A913F4A01027}.Debug|Mixed Platforms.Build.0 = Debug|Any CPU
		{3033DEDB-484C-4BE5-9818-A913F4A01027}.Debug|x86.ActiveCfg = Debug|Any CPU
		{3033DEDB-484C-4BE5-9818-A913F4A01027}.OriginacionMovil|Any CPU.ActiveCfg = Release|Any CPU
		{3033DEDB-484C-4BE5-9818-A913F4A01027}.OriginacionMovil|Any CPU.Build.0 = Release|Any CPU
		{3033DEDB-484C-4BE5-9818-A913F4A01027}.OriginacionMovil|Mixed Platforms.ActiveCfg = Release|Any CPU
		{3033DEDB-484C-4BE5-9818-A913F4A01027}.OriginacionMovil|Mixed Platforms.Build.0 = Release|Any CPU
		{3033DEDB-484C-4BE5-9818-A913F4A01027}.OriginacionMovil|x86.ActiveCfg = Release|Any CPU
		{3033DEDB-484C-4BE5-9818-A913F4A01027}.OriginacionMovilTest|Any CPU.ActiveCfg = Release|Any CPU
		{3033DEDB-484C-4BE5-9818-A913F4A01027}.OriginacionMovilTest|Any CPU.Build.0 = Release|Any CPU
		{3033DEDB-484C-4BE5-9818-A913F4A01027}.OriginacionMovilTest|Mixed Platforms.ActiveCfg = Release|Any CPU
		{3033DEDB-484C-4BE5-9818-A913F4A01027}.OriginacionMovilTest|Mixed Platforms.Build.0 = Release|Any CPU
		{3033DEDB-484C-4BE5-9818-A913F4A01027}.OriginacionMovilTest|x86.ActiveCfg = Release|Any CPU
		{3033DEDB-484C-4BE5-9818-A913F4A01027}.PPMTest|Any CPU.ActiveCfg = PPMTest|Any CPU
		{3033DEDB-484C-4BE5-9818-A913F4A01027}.PPMTest|Any CPU.Build.0 = PPMTest|Any CPU
		{3033DEDB-484C-4BE5-9818-A913F4A01027}.PPMTest|Mixed Platforms.ActiveCfg = PPMTest|Any CPU
		{3033DEDB-484C-4BE5-9818-A913F4A01027}.PPMTest|Mixed Platforms.Build.0 = PPMTest|Any CPU
		{3033DEDB-484C-4BE5-9818-A913F4A01027}.PPMTest|x86.ActiveCfg = PPMTest|Any CPU
		{3033DEDB-484C-4BE5-9818-A913F4A01027}.PublipaymentsCapacitacion|Any CPU.ActiveCfg = Release|Any CPU
		{3033DEDB-484C-4BE5-9818-A913F4A01027}.PublipaymentsCapacitacion|Any CPU.Build.0 = Release|Any CPU
		{3033DEDB-484C-4BE5-9818-A913F4A01027}.PublipaymentsCapacitacion|Mixed Platforms.ActiveCfg = Release|Any CPU
		{3033DEDB-484C-4BE5-9818-A913F4A01027}.PublipaymentsCapacitacion|Mixed Platforms.Build.0 = Release|Any CPU
		{3033DEDB-484C-4BE5-9818-A913F4A01027}.PublipaymentsCapacitacion|x86.ActiveCfg = Release|Any CPU
		{3033DEDB-484C-4BE5-9818-A913F4A01027}.Release|Any CPU.ActiveCfg = Release|Any CPU
		{3033DEDB-484C-4BE5-9818-A913F4A01027}.Release|Any CPU.Build.0 = Release|Any CPU
		{3033DEDB-484C-4BE5-9818-A913F4A01027}.Release|Mixed Platforms.ActiveCfg = Release|Any CPU
		{3033DEDB-484C-4BE5-9818-A913F4A01027}.Release|Mixed Platforms.Build.0 = Release|Any CPU
		{3033DEDB-484C-4BE5-9818-A913F4A01027}.Release|x86.ActiveCfg = Release|Any CPU
		{3033DEDB-484C-4BE5-9818-A913F4A01027}.SiraComercial|Any CPU.ActiveCfg = Release|Any CPU
		{3033DEDB-484C-4BE5-9818-A913F4A01027}.SiraComercial|Any CPU.Build.0 = Release|Any CPU
		{3033DEDB-484C-4BE5-9818-A913F4A01027}.SiraComercial|Mixed Platforms.ActiveCfg = Release|Any CPU
		{3033DEDB-484C-4BE5-9818-A913F4A01027}.SiraComercial|Mixed Platforms.Build.0 = Release|Any CPU
		{3033DEDB-484C-4BE5-9818-A913F4A01027}.SiraComercial|x86.ActiveCfg = Release|Any CPU
		{2AEAF8D0-620F-4D85-8D4E-9EA1981A5A14}.Debug|Any CPU.ActiveCfg = Debug|Any CPU
		{2AEAF8D0-620F-4D85-8D4E-9EA1981A5A14}.Debug|Any CPU.Build.0 = Debug|Any CPU
		{2AEAF8D0-620F-4D85-8D4E-9EA1981A5A14}.Debug|Any CPU.Deploy.0 = Debug|Any CPU
		{2AEAF8D0-620F-4D85-8D4E-9EA1981A5A14}.Debug|Mixed Platforms.ActiveCfg = Debug|Any CPU
		{2AEAF8D0-620F-4D85-8D4E-9EA1981A5A14}.Debug|Mixed Platforms.Build.0 = Debug|Any CPU
		{2AEAF8D0-620F-4D85-8D4E-9EA1981A5A14}.Debug|Mixed Platforms.Deploy.0 = Debug|Any CPU
		{2AEAF8D0-620F-4D85-8D4E-9EA1981A5A14}.Debug|x86.ActiveCfg = Debug|Any CPU
		{2AEAF8D0-620F-4D85-8D4E-9EA1981A5A14}.OriginacionMovil|Any CPU.ActiveCfg = Debug|Any CPU
		{2AEAF8D0-620F-4D85-8D4E-9EA1981A5A14}.OriginacionMovil|Any CPU.Build.0 = Debug|Any CPU
		{2AEAF8D0-620F-4D85-8D4E-9EA1981A5A14}.OriginacionMovil|Any CPU.Deploy.0 = Debug|Any CPU
		{2AEAF8D0-620F-4D85-8D4E-9EA1981A5A14}.OriginacionMovil|Mixed Platforms.ActiveCfg = Debug|Any CPU
		{2AEAF8D0-620F-4D85-8D4E-9EA1981A5A14}.OriginacionMovil|Mixed Platforms.Build.0 = Debug|Any CPU
		{2AEAF8D0-620F-4D85-8D4E-9EA1981A5A14}.OriginacionMovil|Mixed Platforms.Deploy.0 = Debug|Any CPU
		{2AEAF8D0-620F-4D85-8D4E-9EA1981A5A14}.OriginacionMovil|x86.ActiveCfg = Debug|Any CPU
		{2AEAF8D0-620F-4D85-8D4E-9EA1981A5A14}.OriginacionMovilTest|Any CPU.ActiveCfg = Debug|Any CPU
		{2AEAF8D0-620F-4D85-8D4E-9EA1981A5A14}.OriginacionMovilTest|Any CPU.Build.0 = Debug|Any CPU
		{2AEAF8D0-620F-4D85-8D4E-9EA1981A5A14}.OriginacionMovilTest|Any CPU.Deploy.0 = Debug|Any CPU
		{2AEAF8D0-620F-4D85-8D4E-9EA1981A5A14}.OriginacionMovilTest|Mixed Platforms.ActiveCfg = Debug|Any CPU
		{2AEAF8D0-620F-4D85-8D4E-9EA1981A5A14}.OriginacionMovilTest|Mixed Platforms.Build.0 = Debug|Any CPU
		{2AEAF8D0-620F-4D85-8D4E-9EA1981A5A14}.OriginacionMovilTest|Mixed Platforms.Deploy.0 = Debug|Any CPU
		{2AEAF8D0-620F-4D85-8D4E-9EA1981A5A14}.OriginacionMovilTest|x86.ActiveCfg = Debug|Any CPU
		{2AEAF8D0-620F-4D85-8D4E-9EA1981A5A14}.PPMTest|Any CPU.ActiveCfg = Debug|Any CPU
		{2AEAF8D0-620F-4D85-8D4E-9EA1981A5A14}.PPMTest|Any CPU.Build.0 = Debug|Any CPU
		{2AEAF8D0-620F-4D85-8D4E-9EA1981A5A14}.PPMTest|Any CPU.Deploy.0 = Debug|Any CPU
		{2AEAF8D0-620F-4D85-8D4E-9EA1981A5A14}.PPMTest|Mixed Platforms.ActiveCfg = Debug|Any CPU
		{2AEAF8D0-620F-4D85-8D4E-9EA1981A5A14}.PPMTest|Mixed Platforms.Build.0 = Debug|Any CPU
		{2AEAF8D0-620F-4D85-8D4E-9EA1981A5A14}.PPMTest|Mixed Platforms.Deploy.0 = Debug|Any CPU
		{2AEAF8D0-620F-4D85-8D4E-9EA1981A5A14}.PPMTest|x86.ActiveCfg = Debug|Any CPU
		{2AEAF8D0-620F-4D85-8D4E-9EA1981A5A14}.PublipaymentsCapacitacion|Any CPU.ActiveCfg = Debug|Any CPU
		{2AEAF8D0-620F-4D85-8D4E-9EA1981A5A14}.PublipaymentsCapacitacion|Any CPU.Build.0 = Debug|Any CPU
		{2AEAF8D0-620F-4D85-8D4E-9EA1981A5A14}.PublipaymentsCapacitacion|Any CPU.Deploy.0 = Debug|Any CPU
		{2AEAF8D0-620F-4D85-8D4E-9EA1981A5A14}.PublipaymentsCapacitacion|Mixed Platforms.ActiveCfg = Debug|Any CPU
		{2AEAF8D0-620F-4D85-8D4E-9EA1981A5A14}.PublipaymentsCapacitacion|Mixed Platforms.Build.0 = Debug|Any CPU
		{2AEAF8D0-620F-4D85-8D4E-9EA1981A5A14}.PublipaymentsCapacitacion|Mixed Platforms.Deploy.0 = Debug|Any CPU
		{2AEAF8D0-620F-4D85-8D4E-9EA1981A5A14}.PublipaymentsCapacitacion|x86.ActiveCfg = Debug|Any CPU
		{2AEAF8D0-620F-4D85-8D4E-9EA1981A5A14}.Release|Any CPU.ActiveCfg = Release|Any CPU
		{2AEAF8D0-620F-4D85-8D4E-9EA1981A5A14}.Release|Any CPU.Build.0 = Release|Any CPU
		{2AEAF8D0-620F-4D85-8D4E-9EA1981A5A14}.Release|Any CPU.Deploy.0 = Release|Any CPU
		{2AEAF8D0-620F-4D85-8D4E-9EA1981A5A14}.Release|Mixed Platforms.ActiveCfg = Release|Any CPU
		{2AEAF8D0-620F-4D85-8D4E-9EA1981A5A14}.Release|Mixed Platforms.Build.0 = Release|Any CPU
		{2AEAF8D0-620F-4D85-8D4E-9EA1981A5A14}.Release|Mixed Platforms.Deploy.0 = Release|Any CPU
		{2AEAF8D0-620F-4D85-8D4E-9EA1981A5A14}.Release|x86.ActiveCfg = Release|Any CPU
		{2AEAF8D0-620F-4D85-8D4E-9EA1981A5A14}.SiraComercial|Any CPU.ActiveCfg = Debug|Any CPU
		{2AEAF8D0-620F-4D85-8D4E-9EA1981A5A14}.SiraComercial|Any CPU.Build.0 = Debug|Any CPU
		{2AEAF8D0-620F-4D85-8D4E-9EA1981A5A14}.SiraComercial|Any CPU.Deploy.0 = Debug|Any CPU
		{2AEAF8D0-620F-4D85-8D4E-9EA1981A5A14}.SiraComercial|Mixed Platforms.ActiveCfg = Debug|Any CPU
		{2AEAF8D0-620F-4D85-8D4E-9EA1981A5A14}.SiraComercial|Mixed Platforms.Build.0 = Debug|Any CPU
		{2AEAF8D0-620F-4D85-8D4E-9EA1981A5A14}.SiraComercial|Mixed Platforms.Deploy.0 = Debug|Any CPU
		{2AEAF8D0-620F-4D85-8D4E-9EA1981A5A14}.SiraComercial|x86.ActiveCfg = Debug|Any CPU
	EndGlobalSection
	GlobalSection(SolutionProperties) = preSolution
		HideSolutionNode = FALSE
	EndGlobalSection
EndGlobal
