
Microsoft Visual Studio Solution File, Format Version 12.00
# Visual Studio 2012
Project("{FAE04EC0-301F-11D3-BF4B-00C04F79EFBC}") = "LibroMVC5", "LibroMVC5\LibroMVC5.csproj", "{31AEABA4-BF39-441A-9CCC-0693782EE4DB}"
EndProject
Global
	GlobalSection(SolutionConfigurationPlatforms) = preSolution
		Debug|Any CPU = Debug|Any CPU
		Release|Any CPU = Release|Any CPU
	EndGlobalSection
	GlobalSection(ProjectConfigurationPlatforms) = postSolution
		{31AEABA4-BF39-441A-9CCC-0693782EE4DB}.Debug|Any CPU.ActiveCfg = Debug|Any CPU
		{31AEABA4-BF39-441A-9CCC-0693782EE4DB}.Debug|Any CPU.Build.0 = Debug|Any CPU
		{31AEABA4-BF39-441A-9CCC-0693782EE4DB}.Release|Any CPU.ActiveCfg = Release|Any CPU
		{31AEABA4-BF39-441A-9CCC-0693782EE4DB}.Release|Any CPU.Build.0 = Release|Any CPU
	EndGlobalSection
	GlobalSection(SolutionProperties) = preSolution
		HideSolutionNode = FALSE
	EndGlobalSection
EndGlobal
