
Microsoft Visual Studio Solution File, Format Version 12.00
# Visual Studio 14
VisualStudioVersion = 14.0.25420.1
MinimumVisualStudioVersion = 10.0.40219.1
Project("{FAE04EC0-301F-11D3-BF4B-00C04F79EFBC}") = "Broxel.DataAccess", "Broxel.DataAccess\Broxel.DataAccess.csproj", "{08F1E14C-E6EA-4ECA-A2DF-30B778239FD6}"
EndProject
Project("{FAE04EC0-301F-11D3-BF4B-00C04F79EFBC}") = "Broxel.BusinessLogic", "Broxel.BusinessLogic\Broxel.BusinessLogic.csproj", "{DD962297-D737-416B-9B1D-47A1EC00793A}"
EndProject
Project("{FAE04EC0-301F-11D3-BF4B-00C04F79EFBC}") = "Broxel.Entities", "Broxel.Entities\Broxel.Entities.csproj", "{8B1DDA42-3FE4-40DE-90A0-A10B0343F58A}"
EndProject
Project("{FAE04EC0-301F-11D3-BF4B-00C04F79EFBC}") = "Broxel.Controller", "Broxel.Controller\Broxel.Controller.csproj", "{8230447A-3814-4DDA-9D15-5AB045DE9D5E}"
EndProject
Project("{FAE04EC0-301F-11D3-BF4B-00C04F79EFBC}") = "Broxel.Services", "Broxel.Services\Broxel.Services.csproj", "{8A17FB26-68F8-412B-8262-2C7DDFC1C1DE}"
EndProject
Project("{FAE04EC0-301F-11D3-BF4B-00C04F79EFBC}") = "Broxel.Site", "Broxel.Site\Broxel.Site.csproj", "{BF1497AD-4107-45A5-A075-08C94357AAFC}"
EndProject
Project("{FAE04EC0-301F-11D3-BF4B-00C04F79EFBC}") = "Broxel.Helpers", "Broxel.Helpers\Broxel.Helpers.csproj", "{0782D8BB-AD9B-4C0C-87CF-FB8204890C02}"
EndProject
Project("{FAE04EC0-301F-11D3-BF4B-00C04F79EFBC}") = "Broxel.DataAccess.UnitTest", "Broxel.DataAccess.UnitTest\Broxel.DataAccess.UnitTest.csproj", "{13E52250-15ED-4A9C-96BC-62AEBB6F9D95}"
EndProject
Project("{FAE04EC0-301F-11D3-BF4B-00C04F79EFBC}") = "Broxel.BusinessLogic.Test", "Broxel.BusinessLogic.Test\Broxel.BusinessLogic.Test.csproj", "{58F0EEFA-1DCB-49C4-8FFF-58D74316D863}"
EndProject
Project("{FAE04EC0-301F-11D3-BF4B-00C04F79EFBC}") = "Broxel.Controller.Test", "Broxel.Controller.Test\Broxel.Controller.Test.csproj", "{60A2F06E-1F45-4421-A76C-98FF09811D75}"
EndProject
Project("{FAE04EC0-301F-11D3-BF4B-00C04F79EFBC}") = "Broxel.Helpers.Test", "Broxel.Helpers.Test\Broxel.Helpers.Test.csproj", "{84D6F220-7EC9-4F71-9206-9DBC23AFD383}"
EndProject
Project("{FAE04EC0-301F-11D3-BF4B-00C04F79EFBC}") = "Broxel.Services.Test", "Broxel.Services.Test\Broxel.Services.Test.csproj", "{74A673FF-A9F7-4D28-8413-0983FC8A7D11}"
EndProject
Project("{FAE04EC0-301F-11D3-BF4B-00C04F79EFBC}") = "Broxel.Site.Test", "Broxel.Site.Test\Broxel.Site.Test.csproj", "{00690D1E-363F-4213-B79C-CC4D1DA4FB3C}"
EndProject
Global
	GlobalSection(SolutionConfigurationPlatforms) = preSolution
		Debug|Any CPU = Debug|Any CPU
		Release|Any CPU = Release|Any CPU
	EndGlobalSection
	GlobalSection(ProjectConfigurationPlatforms) = postSolution
		{08F1E14C-E6EA-4ECA-A2DF-30B778239FD6}.Debug|Any CPU.ActiveCfg = Debug|Any CPU
		{08F1E14C-E6EA-4ECA-A2DF-30B778239FD6}.Debug|Any CPU.Build.0 = Debug|Any CPU
		{08F1E14C-E6EA-4ECA-A2DF-30B778239FD6}.Release|Any CPU.ActiveCfg = Release|Any CPU
		{08F1E14C-E6EA-4ECA-A2DF-30B778239FD6}.Release|Any CPU.Build.0 = Release|Any CPU
		{DD962297-D737-416B-9B1D-47A1EC00793A}.Debug|Any CPU.ActiveCfg = Debug|Any CPU
		{DD962297-D737-416B-9B1D-47A1EC00793A}.Debug|Any CPU.Build.0 = Debug|Any CPU
		{DD962297-D737-416B-9B1D-47A1EC00793A}.Release|Any CPU.ActiveCfg = Release|Any CPU
		{DD962297-D737-416B-9B1D-47A1EC00793A}.Release|Any CPU.Build.0 = Release|Any CPU
		{8B1DDA42-3FE4-40DE-90A0-A10B0343F58A}.Debug|Any CPU.ActiveCfg = Debug|Any CPU
		{8B1DDA42-3FE4-40DE-90A0-A10B0343F58A}.Debug|Any CPU.Build.0 = Debug|Any CPU
		{8B1DDA42-3FE4-40DE-90A0-A10B0343F58A}.Release|Any CPU.ActiveCfg = Release|Any CPU
		{8B1DDA42-3FE4-40DE-90A0-A10B0343F58A}.Release|Any CPU.Build.0 = Release|Any CPU
		{8230447A-3814-4DDA-9D15-5AB045DE9D5E}.Debug|Any CPU.ActiveCfg = Debug|Any CPU
		{8230447A-3814-4DDA-9D15-5AB045DE9D5E}.Debug|Any CPU.Build.0 = Debug|Any CPU
		{8230447A-3814-4DDA-9D15-5AB045DE9D5E}.Release|Any CPU.ActiveCfg = Release|Any CPU
		{8230447A-3814-4DDA-9D15-5AB045DE9D5E}.Release|Any CPU.Build.0 = Release|Any CPU
		{8A17FB26-68F8-412B-8262-2C7DDFC1C1DE}.Debug|Any CPU.ActiveCfg = Debug|Any CPU
		{8A17FB26-68F8-412B-8262-2C7DDFC1C1DE}.Debug|Any CPU.Build.0 = Debug|Any CPU
		{8A17FB26-68F8-412B-8262-2C7DDFC1C1DE}.Release|Any CPU.ActiveCfg = Release|Any CPU
		{8A17FB26-68F8-412B-8262-2C7DDFC1C1DE}.Release|Any CPU.Build.0 = Release|Any CPU
		{BF1497AD-4107-45A5-A075-08C94357AAFC}.Debug|Any CPU.ActiveCfg = Debug|Any CPU
		{BF1497AD-4107-45A5-A075-08C94357AAFC}.Debug|Any CPU.Build.0 = Debug|Any CPU
		{BF1497AD-4107-45A5-A075-08C94357AAFC}.Release|Any CPU.ActiveCfg = Release|Any CPU
		{BF1497AD-4107-45A5-A075-08C94357AAFC}.Release|Any CPU.Build.0 = Release|Any CPU
		{0782D8BB-AD9B-4C0C-87CF-FB8204890C02}.Debug|Any CPU.ActiveCfg = Debug|Any CPU
		{0782D8BB-AD9B-4C0C-87CF-FB8204890C02}.Debug|Any CPU.Build.0 = Debug|Any CPU
		{0782D8BB-AD9B-4C0C-87CF-FB8204890C02}.Release|Any CPU.ActiveCfg = Release|Any CPU
		{0782D8BB-AD9B-4C0C-87CF-FB8204890C02}.Release|Any CPU.Build.0 = Release|Any CPU
		{13E52250-15ED-4A9C-96BC-62AEBB6F9D95}.Debug|Any CPU.ActiveCfg = Debug|Any CPU
		{13E52250-15ED-4A9C-96BC-62AEBB6F9D95}.Debug|Any CPU.Build.0 = Debug|Any CPU
		{13E52250-15ED-4A9C-96BC-62AEBB6F9D95}.Release|Any CPU.ActiveCfg = Release|Any CPU
		{13E52250-15ED-4A9C-96BC-62AEBB6F9D95}.Release|Any CPU.Build.0 = Release|Any CPU
		{58F0EEFA-1DCB-49C4-8FFF-58D74316D863}.Debug|Any CPU.ActiveCfg = Debug|Any CPU
		{58F0EEFA-1DCB-49C4-8FFF-58D74316D863}.Debug|Any CPU.Build.0 = Debug|Any CPU
		{58F0EEFA-1DCB-49C4-8FFF-58D74316D863}.Release|Any CPU.ActiveCfg = Release|Any CPU
		{58F0EEFA-1DCB-49C4-8FFF-58D74316D863}.Release|Any CPU.Build.0 = Release|Any CPU
		{60A2F06E-1F45-4421-A76C-98FF09811D75}.Debug|Any CPU.ActiveCfg = Debug|Any CPU
		{60A2F06E-1F45-4421-A76C-98FF09811D75}.Debug|Any CPU.Build.0 = Debug|Any CPU
		{60A2F06E-1F45-4421-A76C-98FF09811D75}.Release|Any CPU.ActiveCfg = Release|Any CPU
		{60A2F06E-1F45-4421-A76C-98FF09811D75}.Release|Any CPU.Build.0 = Release|Any CPU
		{84D6F220-7EC9-4F71-9206-9DBC23AFD383}.Debug|Any CPU.ActiveCfg = Debug|Any CPU
		{84D6F220-7EC9-4F71-9206-9DBC23AFD383}.Debug|Any CPU.Build.0 = Debug|Any CPU
		{84D6F220-7EC9-4F71-9206-9DBC23AFD383}.Release|Any CPU.ActiveCfg = Release|Any CPU
		{84D6F220-7EC9-4F71-9206-9DBC23AFD383}.Release|Any CPU.Build.0 = Release|Any CPU
		{74A673FF-A9F7-4D28-8413-0983FC8A7D11}.Debug|Any CPU.ActiveCfg = Debug|Any CPU
		{74A673FF-A9F7-4D28-8413-0983FC8A7D11}.Debug|Any CPU.Build.0 = Debug|Any CPU
		{74A673FF-A9F7-4D28-8413-0983FC8A7D11}.Release|Any CPU.ActiveCfg = Release|Any CPU
		{74A673FF-A9F7-4D28-8413-0983FC8A7D11}.Release|Any CPU.Build.0 = Release|Any CPU
		{00690D1E-363F-4213-B79C-CC4D1DA4FB3C}.Debug|Any CPU.ActiveCfg = Debug|Any CPU
		{00690D1E-363F-4213-B79C-CC4D1DA4FB3C}.Debug|Any CPU.Build.0 = Debug|Any CPU
		{00690D1E-363F-4213-B79C-CC4D1DA4FB3C}.Release|Any CPU.ActiveCfg = Release|Any CPU
		{00690D1E-363F-4213-B79C-CC4D1DA4FB3C}.Release|Any CPU.Build.0 = Release|Any CPU
	EndGlobalSection
	GlobalSection(SolutionProperties) = preSolution
		HideSolutionNode = FALSE
	EndGlobalSection
EndGlobal
