
Microsoft Visual Studio Solution File, Format Version 12.00
# Visual Studio 14
VisualStudioVersion = 14.0.25420.1
MinimumVisualStudioVersion = 10.0.40219.1
Project("{FAE04EC0-301F-11D3-BF4B-00C04F79EFBC}") = "Broxel.BusinessLogic", "..\..\Broxel.BusinessLogic\Broxel.BusinessLogic.csproj", "{DD962297-D737-416B-9B1D-47A1EC00793A}"
EndProject
Project("{FAE04EC0-301F-11D3-BF4B-00C04F79EFBC}") = "Broxel.Entities", "..\..\Broxel.Entities\Broxel.Entities.csproj", "{8B1DDA42-3FE4-40DE-90A0-A10B0343F58A}"
EndProject
Project("{FAE04EC0-301F-11D3-BF4B-00C04F79EFBC}") = "Broxel.Services", "..\..\Broxel.Services\Broxel.Services.csproj", "{8A17FB26-68F8-412B-8262-2C7DDFC1C1DE}"
EndProject
Project("{FAE04EC0-301F-11D3-BF4B-00C04F79EFBC}") = "Broxel.Helpers", "..\..\Broxel.Helpers\Broxel.Helpers.csproj", "{0782D8BB-AD9B-4C0C-87CF-FB8204890C02}"
EndProject
Project("{FAE04EC0-301F-11D3-BF4B-00C04F79EFBC}") = "Broxel.DataAccess", "..\..\Broxel.DataAccess\Broxel.DataAccess.csproj", "{08F1E14C-E6EA-4ECA-A2DF-30B778239FD6}"
EndProject
Global
	GlobalSection(SolutionConfigurationPlatforms) = preSolution
		Debug|Any CPU = Debug|Any CPU
		Release|Any CPU = Release|Any CPU
	EndGlobalSection
	GlobalSection(ProjectConfigurationPlatforms) = postSolution
		{DD962297-D737-416B-9B1D-47A1EC00793A}.Debug|Any CPU.ActiveCfg = Debug|Any CPU
		{DD962297-D737-416B-9B1D-47A1EC00793A}.Debug|Any CPU.Build.0 = Debug|Any CPU
		{DD962297-D737-416B-9B1D-47A1EC00793A}.Release|Any CPU.ActiveCfg = Release|Any CPU
		{DD962297-D737-416B-9B1D-47A1EC00793A}.Release|Any CPU.Build.0 = Release|Any CPU
		{8B1DDA42-3FE4-40DE-90A0-A10B0343F58A}.Debug|Any CPU.ActiveCfg = Debug|Any CPU
		{8B1DDA42-3FE4-40DE-90A0-A10B0343F58A}.Debug|Any CPU.Build.0 = Debug|Any CPU
		{8B1DDA42-3FE4-40DE-90A0-A10B0343F58A}.Release|Any CPU.ActiveCfg = Release|Any CPU
		{8B1DDA42-3FE4-40DE-90A0-A10B0343F58A}.Release|Any CPU.Build.0 = Release|Any CPU
		{8A17FB26-68F8-412B-8262-2C7DDFC1C1DE}.Debug|Any CPU.ActiveCfg = Debug|Any CPU
		{8A17FB26-68F8-412B-8262-2C7DDFC1C1DE}.Debug|Any CPU.Build.0 = Debug|Any CPU
		{8A17FB26-68F8-412B-8262-2C7DDFC1C1DE}.Release|Any CPU.ActiveCfg = Release|Any CPU
		{8A17FB26-68F8-412B-8262-2C7DDFC1C1DE}.Release|Any CPU.Build.0 = Release|Any CPU
		{0782D8BB-AD9B-4C0C-87CF-FB8204890C02}.Debug|Any CPU.ActiveCfg = Debug|Any CPU
		{0782D8BB-AD9B-4C0C-87CF-FB8204890C02}.Debug|Any CPU.Build.0 = Debug|Any CPU
		{0782D8BB-AD9B-4C0C-87CF-FB8204890C02}.Release|Any CPU.ActiveCfg = Release|Any CPU
		{0782D8BB-AD9B-4C0C-87CF-FB8204890C02}.Release|Any CPU.Build.0 = Release|Any CPU
		{08F1E14C-E6EA-4ECA-A2DF-30B778239FD6}.Debug|Any CPU.ActiveCfg = Debug|Any CPU
		{08F1E14C-E6EA-4ECA-A2DF-30B778239FD6}.Debug|Any CPU.Build.0 = Debug|Any CPU
		{08F1E14C-E6EA-4ECA-A2DF-30B778239FD6}.Release|Any CPU.ActiveCfg = Release|Any CPU
		{08F1E14C-E6EA-4ECA-A2DF-30B778239FD6}.Release|Any CPU.Build.0 = Release|Any CPU
	EndGlobalSection
	GlobalSection(SolutionProperties) = preSolution
		HideSolutionNode = FALSE
	EndGlobalSection
EndGlobal
