
Microsoft Visual Studio Solution File, Format Version 12.00
# Visual Studio 2013
VisualStudioVersion = 12.0.40629.0
MinimumVisualStudioVersion = 10.0.40219.1
Project("{159641D6-6404-4A2A-AE62-294DE0FE8301}") = "SunCorp.IntegrationServices", "..\..\SunCorp.IntegrationServices\SunCorp.IntegrationServices.dtproj", "{C1FFCA3B-0F51-41F4-98A0-3CE50C316EC3}"
EndProject
Project("{F14B399A-7131-4C87-9E4B-1186C45EF12D}") = "SunCorp.ReportProject", "..\..\SunCorp.ReportProject\SunCorp.ReportProject.rptproj", "{D62193B2-EF57-456E-88B4-84B7FF49EBC6}"
EndProject
Global
	GlobalSection(SolutionConfigurationPlatforms) = preSolution
		Debug|Default = Debug|Default
		DebugLocal|Default = DebugLocal|Default
		Development|Default = Development|Default
		Release|Default = Release|Default
	EndGlobalSection
	GlobalSection(ProjectConfigurationPlatforms) = postSolution
		{C1FFCA3B-0F51-41F4-98A0-3CE50C316EC3}.Debug|Default.ActiveCfg = Development
		{C1FFCA3B-0F51-41F4-98A0-3CE50C316EC3}.Debug|Default.Build.0 = Development
		{C1FFCA3B-0F51-41F4-98A0-3CE50C316EC3}.DebugLocal|Default.ActiveCfg = Development
		{C1FFCA3B-0F51-41F4-98A0-3CE50C316EC3}.DebugLocal|Default.Build.0 = Development
		{C1FFCA3B-0F51-41F4-98A0-3CE50C316EC3}.Development|Default.ActiveCfg = Development
		{C1FFCA3B-0F51-41F4-98A0-3CE50C316EC3}.Development|Default.Build.0 = Development
		{C1FFCA3B-0F51-41F4-98A0-3CE50C316EC3}.Release|Default.ActiveCfg = Development
		{C1FFCA3B-0F51-41F4-98A0-3CE50C316EC3}.Release|Default.Build.0 = Development
		{D62193B2-EF57-456E-88B4-84B7FF49EBC6}.Debug|Default.ActiveCfg = Debug
		{D62193B2-EF57-456E-88B4-84B7FF49EBC6}.Debug|Default.Build.0 = Debug
		{D62193B2-EF57-456E-88B4-84B7FF49EBC6}.Debug|Default.Deploy.0 = Debug
		{D62193B2-EF57-456E-88B4-84B7FF49EBC6}.DebugLocal|Default.ActiveCfg = DebugLocal
		{D62193B2-EF57-456E-88B4-84B7FF49EBC6}.DebugLocal|Default.Build.0 = DebugLocal
		{D62193B2-EF57-456E-88B4-84B7FF49EBC6}.DebugLocal|Default.Deploy.0 = DebugLocal
		{D62193B2-EF57-456E-88B4-84B7FF49EBC6}.Development|Default.ActiveCfg = DebugLocal
		{D62193B2-EF57-456E-88B4-84B7FF49EBC6}.Development|Default.Build.0 = DebugLocal
		{D62193B2-EF57-456E-88B4-84B7FF49EBC6}.Development|Default.Deploy.0 = DebugLocal
		{D62193B2-EF57-456E-88B4-84B7FF49EBC6}.Release|Default.ActiveCfg = Release
		{D62193B2-EF57-456E-88B4-84B7FF49EBC6}.Release|Default.Build.0 = Release
		{D62193B2-EF57-456E-88B4-84B7FF49EBC6}.Release|Default.Deploy.0 = Release
	EndGlobalSection
	GlobalSection(SolutionProperties) = preSolution
		HideSolutionNode = FALSE
	EndGlobalSection
EndGlobal
