
Microsoft Visual Studio Solution File, Format Version 12.00
# Visual Studio 2013
VisualStudioVersion = 12.0.31101.0
MinimumVisualStudioVersion = 10.0.40219.1
Project("{FAE04EC0-301F-11D3-BF4B-00C04F79EFBC}") = "ExamenEdenred.DataAccess", "..\..\ExamenEdenred.DataAccess\ExamenEdenred.DataAccess.csproj", "{01859484-82EE-4687-8E3D-A7B6101B84E7}"
EndProject
Project("{FAE04EC0-301F-11D3-BF4B-00C04F79EFBC}") = "ExamenEdenred.BusinessLogic", "..\..\ExamenEdenred.BusinessLogic\ExamenEdenred.BusinessLogic.csproj", "{1E8A7D54-CCCF-423D-BCCE-A4096FD3433C}"
EndProject
Project("{FAE04EC0-301F-11D3-BF4B-00C04F79EFBC}") = "ExamenEdenred.Entities", "..\..\ExamenEdenred.Entities\ExamenEdenred.Entities.csproj", "{0E11B522-395E-4FD3-A872-68B9339096DE}"
EndProject
Project("{FAE04EC0-301F-11D3-BF4B-00C04F79EFBC}") = "ExamenEdenred.Services", "..\..\ExamenEdenred.Services\ExamenEdenred.Services.csproj", "{8A97893C-C657-4179-BEAF-02DA3A4FCFF3}"
EndProject
Global
	GlobalSection(SolutionConfigurationPlatforms) = preSolution
		Debug|Any CPU = Debug|Any CPU
		Release|Any CPU = Release|Any CPU
	EndGlobalSection
	GlobalSection(ProjectConfigurationPlatforms) = postSolution
		{01859484-82EE-4687-8E3D-A7B6101B84E7}.Debug|Any CPU.ActiveCfg = Debug|Any CPU
		{01859484-82EE-4687-8E3D-A7B6101B84E7}.Debug|Any CPU.Build.0 = Debug|Any CPU
		{01859484-82EE-4687-8E3D-A7B6101B84E7}.Release|Any CPU.ActiveCfg = Release|Any CPU
		{01859484-82EE-4687-8E3D-A7B6101B84E7}.Release|Any CPU.Build.0 = Release|Any CPU
		{1E8A7D54-CCCF-423D-BCCE-A4096FD3433C}.Debug|Any CPU.ActiveCfg = Debug|Any CPU
		{1E8A7D54-CCCF-423D-BCCE-A4096FD3433C}.Debug|Any CPU.Build.0 = Debug|Any CPU
		{1E8A7D54-CCCF-423D-BCCE-A4096FD3433C}.Release|Any CPU.ActiveCfg = Release|Any CPU
		{1E8A7D54-CCCF-423D-BCCE-A4096FD3433C}.Release|Any CPU.Build.0 = Release|Any CPU
		{0E11B522-395E-4FD3-A872-68B9339096DE}.Debug|Any CPU.ActiveCfg = Debug|Any CPU
		{0E11B522-395E-4FD3-A872-68B9339096DE}.Debug|Any CPU.Build.0 = Debug|Any CPU
		{0E11B522-395E-4FD3-A872-68B9339096DE}.Release|Any CPU.ActiveCfg = Release|Any CPU
		{0E11B522-395E-4FD3-A872-68B9339096DE}.Release|Any CPU.Build.0 = Release|Any CPU
		{8A97893C-C657-4179-BEAF-02DA3A4FCFF3}.Debug|Any CPU.ActiveCfg = Debug|Any CPU
		{8A97893C-C657-4179-BEAF-02DA3A4FCFF3}.Debug|Any CPU.Build.0 = Debug|Any CPU
		{8A97893C-C657-4179-BEAF-02DA3A4FCFF3}.Release|Any CPU.ActiveCfg = Release|Any CPU
		{8A97893C-C657-4179-BEAF-02DA3A4FCFF3}.Release|Any CPU.Build.0 = Release|Any CPU
	EndGlobalSection
	GlobalSection(SolutionProperties) = preSolution
		HideSolutionNode = FALSE
	EndGlobalSection
EndGlobal
