
Microsoft Visual Studio Solution File, Format Version 12.00
# Visual Studio 2013
VisualStudioVersion = 12.0.40629.0
MinimumVisualStudioVersion = 10.0.40219.1
Project("{159641D6-6404-4A2A-AE62-294DE0FE8301}") = "Universidad.ETL", "..\..\Universidad.ETL\Universidad.ETL.dtproj", "{E2C24B44-C835-482E-8BA7-C47413D32C51}"
EndProject
Project("{F14B399A-7131-4C87-9E4B-1186C45EF12D}") = "Universidad.Reportes", "..\..\Universidad.Reportes\Universidad.Reportes.rptproj", "{BCBA1E66-9444-4875-B9A4-D434FFBC545D}"
EndProject
Project("{D2ABAB84-BF74-430A-B69E-9DC6D40DDA17}") = "Universidad.AnalysisServices", "..\..\Universidad.AnalysisServices\Universidad.AnalysisServices.dwproj", "{B459956F-0529-4D14-A15B-40F8CEEF697E}"
EndProject
Global
	GlobalSection(SolutionConfigurationPlatforms) = preSolution
		Debug|Default = Debug|Default
		DebugLocal|Default = DebugLocal|Default
		Development|Default = Development|Default
		Release|Default = Release|Default
	EndGlobalSection
	GlobalSection(ProjectConfigurationPlatforms) = postSolution
		{E2C24B44-C835-482E-8BA7-C47413D32C51}.Debug|Default.ActiveCfg = Development
		{E2C24B44-C835-482E-8BA7-C47413D32C51}.Debug|Default.Build.0 = Development
		{E2C24B44-C835-482E-8BA7-C47413D32C51}.DebugLocal|Default.ActiveCfg = Development
		{E2C24B44-C835-482E-8BA7-C47413D32C51}.DebugLocal|Default.Build.0 = Development
		{E2C24B44-C835-482E-8BA7-C47413D32C51}.Development|Default.ActiveCfg = Development
		{E2C24B44-C835-482E-8BA7-C47413D32C51}.Development|Default.Build.0 = Development
		{E2C24B44-C835-482E-8BA7-C47413D32C51}.Release|Default.ActiveCfg = Development
		{E2C24B44-C835-482E-8BA7-C47413D32C51}.Release|Default.Build.0 = Development
		{BCBA1E66-9444-4875-B9A4-D434FFBC545D}.Debug|Default.ActiveCfg = Debug
		{BCBA1E66-9444-4875-B9A4-D434FFBC545D}.Debug|Default.Build.0 = Debug
		{BCBA1E66-9444-4875-B9A4-D434FFBC545D}.Debug|Default.Deploy.0 = Debug
		{BCBA1E66-9444-4875-B9A4-D434FFBC545D}.DebugLocal|Default.ActiveCfg = DebugLocal
		{BCBA1E66-9444-4875-B9A4-D434FFBC545D}.DebugLocal|Default.Build.0 = DebugLocal
		{BCBA1E66-9444-4875-B9A4-D434FFBC545D}.DebugLocal|Default.Deploy.0 = DebugLocal
		{BCBA1E66-9444-4875-B9A4-D434FFBC545D}.Development|Default.ActiveCfg = DebugLocal
		{BCBA1E66-9444-4875-B9A4-D434FFBC545D}.Development|Default.Build.0 = DebugLocal
		{BCBA1E66-9444-4875-B9A4-D434FFBC545D}.Development|Default.Deploy.0 = DebugLocal
		{BCBA1E66-9444-4875-B9A4-D434FFBC545D}.Release|Default.ActiveCfg = Release
		{BCBA1E66-9444-4875-B9A4-D434FFBC545D}.Release|Default.Build.0 = Release
		{BCBA1E66-9444-4875-B9A4-D434FFBC545D}.Release|Default.Deploy.0 = Release
		{B459956F-0529-4D14-A15B-40F8CEEF697E}.Debug|Default.ActiveCfg = Development
		{B459956F-0529-4D14-A15B-40F8CEEF697E}.Debug|Default.Build.0 = Development
		{B459956F-0529-4D14-A15B-40F8CEEF697E}.Debug|Default.Deploy.0 = Development
		{B459956F-0529-4D14-A15B-40F8CEEF697E}.DebugLocal|Default.ActiveCfg = Development
		{B459956F-0529-4D14-A15B-40F8CEEF697E}.DebugLocal|Default.Build.0 = Development
		{B459956F-0529-4D14-A15B-40F8CEEF697E}.DebugLocal|Default.Deploy.0 = Development
		{B459956F-0529-4D14-A15B-40F8CEEF697E}.Development|Default.ActiveCfg = Development
		{B459956F-0529-4D14-A15B-40F8CEEF697E}.Development|Default.Build.0 = Development
		{B459956F-0529-4D14-A15B-40F8CEEF697E}.Development|Default.Deploy.0 = Development
		{B459956F-0529-4D14-A15B-40F8CEEF697E}.Release|Default.ActiveCfg = Development
		{B459956F-0529-4D14-A15B-40F8CEEF697E}.Release|Default.Build.0 = Development
		{B459956F-0529-4D14-A15B-40F8CEEF697E}.Release|Default.Deploy.0 = Development
	EndGlobalSection
	GlobalSection(SolutionProperties) = preSolution
		HideSolutionNode = FALSE
	EndGlobalSection
EndGlobal
