
Microsoft Visual Studio Solution File, Format Version 12.00
# Visual Studio 2013
VisualStudioVersion = 12.0.31101.0
MinimumVisualStudioVersion = 10.0.40219.1
Project("{159641D6-6404-4A2A-AE62-294DE0FE8301}") = "Universidad.ETL", "..\..\Universidad.ETL\Universidad.ETL.dtproj", "{E2C24B44-C835-482E-8BA7-C47413D32C51}"
EndProject
Global
	GlobalSection(SolutionConfigurationPlatforms) = preSolution
		Development|Default = Development|Default
	EndGlobalSection
	GlobalSection(ProjectConfigurationPlatforms) = postSolution
		{E2C24B44-C835-482E-8BA7-C47413D32C51}.Development|Default.ActiveCfg = Development
		{E2C24B44-C835-482E-8BA7-C47413D32C51}.Development|Default.Build.0 = Development
	EndGlobalSection
	GlobalSection(SolutionProperties) = preSolution
		HideSolutionNode = FALSE
	EndGlobalSection
EndGlobal
