
Microsoft Visual Studio Solution File, Format Version 12.00
# Visual Studio 2013
VisualStudioVersion = 12.0.31101.0
MinimumVisualStudioVersion = 10.0.40219.1
Project("{FAE04EC0-301F-11D3-BF4B-00C04F79EFBC}") = "Universidad.Controlador", "..\..\Universidad.Controlador\Universidad.Controlador.csproj", "{3851D37D-F450-4D2C-87FC-2902A1C8244F}"
EndProject
Project("{FAE04EC0-301F-11D3-BF4B-00C04F79EFBC}") = "Universidad.Entidades", "..\..\Universidad.Entidades\Universidad.Entidades.csproj", "{4EB2B90D-587B-4153-A01E-02A9DF3971D3}"
EndProject
Project("{FAE04EC0-301F-11D3-BF4B-00C04F79EFBC}") = "Universidad.AplicacionAdministrativa", "..\..\Universidad.AplicacionAdministrativa\Universidad.AplicacionAdministrativa.csproj", "{DE44CF75-0176-4905-8DE1-D6D539BDD7DF}"
EndProject
Global
	GlobalSection(SolutionConfigurationPlatforms) = preSolution
		Debug|Any CPU = Debug|Any CPU
		Release|Any CPU = Release|Any CPU
	EndGlobalSection
	GlobalSection(ProjectConfigurationPlatforms) = postSolution
		{3851D37D-F450-4D2C-87FC-2902A1C8244F}.Debug|Any CPU.ActiveCfg = Debug|Any CPU
		{3851D37D-F450-4D2C-87FC-2902A1C8244F}.Debug|Any CPU.Build.0 = Debug|Any CPU
		{3851D37D-F450-4D2C-87FC-2902A1C8244F}.Release|Any CPU.ActiveCfg = Release|Any CPU
		{3851D37D-F450-4D2C-87FC-2902A1C8244F}.Release|Any CPU.Build.0 = Release|Any CPU
		{4EB2B90D-587B-4153-A01E-02A9DF3971D3}.Debug|Any CPU.ActiveCfg = Debug|Any CPU
		{4EB2B90D-587B-4153-A01E-02A9DF3971D3}.Debug|Any CPU.Build.0 = Debug|Any CPU
		{4EB2B90D-587B-4153-A01E-02A9DF3971D3}.Release|Any CPU.ActiveCfg = Release|Any CPU
		{4EB2B90D-587B-4153-A01E-02A9DF3971D3}.Release|Any CPU.Build.0 = Release|Any CPU
		{DE44CF75-0176-4905-8DE1-D6D539BDD7DF}.Debug|Any CPU.ActiveCfg = Debug|Any CPU
		{DE44CF75-0176-4905-8DE1-D6D539BDD7DF}.Debug|Any CPU.Build.0 = Debug|Any CPU
		{DE44CF75-0176-4905-8DE1-D6D539BDD7DF}.Release|Any CPU.ActiveCfg = Release|Any CPU
		{DE44CF75-0176-4905-8DE1-D6D539BDD7DF}.Release|Any CPU.Build.0 = Release|Any CPU
	EndGlobalSection
	GlobalSection(SolutionProperties) = preSolution
		HideSolutionNode = FALSE
	EndGlobalSection
EndGlobal
