
Microsoft Visual Studio Solution File, Format Version 12.00
# Visual Studio 2012
Project("{FAE04EC0-301F-11D3-BF4B-00C04F79EFBC}") = "Libro MVC 4 Pro", "Libro MVC 4 Pro\Libro MVC 4 Pro.csproj", "{B85FBF9D-9936-4518-96F5-770B34364561}"
EndProject
Global
	GlobalSection(SolutionConfigurationPlatforms) = preSolution
		Debug|Any CPU = Debug|Any CPU
		Release|Any CPU = Release|Any CPU
	EndGlobalSection
	GlobalSection(ProjectConfigurationPlatforms) = postSolution
		{B85FBF9D-9936-4518-96F5-770B34364561}.Debug|Any CPU.ActiveCfg = Debug|Any CPU
		{B85FBF9D-9936-4518-96F5-770B34364561}.Debug|Any CPU.Build.0 = Debug|Any CPU
		{B85FBF9D-9936-4518-96F5-770B34364561}.Release|Any CPU.ActiveCfg = Release|Any CPU
		{B85FBF9D-9936-4518-96F5-770B34364561}.Release|Any CPU.Build.0 = Release|Any CPU
	EndGlobalSection
	GlobalSection(SolutionProperties) = preSolution
		HideSolutionNode = FALSE
	EndGlobalSection
EndGlobal
