
Microsoft Visual Studio Solution File, Format Version 12.00
# Visual Studio 2013
VisualStudioVersion = 12.0.31101.0
MinimumVisualStudioVersion = 10.0.40219.1
Project("{FAE04EC0-301F-11D3-BF4B-00C04F79EFBC}") = "CrudMySql.AccesoDatos", "CrudMySql.AccesoDatos\CrudMySql.AccesoDatos.csproj", "{50665858-C191-4849-ABA9-C3EC45527A9A}"
EndProject
Project("{FAE04EC0-301F-11D3-BF4B-00C04F79EFBC}") = "CrudMySql.Entidades", "CrudMySql.Entidades\CrudMySql.Entidades.csproj", "{E6F2606E-F8F6-4DC3-9B19-1C6065CAEA49}"
EndProject
Project("{FAE04EC0-301F-11D3-BF4B-00C04F79EFBC}") = "CrudMySql.LogicaNegocios", "CrudMySql.LogicaNegocios\CrudMySql.LogicaNegocios.csproj", "{E968535B-512F-476F-A776-B45B9D0D8256}"
EndProject
Project("{FAE04EC0-301F-11D3-BF4B-00C04F79EFBC}") = "CrudMySql.App", "CrudMySql.App\CrudMySql.App.csproj", "{DCD54252-C0C9-4AC2-8AFB-1190472F295E}"
EndProject
Global
	GlobalSection(SolutionConfigurationPlatforms) = preSolution
		Debug|Any CPU = Debug|Any CPU
		Release|Any CPU = Release|Any CPU
	EndGlobalSection
	GlobalSection(ProjectConfigurationPlatforms) = postSolution
		{50665858-C191-4849-ABA9-C3EC45527A9A}.Debug|Any CPU.ActiveCfg = Debug|Any CPU
		{50665858-C191-4849-ABA9-C3EC45527A9A}.Debug|Any CPU.Build.0 = Debug|Any CPU
		{50665858-C191-4849-ABA9-C3EC45527A9A}.Release|Any CPU.ActiveCfg = Release|Any CPU
		{50665858-C191-4849-ABA9-C3EC45527A9A}.Release|Any CPU.Build.0 = Release|Any CPU
		{E6F2606E-F8F6-4DC3-9B19-1C6065CAEA49}.Debug|Any CPU.ActiveCfg = Debug|Any CPU
		{E6F2606E-F8F6-4DC3-9B19-1C6065CAEA49}.Debug|Any CPU.Build.0 = Debug|Any CPU
		{E6F2606E-F8F6-4DC3-9B19-1C6065CAEA49}.Release|Any CPU.ActiveCfg = Release|Any CPU
		{E6F2606E-F8F6-4DC3-9B19-1C6065CAEA49}.Release|Any CPU.Build.0 = Release|Any CPU
		{E968535B-512F-476F-A776-B45B9D0D8256}.Debug|Any CPU.ActiveCfg = Debug|Any CPU
		{E968535B-512F-476F-A776-B45B9D0D8256}.Debug|Any CPU.Build.0 = Debug|Any CPU
		{E968535B-512F-476F-A776-B45B9D0D8256}.Release|Any CPU.ActiveCfg = Release|Any CPU
		{E968535B-512F-476F-A776-B45B9D0D8256}.Release|Any CPU.Build.0 = Release|Any CPU
		{DCD54252-C0C9-4AC2-8AFB-1190472F295E}.Debug|Any CPU.ActiveCfg = Debug|Any CPU
		{DCD54252-C0C9-4AC2-8AFB-1190472F295E}.Debug|Any CPU.Build.0 = Debug|Any CPU
		{DCD54252-C0C9-4AC2-8AFB-1190472F295E}.Release|Any CPU.ActiveCfg = Release|Any CPU
		{DCD54252-C0C9-4AC2-8AFB-1190472F295E}.Release|Any CPU.Build.0 = Release|Any CPU
	EndGlobalSection
	GlobalSection(SolutionProperties) = preSolution
		HideSolutionNode = FALSE
	EndGlobalSection
EndGlobal
