
Microsoft Visual Studio Solution File, Format Version 12.00
# Visual Studio 14
VisualStudioVersion = 14.0.25123.0
MinimumVisualStudioVersion = 10.0.40219.1
Project("{FAE04EC0-301F-11D3-BF4B-00C04F79EFBC}") = "SunCorp.DataAccessSqlServer", "SunCorp.DataAccessSqlServer\SunCorp.DataAccessSqlServer.csproj", "{1AB1E033-3873-4205-9791-740D053A1573}"
EndProject
Project("{FAE04EC0-301F-11D3-BF4B-00C04F79EFBC}") = "SunCorp.Entities", "SunCorp.Entities\SunCorp.Entities.csproj", "{2725797E-25AB-40AB-AFFE-D55F7ED84426}"
EndProject
Project("{FAE04EC0-301F-11D3-BF4B-00C04F79EFBC}") = "SunCorp.Controller", "SunCorp.Controller\SunCorp.Controller.csproj", "{98C6F484-59F6-4AC4-8B2C-DDFF88D99338}"
EndProject
Project("{FAE04EC0-301F-11D3-BF4B-00C04F79EFBC}") = "SunCorp.WebSiteAdministrator", "SunCorp.WebSiteAdministrator\SunCorp.WebSiteAdministrator.csproj", "{BE4B6915-79D5-4BE7-B9D4-AE93DD807222}"
EndProject
Project("{159641D6-6404-4A2A-AE62-294DE0FE8301}") = "SunCorp.IntegrationServices", "SunCorp.IntegrationServices\SunCorp.IntegrationServices.dtproj", "{60C71801-4A93-476B-94C5-5AE441032226}"
EndProject
Project("{F14B399A-7131-4C87-9E4B-1186C45EF12D}") = "SunCorp.ReportProject", "SunCorp.ReportProject\SunCorp.ReportProject.rptproj", "{70AC7144-AD7D-4B4F-8A03-E1AFDD9E48B9}"
EndProject
Project("{FAE04EC0-301F-11D3-BF4B-00C04F79EFBC}") = "SunCorp.BusinessLogic", "SunCorp.BusinessLogic\SunCorp.BusinessLogic.csproj", "{19496A35-BEB3-4578-9D8E-9AC7F8D55F0A}"
EndProject
Project("{FAE04EC0-301F-11D3-BF4B-00C04F79EFBC}") = "SunCorp.Server", "SunCorp.Server\SunCorp.Server.csproj", "{508DB8D5-44DD-4A37-AD7B-3310903E8A76}"
EndProject
Global
	GlobalSection(SolutionConfigurationPlatforms) = preSolution
		Debug|Any CPU = Debug|Any CPU
		DebugLocal|Any CPU = DebugLocal|Any CPU
		Development|Any CPU = Development|Any CPU
		Release|Any CPU = Release|Any CPU
	EndGlobalSection
	GlobalSection(ProjectConfigurationPlatforms) = postSolution
		{1AB1E033-3873-4205-9791-740D053A1573}.Debug|Any CPU.ActiveCfg = Debug|Any CPU
		{1AB1E033-3873-4205-9791-740D053A1573}.Debug|Any CPU.Build.0 = Debug|Any CPU
		{1AB1E033-3873-4205-9791-740D053A1573}.DebugLocal|Any CPU.ActiveCfg = Debug|Any CPU
		{1AB1E033-3873-4205-9791-740D053A1573}.DebugLocal|Any CPU.Build.0 = Debug|Any CPU
		{1AB1E033-3873-4205-9791-740D053A1573}.Development|Any CPU.ActiveCfg = Debug|Any CPU
		{1AB1E033-3873-4205-9791-740D053A1573}.Development|Any CPU.Build.0 = Debug|Any CPU
		{1AB1E033-3873-4205-9791-740D053A1573}.Release|Any CPU.ActiveCfg = Release|Any CPU
		{1AB1E033-3873-4205-9791-740D053A1573}.Release|Any CPU.Build.0 = Release|Any CPU
		{2725797E-25AB-40AB-AFFE-D55F7ED84426}.Debug|Any CPU.ActiveCfg = Debug|Any CPU
		{2725797E-25AB-40AB-AFFE-D55F7ED84426}.Debug|Any CPU.Build.0 = Debug|Any CPU
		{2725797E-25AB-40AB-AFFE-D55F7ED84426}.DebugLocal|Any CPU.ActiveCfg = Debug|Any CPU
		{2725797E-25AB-40AB-AFFE-D55F7ED84426}.DebugLocal|Any CPU.Build.0 = Debug|Any CPU
		{2725797E-25AB-40AB-AFFE-D55F7ED84426}.Development|Any CPU.ActiveCfg = Debug|Any CPU
		{2725797E-25AB-40AB-AFFE-D55F7ED84426}.Development|Any CPU.Build.0 = Debug|Any CPU
		{2725797E-25AB-40AB-AFFE-D55F7ED84426}.Release|Any CPU.ActiveCfg = Release|Any CPU
		{2725797E-25AB-40AB-AFFE-D55F7ED84426}.Release|Any CPU.Build.0 = Release|Any CPU
		{98C6F484-59F6-4AC4-8B2C-DDFF88D99338}.Debug|Any CPU.ActiveCfg = Debug|Any CPU
		{98C6F484-59F6-4AC4-8B2C-DDFF88D99338}.Debug|Any CPU.Build.0 = Debug|Any CPU
		{98C6F484-59F6-4AC4-8B2C-DDFF88D99338}.DebugLocal|Any CPU.ActiveCfg = Debug|Any CPU
		{98C6F484-59F6-4AC4-8B2C-DDFF88D99338}.DebugLocal|Any CPU.Build.0 = Debug|Any CPU
		{98C6F484-59F6-4AC4-8B2C-DDFF88D99338}.Development|Any CPU.ActiveCfg = Debug|Any CPU
		{98C6F484-59F6-4AC4-8B2C-DDFF88D99338}.Development|Any CPU.Build.0 = Debug|Any CPU
		{98C6F484-59F6-4AC4-8B2C-DDFF88D99338}.Release|Any CPU.ActiveCfg = Release|Any CPU
		{98C6F484-59F6-4AC4-8B2C-DDFF88D99338}.Release|Any CPU.Build.0 = Release|Any CPU
		{BE4B6915-79D5-4BE7-B9D4-AE93DD807222}.Debug|Any CPU.ActiveCfg = Debug|Any CPU
		{BE4B6915-79D5-4BE7-B9D4-AE93DD807222}.Debug|Any CPU.Build.0 = Debug|Any CPU
		{BE4B6915-79D5-4BE7-B9D4-AE93DD807222}.DebugLocal|Any CPU.ActiveCfg = Debug|Any CPU
		{BE4B6915-79D5-4BE7-B9D4-AE93DD807222}.DebugLocal|Any CPU.Build.0 = Debug|Any CPU
		{BE4B6915-79D5-4BE7-B9D4-AE93DD807222}.Development|Any CPU.ActiveCfg = Debug|Any CPU
		{BE4B6915-79D5-4BE7-B9D4-AE93DD807222}.Development|Any CPU.Build.0 = Debug|Any CPU
		{BE4B6915-79D5-4BE7-B9D4-AE93DD807222}.Release|Any CPU.ActiveCfg = Release|Any CPU
		{BE4B6915-79D5-4BE7-B9D4-AE93DD807222}.Release|Any CPU.Build.0 = Release|Any CPU
		{60C71801-4A93-476B-94C5-5AE441032226}.Debug|Any CPU.ActiveCfg = Development
		{60C71801-4A93-476B-94C5-5AE441032226}.Debug|Any CPU.Build.0 = Development
		{60C71801-4A93-476B-94C5-5AE441032226}.DebugLocal|Any CPU.ActiveCfg = Development
		{60C71801-4A93-476B-94C5-5AE441032226}.DebugLocal|Any CPU.Build.0 = Development
		{60C71801-4A93-476B-94C5-5AE441032226}.Development|Any CPU.ActiveCfg = Development
		{60C71801-4A93-476B-94C5-5AE441032226}.Development|Any CPU.Build.0 = Development
		{60C71801-4A93-476B-94C5-5AE441032226}.Release|Any CPU.ActiveCfg = Development
		{60C71801-4A93-476B-94C5-5AE441032226}.Release|Any CPU.Build.0 = Development
		{70AC7144-AD7D-4B4F-8A03-E1AFDD9E48B9}.Debug|Any CPU.ActiveCfg = Debug
		{70AC7144-AD7D-4B4F-8A03-E1AFDD9E48B9}.Debug|Any CPU.Build.0 = Debug
		{70AC7144-AD7D-4B4F-8A03-E1AFDD9E48B9}.Debug|Any CPU.Deploy.0 = Debug
		{70AC7144-AD7D-4B4F-8A03-E1AFDD9E48B9}.DebugLocal|Any CPU.ActiveCfg = DebugLocal
		{70AC7144-AD7D-4B4F-8A03-E1AFDD9E48B9}.DebugLocal|Any CPU.Build.0 = DebugLocal
		{70AC7144-AD7D-4B4F-8A03-E1AFDD9E48B9}.Development|Any CPU.ActiveCfg = DebugLocal
		{70AC7144-AD7D-4B4F-8A03-E1AFDD9E48B9}.Development|Any CPU.Build.0 = DebugLocal
		{70AC7144-AD7D-4B4F-8A03-E1AFDD9E48B9}.Release|Any CPU.ActiveCfg = Release
		{70AC7144-AD7D-4B4F-8A03-E1AFDD9E48B9}.Release|Any CPU.Build.0 = Release
		{70AC7144-AD7D-4B4F-8A03-E1AFDD9E48B9}.Release|Any CPU.Deploy.0 = Release
		{19496A35-BEB3-4578-9D8E-9AC7F8D55F0A}.Debug|Any CPU.ActiveCfg = Debug|Any CPU
		{19496A35-BEB3-4578-9D8E-9AC7F8D55F0A}.Debug|Any CPU.Build.0 = Debug|Any CPU
		{19496A35-BEB3-4578-9D8E-9AC7F8D55F0A}.DebugLocal|Any CPU.ActiveCfg = Debug|Any CPU
		{19496A35-BEB3-4578-9D8E-9AC7F8D55F0A}.DebugLocal|Any CPU.Build.0 = Debug|Any CPU
		{19496A35-BEB3-4578-9D8E-9AC7F8D55F0A}.Development|Any CPU.ActiveCfg = Debug|Any CPU
		{19496A35-BEB3-4578-9D8E-9AC7F8D55F0A}.Development|Any CPU.Build.0 = Debug|Any CPU
		{19496A35-BEB3-4578-9D8E-9AC7F8D55F0A}.Release|Any CPU.ActiveCfg = Release|Any CPU
		{19496A35-BEB3-4578-9D8E-9AC7F8D55F0A}.Release|Any CPU.Build.0 = Release|Any CPU
		{508DB8D5-44DD-4A37-AD7B-3310903E8A76}.Debug|Any CPU.ActiveCfg = Debug|Any CPU
		{508DB8D5-44DD-4A37-AD7B-3310903E8A76}.Debug|Any CPU.Build.0 = Debug|Any CPU
		{508DB8D5-44DD-4A37-AD7B-3310903E8A76}.DebugLocal|Any CPU.ActiveCfg = Debug|Any CPU
		{508DB8D5-44DD-4A37-AD7B-3310903E8A76}.DebugLocal|Any CPU.Build.0 = Debug|Any CPU
		{508DB8D5-44DD-4A37-AD7B-3310903E8A76}.Development|Any CPU.ActiveCfg = Debug|Any CPU
		{508DB8D5-44DD-4A37-AD7B-3310903E8A76}.Development|Any CPU.Build.0 = Debug|Any CPU
		{508DB8D5-44DD-4A37-AD7B-3310903E8A76}.Release|Any CPU.ActiveCfg = Release|Any CPU
		{508DB8D5-44DD-4A37-AD7B-3310903E8A76}.Release|Any CPU.Build.0 = Release|Any CPU
	EndGlobalSection
	GlobalSection(SolutionProperties) = preSolution
		HideSolutionNode = FALSE
	EndGlobalSection
EndGlobal
