
Microsoft Visual Studio Solution File, Format Version 12.00
# Visual Studio 14
VisualStudioVersion = 14.0.25420.1
MinimumVisualStudioVersion = 10.0.40219.1
Project("{FAE04EC0-301F-11D3-BF4B-00C04F79EFBC}") = "Broxel.Entities", "..\..\Broxel.Entities\Broxel.Entities.csproj", "{8B1DDA42-3FE4-40DE-90A0-A10B0343F58A}"
EndProject
Project("{FAE04EC0-301F-11D3-BF4B-00C04F79EFBC}") = "Broxel.Controller", "..\..\Broxel.Controller\Broxel.Controller.csproj", "{8230447A-3814-4DDA-9D15-5AB045DE9D5E}"
EndProject
Project("{FAE04EC0-301F-11D3-BF4B-00C04F79EFBC}") = "Broxel.Site", "..\..\Broxel.Site\Broxel.Site.csproj", "{BF1497AD-4107-45A5-A075-08C94357AAFC}"
EndProject
Global
	GlobalSection(SolutionConfigurationPlatforms) = preSolution
		Debug|Any CPU = Debug|Any CPU
		Release|Any CPU = Release|Any CPU
	EndGlobalSection
	GlobalSection(ProjectConfigurationPlatforms) = postSolution
		{8B1DDA42-3FE4-40DE-90A0-A10B0343F58A}.Debug|Any CPU.ActiveCfg = Debug|Any CPU
		{8B1DDA42-3FE4-40DE-90A0-A10B0343F58A}.Debug|Any CPU.Build.0 = Debug|Any CPU
		{8B1DDA42-3FE4-40DE-90A0-A10B0343F58A}.Release|Any CPU.ActiveCfg = Release|Any CPU
		{8B1DDA42-3FE4-40DE-90A0-A10B0343F58A}.Release|Any CPU.Build.0 = Release|Any CPU
		{8230447A-3814-4DDA-9D15-5AB045DE9D5E}.Debug|Any CPU.ActiveCfg = Debug|Any CPU
		{8230447A-3814-4DDA-9D15-5AB045DE9D5E}.Debug|Any CPU.Build.0 = Debug|Any CPU
		{8230447A-3814-4DDA-9D15-5AB045DE9D5E}.Release|Any CPU.ActiveCfg = Release|Any CPU
		{8230447A-3814-4DDA-9D15-5AB045DE9D5E}.Release|Any CPU.Build.0 = Release|Any CPU
		{BF1497AD-4107-45A5-A075-08C94357AAFC}.Debug|Any CPU.ActiveCfg = Debug|Any CPU
		{BF1497AD-4107-45A5-A075-08C94357AAFC}.Debug|Any CPU.Build.0 = Debug|Any CPU
		{BF1497AD-4107-45A5-A075-08C94357AAFC}.Release|Any CPU.ActiveCfg = Release|Any CPU
		{BF1497AD-4107-45A5-A075-08C94357AAFC}.Release|Any CPU.Build.0 = Release|Any CPU
	EndGlobalSection
	GlobalSection(SolutionProperties) = preSolution
		HideSolutionNode = FALSE
	EndGlobalSection
EndGlobal
