
Microsoft Visual Studio Solution File, Format Version 12.00
# Visual Studio 2013
VisualStudioVersion = 12.0.31101.0
MinimumVisualStudioVersion = 10.0.40219.1
Project("{FAE04EC0-301F-11D3-BF4B-00C04F79EFBC}") = "Aplicacion.AccesoDatos", "Aplicacion.AccesoDatos\Aplicacion.AccesoDatos.csproj", "{976A7034-E06B-4E11-A3C5-D49EC35A9B81}"
EndProject
Project("{FAE04EC0-301F-11D3-BF4B-00C04F79EFBC}") = "Aplicacion.Entidades", "Aplicacion.Entidades\Aplicacion.Entidades.csproj", "{1674B054-BF86-442C-A968-A139D42715F2}"
EndProject
Project("{FAE04EC0-301F-11D3-BF4B-00C04F79EFBC}") = "Aplicacion.LogicaNegocio", "Aplicacion.LogicaNegocio\Aplicacion.LogicaNegocio.csproj", "{B0CD7C35-B411-4738-91A7-78EE9791DF8D}"
EndProject
Project("{FAE04EC0-301F-11D3-BF4B-00C04F79EFBC}") = "Aplicacion.Sitio", "Aplicacion.Sitio\Aplicacion.Sitio.csproj", "{2867042F-9FF7-4B80-B026-49426E5A99FA}"
EndProject
Global
	GlobalSection(SolutionConfigurationPlatforms) = preSolution
		Debug|Any CPU = Debug|Any CPU
		Release|Any CPU = Release|Any CPU
	EndGlobalSection
	GlobalSection(ProjectConfigurationPlatforms) = postSolution
		{976A7034-E06B-4E11-A3C5-D49EC35A9B81}.Debug|Any CPU.ActiveCfg = Debug|Any CPU
		{976A7034-E06B-4E11-A3C5-D49EC35A9B81}.Debug|Any CPU.Build.0 = Debug|Any CPU
		{976A7034-E06B-4E11-A3C5-D49EC35A9B81}.Release|Any CPU.ActiveCfg = Release|Any CPU
		{976A7034-E06B-4E11-A3C5-D49EC35A9B81}.Release|Any CPU.Build.0 = Release|Any CPU
		{1674B054-BF86-442C-A968-A139D42715F2}.Debug|Any CPU.ActiveCfg = Debug|Any CPU
		{1674B054-BF86-442C-A968-A139D42715F2}.Debug|Any CPU.Build.0 = Debug|Any CPU
		{1674B054-BF86-442C-A968-A139D42715F2}.Release|Any CPU.ActiveCfg = Release|Any CPU
		{1674B054-BF86-442C-A968-A139D42715F2}.Release|Any CPU.Build.0 = Release|Any CPU
		{B0CD7C35-B411-4738-91A7-78EE9791DF8D}.Debug|Any CPU.ActiveCfg = Debug|Any CPU
		{B0CD7C35-B411-4738-91A7-78EE9791DF8D}.Debug|Any CPU.Build.0 = Debug|Any CPU
		{B0CD7C35-B411-4738-91A7-78EE9791DF8D}.Release|Any CPU.ActiveCfg = Release|Any CPU
		{B0CD7C35-B411-4738-91A7-78EE9791DF8D}.Release|Any CPU.Build.0 = Release|Any CPU
		{2867042F-9FF7-4B80-B026-49426E5A99FA}.Debug|Any CPU.ActiveCfg = Debug|Any CPU
		{2867042F-9FF7-4B80-B026-49426E5A99FA}.Debug|Any CPU.Build.0 = Debug|Any CPU
		{2867042F-9FF7-4B80-B026-49426E5A99FA}.Release|Any CPU.ActiveCfg = Release|Any CPU
		{2867042F-9FF7-4B80-B026-49426E5A99FA}.Release|Any CPU.Build.0 = Release|Any CPU
	EndGlobalSection
	GlobalSection(SolutionProperties) = preSolution
		HideSolutionNode = FALSE
	EndGlobalSection
EndGlobal
