
Microsoft Visual Studio Solution File, Format Version 12.00
# Visual Studio 14
VisualStudioVersion = 14.0.24720.0
MinimumVisualStudioVersion = 10.0.40219.1
Project("{FAE04EC0-301F-11D3-BF4B-00C04F79EFBC}") = "SunCorp.DataAccessSqlServer", "..\..\SunCorp.DataAccessSqlServer\SunCorp.DataAccessSqlServer.csproj", "{1AB1E033-3873-4205-9791-740D053A1573}"
EndProject
Project("{FAE04EC0-301F-11D3-BF4B-00C04F79EFBC}") = "SunCorp.Entities", "..\..\SunCorp.Entities\SunCorp.Entities.csproj", "{2725797E-25AB-40AB-AFFE-D55F7ED84426}"
EndProject
Project("{FAE04EC0-301F-11D3-BF4B-00C04F79EFBC}") = "SunCorp.Server", "..\..\SunCorp.Server\SunCorp.Server.csproj", "{55042C51-E23A-4B20-AF56-CC317122CF3D}"
EndProject
Project("{FAE04EC0-301F-11D3-BF4B-00C04F79EFBC}") = "SunCorp.BusinessLogic", "..\..\SunCorp.BusinessLogic\SunCorp.BusinessLogic.csproj", "{19496A35-BEB3-4578-9D8E-9AC7F8D55F0A}"
EndProject
Global
	GlobalSection(SolutionConfigurationPlatforms) = preSolution
		Debug|Any CPU = Debug|Any CPU
		Release|Any CPU = Release|Any CPU
	EndGlobalSection
	GlobalSection(ProjectConfigurationPlatforms) = postSolution
		{1AB1E033-3873-4205-9791-740D053A1573}.Debug|Any CPU.ActiveCfg = Debug|Any CPU
		{1AB1E033-3873-4205-9791-740D053A1573}.Debug|Any CPU.Build.0 = Debug|Any CPU
		{1AB1E033-3873-4205-9791-740D053A1573}.Release|Any CPU.ActiveCfg = Release|Any CPU
		{1AB1E033-3873-4205-9791-740D053A1573}.Release|Any CPU.Build.0 = Release|Any CPU
		{2725797E-25AB-40AB-AFFE-D55F7ED84426}.Debug|Any CPU.ActiveCfg = Debug|Any CPU
		{2725797E-25AB-40AB-AFFE-D55F7ED84426}.Debug|Any CPU.Build.0 = Debug|Any CPU
		{2725797E-25AB-40AB-AFFE-D55F7ED84426}.Release|Any CPU.ActiveCfg = Release|Any CPU
		{2725797E-25AB-40AB-AFFE-D55F7ED84426}.Release|Any CPU.Build.0 = Release|Any CPU
		{55042C51-E23A-4B20-AF56-CC317122CF3D}.Debug|Any CPU.ActiveCfg = Debug|Any CPU
		{55042C51-E23A-4B20-AF56-CC317122CF3D}.Debug|Any CPU.Build.0 = Debug|Any CPU
		{55042C51-E23A-4B20-AF56-CC317122CF3D}.Release|Any CPU.ActiveCfg = Release|Any CPU
		{55042C51-E23A-4B20-AF56-CC317122CF3D}.Release|Any CPU.Build.0 = Release|Any CPU
		{19496A35-BEB3-4578-9D8E-9AC7F8D55F0A}.Debug|Any CPU.ActiveCfg = Debug|Any CPU
		{19496A35-BEB3-4578-9D8E-9AC7F8D55F0A}.Debug|Any CPU.Build.0 = Debug|Any CPU
		{19496A35-BEB3-4578-9D8E-9AC7F8D55F0A}.Release|Any CPU.ActiveCfg = Release|Any CPU
		{19496A35-BEB3-4578-9D8E-9AC7F8D55F0A}.Release|Any CPU.Build.0 = Release|Any CPU
	EndGlobalSection
	GlobalSection(SolutionProperties) = preSolution
		HideSolutionNode = FALSE
	EndGlobalSection
EndGlobal
