
Microsoft Visual Studio Solution File, Format Version 12.00
# Visual Studio 2013
VisualStudioVersion = 12.0.21005.1
MinimumVisualStudioVersion = 10.0.40219.1
Project("{FAE04EC0-301F-11D3-BF4B-00C04F79EFBC}") = "PubliPayments", "PubliPayments\PubliPayments.csproj", "{4916FD62-C998-44C8-AC86-2072ECE47C34}"
	ProjectSection(ProjectDependencies) = postProject
		{B8D6CC17-BA3F-49BC-967E-F0995B6FFF7B} = {B8D6CC17-BA3F-49BC-967E-F0995B6FFF7B}
		{3AF3ED83-5E72-4409-9EDF-EADB64315CDD} = {3AF3ED83-5E72-4409-9EDF-EADB64315CDD}
		{7550FE9E-394B-43B1-ABF7-227ACD06B87C} = {7550FE9E-394B-43B1-ABF7-227ACD06B87C}
		{549FAED2-8D20-4116-BAED-AAD8FB2E3D7C} = {549FAED2-8D20-4116-BAED-AAD8FB2E3D7C}
		{3033DEDB-484C-4BE5-9818-A913F4A01027} = {3033DEDB-484C-4BE5-9818-A913F4A01027}
		{04E020DC-A7E2-458E-B020-7C81374FCDCA} = {04E020DC-A7E2-458E-B020-7C81374FCDCA}
		{0631A9F7-6889-42FE-A703-527100E6368C} = {0631A9F7-6889-42FE-A703-527100E6368C}
	EndProjectSection
EndProject
Project("{FAE04EC0-301F-11D3-BF4B-00C04F79EFBC}") = "PubliPayments.Utiles", "..\Dlls\PubliPayments.Utiles\PubliPayments.Utiles.csproj", "{549FAED2-8D20-4116-BAED-AAD8FB2E3D7C}"
EndProject
Project("{FAE04EC0-301F-11D3-BF4B-00C04F79EFBC}") = "PubliPayments.Entidades", "..\Dlls\PubliPayments.Entidades\PubliPayments.Entidades.csproj", "{0631A9F7-6889-42FE-A703-527100E6368C}"
EndProject
Project("{FAE04EC0-301F-11D3-BF4B-00C04F79EFBC}") = "PubliPayments.Negocios", "..\Dlls\PubliPayments.Negocios\PubliPayments.Negocios.csproj", "{B8D6CC17-BA3F-49BC-967E-F0995B6FFF7B}"
EndProject
Project("{FAE04EC0-301F-11D3-BF4B-00C04F79EFBC}") = "PubliPayments.Entidades.Originacion", "..\Dlls\PubliPayments.Entidades.Originacion\PubliPayments.Entidades.Originacion\PubliPayments.Entidades.Originacion.csproj", "{3033DEDB-484C-4BE5-9818-A913F4A01027}"
	ProjectSection(ProjectDependencies) = postProject
		{0631A9F7-6889-42FE-A703-527100E6368C} = {0631A9F7-6889-42FE-A703-527100E6368C}
	EndProjectSection
EndProject
Project("{FAE04EC0-301F-11D3-BF4B-00C04F79EFBC}") = "PubliPayments.Negocios.Originacion", "..\Dlls\PubliPayments.Negocios.Originacion\PubliPayments.Negocios.Originacion\PubliPayments.Negocios.Originacion.csproj", "{7550FE9E-394B-43B1-ABF7-227ACD06B87C}"
	ProjectSection(ProjectDependencies) = postProject
		{B8D6CC17-BA3F-49BC-967E-F0995B6FFF7B} = {B8D6CC17-BA3F-49BC-967E-F0995B6FFF7B}
		{0631A9F7-6889-42FE-A703-527100E6368C} = {0631A9F7-6889-42FE-A703-527100E6368C}
	EndProjectSection
EndProject
Project("{FAE04EC0-301F-11D3-BF4B-00C04F79EFBC}") = "Publipayments.Negocios.MYO", "..\Dlls\Publipayments.Negocios.MYO\Publipayments.Negocios.MYO\Publipayments.Negocios.MYO.csproj", "{3AF3ED83-5E72-4409-9EDF-EADB64315CDD}"
EndProject
Project("{FAE04EC0-301F-11D3-BF4B-00C04F79EFBC}") = "PubliPayments.Entidades.MYO", "..\Dlls\PubliPayments.Entidades.MYO\PubliPayments.Entidades.MYO\PubliPayments.Entidades.MYO.csproj", "{04E020DC-A7E2-458E-B020-7C81374FCDCA}"
EndProject
Project("{00D1A9C2-B5F0-4AF3-8072-F6C62B433612}") = "Publipayments.SQLServer", "..\BD\Publipayments.SQLServer\Publipayments.SQLServer.sqlproj", "{2AEAF8D0-620F-4D85-8D4E-9EA1981A5A14}"
EndProject
Global
	GlobalSection(SolutionConfigurationPlatforms) = preSolution
		Debug|Any CPU = Debug|Any CPU
		OriginacionMovil|Any CPU = OriginacionMovil|Any CPU
		OriginacionMovilTest|Any CPU = OriginacionMovilTest|Any CPU
		portalPPMTest|Any CPU = portalPPMTest|Any CPU
		PPMTest|Any CPU = PPMTest|Any CPU
		Release|Any CPU = Release|Any CPU
		SIRA|Any CPU = SIRA|Any CPU
	EndGlobalSection
	GlobalSection(ProjectConfigurationPlatforms) = postSolution
		{4916FD62-C998-44C8-AC86-2072ECE47C34}.Debug|Any CPU.ActiveCfg = Debug|Any CPU
		{4916FD62-C998-44C8-AC86-2072ECE47C34}.Debug|Any CPU.Build.0 = Debug|Any CPU
		{4916FD62-C998-44C8-AC86-2072ECE47C34}.OriginacionMovil|Any CPU.ActiveCfg = Release|Any CPU
		{4916FD62-C998-44C8-AC86-2072ECE47C34}.OriginacionMovil|Any CPU.Build.0 = Release|Any CPU
		{4916FD62-C998-44C8-AC86-2072ECE47C34}.OriginacionMovilTest|Any CPU.ActiveCfg = OriginacionMovilTest|Any CPU
		{4916FD62-C998-44C8-AC86-2072ECE47C34}.OriginacionMovilTest|Any CPU.Build.0 = OriginacionMovilTest|Any CPU
		{4916FD62-C998-44C8-AC86-2072ECE47C34}.portalPPMTest|Any CPU.ActiveCfg = portalPPMTest|Any CPU
		{4916FD62-C998-44C8-AC86-2072ECE47C34}.portalPPMTest|Any CPU.Build.0 = portalPPMTest|Any CPU
		{4916FD62-C998-44C8-AC86-2072ECE47C34}.PPMTest|Any CPU.ActiveCfg = portalPPMTest|Any CPU
		{4916FD62-C998-44C8-AC86-2072ECE47C34}.PPMTest|Any CPU.Build.0 = portalPPMTest|Any CPU
		{4916FD62-C998-44C8-AC86-2072ECE47C34}.Release|Any CPU.ActiveCfg = Release|Any CPU
		{4916FD62-C998-44C8-AC86-2072ECE47C34}.Release|Any CPU.Build.0 = Release|Any CPU
		{4916FD62-C998-44C8-AC86-2072ECE47C34}.SIRA|Any CPU.ActiveCfg = SIRA|Any CPU
		{4916FD62-C998-44C8-AC86-2072ECE47C34}.SIRA|Any CPU.Build.0 = SIRA|Any CPU
		{549FAED2-8D20-4116-BAED-AAD8FB2E3D7C}.Debug|Any CPU.ActiveCfg = Debug|Any CPU
		{549FAED2-8D20-4116-BAED-AAD8FB2E3D7C}.Debug|Any CPU.Build.0 = Debug|Any CPU
		{549FAED2-8D20-4116-BAED-AAD8FB2E3D7C}.OriginacionMovil|Any CPU.ActiveCfg = OriginacionMovil|Any CPU
		{549FAED2-8D20-4116-BAED-AAD8FB2E3D7C}.OriginacionMovil|Any CPU.Build.0 = OriginacionMovil|Any CPU
		{549FAED2-8D20-4116-BAED-AAD8FB2E3D7C}.OriginacionMovilTest|Any CPU.ActiveCfg = OriginacionMovilTest|Any CPU
		{549FAED2-8D20-4116-BAED-AAD8FB2E3D7C}.OriginacionMovilTest|Any CPU.Build.0 = OriginacionMovilTest|Any CPU
		{549FAED2-8D20-4116-BAED-AAD8FB2E3D7C}.portalPPMTest|Any CPU.ActiveCfg = portalPPMTest|Any CPU
		{549FAED2-8D20-4116-BAED-AAD8FB2E3D7C}.portalPPMTest|Any CPU.Build.0 = portalPPMTest|Any CPU
		{549FAED2-8D20-4116-BAED-AAD8FB2E3D7C}.PPMTest|Any CPU.ActiveCfg = PPMTest|Any CPU
		{549FAED2-8D20-4116-BAED-AAD8FB2E3D7C}.PPMTest|Any CPU.Build.0 = PPMTest|Any CPU
		{549FAED2-8D20-4116-BAED-AAD8FB2E3D7C}.Release|Any CPU.ActiveCfg = Release|Any CPU
		{549FAED2-8D20-4116-BAED-AAD8FB2E3D7C}.Release|Any CPU.Build.0 = Release|Any CPU
		{549FAED2-8D20-4116-BAED-AAD8FB2E3D7C}.SIRA|Any CPU.ActiveCfg = SIRA|Any CPU
		{549FAED2-8D20-4116-BAED-AAD8FB2E3D7C}.SIRA|Any CPU.Build.0 = SIRA|Any CPU
		{0631A9F7-6889-42FE-A703-527100E6368C}.Debug|Any CPU.ActiveCfg = Debug|Any CPU
		{0631A9F7-6889-42FE-A703-527100E6368C}.Debug|Any CPU.Build.0 = Debug|Any CPU
		{0631A9F7-6889-42FE-A703-527100E6368C}.OriginacionMovil|Any CPU.ActiveCfg = OriginacionMovil|Any CPU
		{0631A9F7-6889-42FE-A703-527100E6368C}.OriginacionMovil|Any CPU.Build.0 = OriginacionMovil|Any CPU
		{0631A9F7-6889-42FE-A703-527100E6368C}.OriginacionMovilTest|Any CPU.ActiveCfg = OriginacionMovilTest|Any CPU
		{0631A9F7-6889-42FE-A703-527100E6368C}.OriginacionMovilTest|Any CPU.Build.0 = OriginacionMovilTest|Any CPU
		{0631A9F7-6889-42FE-A703-527100E6368C}.portalPPMTest|Any CPU.ActiveCfg = portalPPMTest|Any CPU
		{0631A9F7-6889-42FE-A703-527100E6368C}.portalPPMTest|Any CPU.Build.0 = portalPPMTest|Any CPU
		{0631A9F7-6889-42FE-A703-527100E6368C}.PPMTest|Any CPU.ActiveCfg = PPMTest|Any CPU
		{0631A9F7-6889-42FE-A703-527100E6368C}.PPMTest|Any CPU.Build.0 = PPMTest|Any CPU
		{0631A9F7-6889-42FE-A703-527100E6368C}.Release|Any CPU.ActiveCfg = Release|Any CPU
		{0631A9F7-6889-42FE-A703-527100E6368C}.Release|Any CPU.Build.0 = Release|Any CPU
		{0631A9F7-6889-42FE-A703-527100E6368C}.SIRA|Any CPU.ActiveCfg = SIRA|Any CPU
		{0631A9F7-6889-42FE-A703-527100E6368C}.SIRA|Any CPU.Build.0 = SIRA|Any CPU
		{B8D6CC17-BA3F-49BC-967E-F0995B6FFF7B}.Debug|Any CPU.ActiveCfg = Debug|Any CPU
		{B8D6CC17-BA3F-49BC-967E-F0995B6FFF7B}.Debug|Any CPU.Build.0 = Debug|Any CPU
		{B8D6CC17-BA3F-49BC-967E-F0995B6FFF7B}.OriginacionMovil|Any CPU.ActiveCfg = OriginacionMovil|Any CPU
		{B8D6CC17-BA3F-49BC-967E-F0995B6FFF7B}.OriginacionMovil|Any CPU.Build.0 = OriginacionMovil|Any CPU
		{B8D6CC17-BA3F-49BC-967E-F0995B6FFF7B}.OriginacionMovilTest|Any CPU.ActiveCfg = OriginacionMovilTest|Any CPU
		{B8D6CC17-BA3F-49BC-967E-F0995B6FFF7B}.OriginacionMovilTest|Any CPU.Build.0 = OriginacionMovilTest|Any CPU
		{B8D6CC17-BA3F-49BC-967E-F0995B6FFF7B}.portalPPMTest|Any CPU.ActiveCfg = portalPPMTest|Any CPU
		{B8D6CC17-BA3F-49BC-967E-F0995B6FFF7B}.portalPPMTest|Any CPU.Build.0 = portalPPMTest|Any CPU
		{B8D6CC17-BA3F-49BC-967E-F0995B6FFF7B}.PPMTest|Any CPU.ActiveCfg = PPMTest|Any CPU
		{B8D6CC17-BA3F-49BC-967E-F0995B6FFF7B}.PPMTest|Any CPU.Build.0 = PPMTest|Any CPU
		{B8D6CC17-BA3F-49BC-967E-F0995B6FFF7B}.Release|Any CPU.ActiveCfg = Release|Any CPU
		{B8D6CC17-BA3F-49BC-967E-F0995B6FFF7B}.Release|Any CPU.Build.0 = Release|Any CPU
		{B8D6CC17-BA3F-49BC-967E-F0995B6FFF7B}.SIRA|Any CPU.ActiveCfg = SIRA|Any CPU
		{B8D6CC17-BA3F-49BC-967E-F0995B6FFF7B}.SIRA|Any CPU.Build.0 = SIRA|Any CPU
		{3033DEDB-484C-4BE5-9818-A913F4A01027}.Debug|Any CPU.ActiveCfg = Debug|Any CPU
		{3033DEDB-484C-4BE5-9818-A913F4A01027}.Debug|Any CPU.Build.0 = Debug|Any CPU
		{3033DEDB-484C-4BE5-9818-A913F4A01027}.OriginacionMovil|Any CPU.ActiveCfg = PPMTest|Any CPU
		{3033DEDB-484C-4BE5-9818-A913F4A01027}.OriginacionMovil|Any CPU.Build.0 = PPMTest|Any CPU
		{3033DEDB-484C-4BE5-9818-A913F4A01027}.OriginacionMovilTest|Any CPU.ActiveCfg = PPMTest|Any CPU
		{3033DEDB-484C-4BE5-9818-A913F4A01027}.OriginacionMovilTest|Any CPU.Build.0 = PPMTest|Any CPU
		{3033DEDB-484C-4BE5-9818-A913F4A01027}.portalPPMTest|Any CPU.ActiveCfg = PPMTest|Any CPU
		{3033DEDB-484C-4BE5-9818-A913F4A01027}.portalPPMTest|Any CPU.Build.0 = PPMTest|Any CPU
		{3033DEDB-484C-4BE5-9818-A913F4A01027}.PPMTest|Any CPU.ActiveCfg = PPMTest|Any CPU
		{3033DEDB-484C-4BE5-9818-A913F4A01027}.PPMTest|Any CPU.Build.0 = PPMTest|Any CPU
		{3033DEDB-484C-4BE5-9818-A913F4A01027}.Release|Any CPU.ActiveCfg = Release|Any CPU
		{3033DEDB-484C-4BE5-9818-A913F4A01027}.Release|Any CPU.Build.0 = Release|Any CPU
		{3033DEDB-484C-4BE5-9818-A913F4A01027}.SIRA|Any CPU.ActiveCfg = PPMTest|Any CPU
		{3033DEDB-484C-4BE5-9818-A913F4A01027}.SIRA|Any CPU.Build.0 = PPMTest|Any CPU
		{7550FE9E-394B-43B1-ABF7-227ACD06B87C}.Debug|Any CPU.ActiveCfg = Debug|Any CPU
		{7550FE9E-394B-43B1-ABF7-227ACD06B87C}.Debug|Any CPU.Build.0 = Debug|Any CPU
		{7550FE9E-394B-43B1-ABF7-227ACD06B87C}.OriginacionMovil|Any CPU.ActiveCfg = PPMTest|Any CPU
		{7550FE9E-394B-43B1-ABF7-227ACD06B87C}.OriginacionMovil|Any CPU.Build.0 = PPMTest|Any CPU
		{7550FE9E-394B-43B1-ABF7-227ACD06B87C}.OriginacionMovilTest|Any CPU.ActiveCfg = PPMTest|Any CPU
		{7550FE9E-394B-43B1-ABF7-227ACD06B87C}.OriginacionMovilTest|Any CPU.Build.0 = PPMTest|Any CPU
		{7550FE9E-394B-43B1-ABF7-227ACD06B87C}.portalPPMTest|Any CPU.ActiveCfg = PPMTest|Any CPU
		{7550FE9E-394B-43B1-ABF7-227ACD06B87C}.portalPPMTest|Any CPU.Build.0 = PPMTest|Any CPU
		{7550FE9E-394B-43B1-ABF7-227ACD06B87C}.PPMTest|Any CPU.ActiveCfg = PPMTest|Any CPU
		{7550FE9E-394B-43B1-ABF7-227ACD06B87C}.PPMTest|Any CPU.Build.0 = PPMTest|Any CPU
		{7550FE9E-394B-43B1-ABF7-227ACD06B87C}.Release|Any CPU.ActiveCfg = Release|Any CPU
		{7550FE9E-394B-43B1-ABF7-227ACD06B87C}.Release|Any CPU.Build.0 = Release|Any CPU
		{7550FE9E-394B-43B1-ABF7-227ACD06B87C}.SIRA|Any CPU.ActiveCfg = PPMTest|Any CPU
		{7550FE9E-394B-43B1-ABF7-227ACD06B87C}.SIRA|Any CPU.Build.0 = PPMTest|Any CPU
		{3AF3ED83-5E72-4409-9EDF-EADB64315CDD}.Debug|Any CPU.ActiveCfg = Debug|Any CPU
		{3AF3ED83-5E72-4409-9EDF-EADB64315CDD}.Debug|Any CPU.Build.0 = Debug|Any CPU
		{3AF3ED83-5E72-4409-9EDF-EADB64315CDD}.OriginacionMovil|Any CPU.ActiveCfg = Release|Any CPU
		{3AF3ED83-5E72-4409-9EDF-EADB64315CDD}.OriginacionMovil|Any CPU.Build.0 = Release|Any CPU
		{3AF3ED83-5E72-4409-9EDF-EADB64315CDD}.OriginacionMovilTest|Any CPU.ActiveCfg = Release|Any CPU
		{3AF3ED83-5E72-4409-9EDF-EADB64315CDD}.OriginacionMovilTest|Any CPU.Build.0 = Release|Any CPU
		{3AF3ED83-5E72-4409-9EDF-EADB64315CDD}.portalPPMTest|Any CPU.ActiveCfg = Release|Any CPU
		{3AF3ED83-5E72-4409-9EDF-EADB64315CDD}.portalPPMTest|Any CPU.Build.0 = Release|Any CPU
		{3AF3ED83-5E72-4409-9EDF-EADB64315CDD}.PPMTest|Any CPU.ActiveCfg = Release|Any CPU
		{3AF3ED83-5E72-4409-9EDF-EADB64315CDD}.PPMTest|Any CPU.Build.0 = Release|Any CPU
		{3AF3ED83-5E72-4409-9EDF-EADB64315CDD}.Release|Any CPU.ActiveCfg = Release|Any CPU
		{3AF3ED83-5E72-4409-9EDF-EADB64315CDD}.Release|Any CPU.Build.0 = Release|Any CPU
		{3AF3ED83-5E72-4409-9EDF-EADB64315CDD}.SIRA|Any CPU.ActiveCfg = Release|Any CPU
		{3AF3ED83-5E72-4409-9EDF-EADB64315CDD}.SIRA|Any CPU.Build.0 = Release|Any CPU
		{04E020DC-A7E2-458E-B020-7C81374FCDCA}.Debug|Any CPU.ActiveCfg = Debug|Any CPU
		{04E020DC-A7E2-458E-B020-7C81374FCDCA}.Debug|Any CPU.Build.0 = Debug|Any CPU
		{04E020DC-A7E2-458E-B020-7C81374FCDCA}.OriginacionMovil|Any CPU.ActiveCfg = Release|Any CPU
		{04E020DC-A7E2-458E-B020-7C81374FCDCA}.OriginacionMovil|Any CPU.Build.0 = Release|Any CPU
		{04E020DC-A7E2-458E-B020-7C81374FCDCA}.OriginacionMovilTest|Any CPU.ActiveCfg = Release|Any CPU
		{04E020DC-A7E2-458E-B020-7C81374FCDCA}.OriginacionMovilTest|Any CPU.Build.0 = Release|Any CPU
		{04E020DC-A7E2-458E-B020-7C81374FCDCA}.portalPPMTest|Any CPU.ActiveCfg = Release|Any CPU
		{04E020DC-A7E2-458E-B020-7C81374FCDCA}.portalPPMTest|Any CPU.Build.0 = Release|Any CPU
		{04E020DC-A7E2-458E-B020-7C81374FCDCA}.PPMTest|Any CPU.ActiveCfg = Release|Any CPU
		{04E020DC-A7E2-458E-B020-7C81374FCDCA}.PPMTest|Any CPU.Build.0 = Release|Any CPU
		{04E020DC-A7E2-458E-B020-7C81374FCDCA}.Release|Any CPU.ActiveCfg = Release|Any CPU
		{04E020DC-A7E2-458E-B020-7C81374FCDCA}.Release|Any CPU.Build.0 = Release|Any CPU
		{04E020DC-A7E2-458E-B020-7C81374FCDCA}.SIRA|Any CPU.ActiveCfg = Release|Any CPU
		{04E020DC-A7E2-458E-B020-7C81374FCDCA}.SIRA|Any CPU.Build.0 = Release|Any CPU
		{2AEAF8D0-620F-4D85-8D4E-9EA1981A5A14}.Debug|Any CPU.ActiveCfg = Debug|Any CPU
		{2AEAF8D0-620F-4D85-8D4E-9EA1981A5A14}.Debug|Any CPU.Build.0 = Debug|Any CPU
		{2AEAF8D0-620F-4D85-8D4E-9EA1981A5A14}.Debug|Any CPU.Deploy.0 = Debug|Any CPU
		{2AEAF8D0-620F-4D85-8D4E-9EA1981A5A14}.OriginacionMovil|Any CPU.ActiveCfg = Debug|Any CPU
		{2AEAF8D0-620F-4D85-8D4E-9EA1981A5A14}.OriginacionMovil|Any CPU.Build.0 = Debug|Any CPU
		{2AEAF8D0-620F-4D85-8D4E-9EA1981A5A14}.OriginacionMovil|Any CPU.Deploy.0 = Debug|Any CPU
		{2AEAF8D0-620F-4D85-8D4E-9EA1981A5A14}.OriginacionMovilTest|Any CPU.ActiveCfg = Debug|Any CPU
		{2AEAF8D0-620F-4D85-8D4E-9EA1981A5A14}.OriginacionMovilTest|Any CPU.Build.0 = Debug|Any CPU
		{2AEAF8D0-620F-4D85-8D4E-9EA1981A5A14}.OriginacionMovilTest|Any CPU.Deploy.0 = Debug|Any CPU
		{2AEAF8D0-620F-4D85-8D4E-9EA1981A5A14}.portalPPMTest|Any CPU.ActiveCfg = Debug|Any CPU
		{2AEAF8D0-620F-4D85-8D4E-9EA1981A5A14}.portalPPMTest|Any CPU.Build.0 = Debug|Any CPU
		{2AEAF8D0-620F-4D85-8D4E-9EA1981A5A14}.portalPPMTest|Any CPU.Deploy.0 = Debug|Any CPU
		{2AEAF8D0-620F-4D85-8D4E-9EA1981A5A14}.PPMTest|Any CPU.ActiveCfg = Debug|Any CPU
		{2AEAF8D0-620F-4D85-8D4E-9EA1981A5A14}.PPMTest|Any CPU.Build.0 = Debug|Any CPU
		{2AEAF8D0-620F-4D85-8D4E-9EA1981A5A14}.PPMTest|Any CPU.Deploy.0 = Debug|Any CPU
		{2AEAF8D0-620F-4D85-8D4E-9EA1981A5A14}.Release|Any CPU.ActiveCfg = Release|Any CPU
		{2AEAF8D0-620F-4D85-8D4E-9EA1981A5A14}.Release|Any CPU.Build.0 = Release|Any CPU
		{2AEAF8D0-620F-4D85-8D4E-9EA1981A5A14}.Release|Any CPU.Deploy.0 = Release|Any CPU
		{2AEAF8D0-620F-4D85-8D4E-9EA1981A5A14}.SIRA|Any CPU.ActiveCfg = Debug|Any CPU
		{2AEAF8D0-620F-4D85-8D4E-9EA1981A5A14}.SIRA|Any CPU.Build.0 = Debug|Any CPU
		{2AEAF8D0-620F-4D85-8D4E-9EA1981A5A14}.SIRA|Any CPU.Deploy.0 = Debug|Any CPU
	EndGlobalSection
	GlobalSection(SolutionProperties) = preSolution
		HideSolutionNode = FALSE
	EndGlobalSection
EndGlobal
