
Microsoft Visual Studio Solution File, Format Version 12.00
# Visual Studio 14
VisualStudioVersion = 14.0.25420.1
MinimumVisualStudioVersion = 10.0.40219.1
Project("{FAE04EC0-301F-11D3-BF4B-00C04F79EFBC}") = "OracleConnectionODP.DataAccess", "OracleConnectionODP.DataAccess\OracleConnectionODP.DataAccess.csproj", "{0C6B8D5F-B9C3-4EAA-956A-99CBAFD2CD48}"
EndProject
Project("{FAE04EC0-301F-11D3-BF4B-00C04F79EFBC}") = "OracleConnectionODP.BusinessLogic", "OracleConnectionODP.BusinessLogic\OracleConnectionODP.BusinessLogic.csproj", "{A3FCDB65-0438-4D06-A353-319CB0C776E8}"
EndProject
Project("{FAE04EC0-301F-11D3-BF4B-00C04F79EFBC}") = "OracleConnectionODP.Entities", "OracleConnectionODP.Entities\OracleConnectionODP.Entities.csproj", "{45D0D380-DC6B-49D9-8DBA-11FE964227EE}"
EndProject
Project("{FAE04EC0-301F-11D3-BF4B-00C04F79EFBC}") = "OracleConnectionODP.Site", "OracleConnectionODP.Site\OracleConnectionODP.Site.csproj", "{A712C758-A5A5-4FF3-BFD2-377758B14634}"
EndProject
Global
	GlobalSection(SolutionConfigurationPlatforms) = preSolution
		Debug|Any CPU = Debug|Any CPU
		Release|Any CPU = Release|Any CPU
	EndGlobalSection
	GlobalSection(ProjectConfigurationPlatforms) = postSolution
		{0C6B8D5F-B9C3-4EAA-956A-99CBAFD2CD48}.Debug|Any CPU.ActiveCfg = Debug|Any CPU
		{0C6B8D5F-B9C3-4EAA-956A-99CBAFD2CD48}.Debug|Any CPU.Build.0 = Debug|Any CPU
		{0C6B8D5F-B9C3-4EAA-956A-99CBAFD2CD48}.Release|Any CPU.ActiveCfg = Release|Any CPU
		{0C6B8D5F-B9C3-4EAA-956A-99CBAFD2CD48}.Release|Any CPU.Build.0 = Release|Any CPU
		{A3FCDB65-0438-4D06-A353-319CB0C776E8}.Debug|Any CPU.ActiveCfg = Debug|Any CPU
		{A3FCDB65-0438-4D06-A353-319CB0C776E8}.Debug|Any CPU.Build.0 = Debug|Any CPU
		{A3FCDB65-0438-4D06-A353-319CB0C776E8}.Release|Any CPU.ActiveCfg = Release|Any CPU
		{A3FCDB65-0438-4D06-A353-319CB0C776E8}.Release|Any CPU.Build.0 = Release|Any CPU
		{45D0D380-DC6B-49D9-8DBA-11FE964227EE}.Debug|Any CPU.ActiveCfg = Debug|Any CPU
		{45D0D380-DC6B-49D9-8DBA-11FE964227EE}.Debug|Any CPU.Build.0 = Debug|Any CPU
		{45D0D380-DC6B-49D9-8DBA-11FE964227EE}.Release|Any CPU.ActiveCfg = Release|Any CPU
		{45D0D380-DC6B-49D9-8DBA-11FE964227EE}.Release|Any CPU.Build.0 = Release|Any CPU
		{A712C758-A5A5-4FF3-BFD2-377758B14634}.Debug|Any CPU.ActiveCfg = Debug|Any CPU
		{A712C758-A5A5-4FF3-BFD2-377758B14634}.Debug|Any CPU.Build.0 = Debug|Any CPU
		{A712C758-A5A5-4FF3-BFD2-377758B14634}.Release|Any CPU.ActiveCfg = Release|Any CPU
		{A712C758-A5A5-4FF3-BFD2-377758B14634}.Release|Any CPU.Build.0 = Release|Any CPU
	EndGlobalSection
	GlobalSection(SolutionProperties) = preSolution
		HideSolutionNode = FALSE
	EndGlobalSection
EndGlobal
