
Microsoft Visual Studio Solution File, Format Version 12.00
# Visual Studio 2012
Project("{FAE04EC0-301F-11D3-BF4B-00C04F79EFBC}") = "CRUD(Stored Procedure)", "CRUD(Stored Procedure)\CRUD(Stored Procedure).csproj", "{E2391352-F19A-44E7-8678-F8964B33A45E}"
EndProject
Project("{FAE04EC0-301F-11D3-BF4B-00C04F79EFBC}") = "CapaNegocio", "Conexion\CapaNegocio.csproj", "{70E95145-40C3-40DF-BFBB-21D67D204900}"
EndProject
Global
	GlobalSection(SubversionScc) = preSolution
		Svn-Managed = True
		Manager = AnkhSVN - Subversion Support for Visual Studio
	EndGlobalSection
	GlobalSection(SolutionConfigurationPlatforms) = preSolution
		Debug|Any CPU = Debug|Any CPU
		Release|Any CPU = Release|Any CPU
	EndGlobalSection
	GlobalSection(ProjectConfigurationPlatforms) = postSolution
		{E2391352-F19A-44E7-8678-F8964B33A45E}.Debug|Any CPU.ActiveCfg = Debug|Any CPU
		{E2391352-F19A-44E7-8678-F8964B33A45E}.Debug|Any CPU.Build.0 = Debug|Any CPU
		{E2391352-F19A-44E7-8678-F8964B33A45E}.Release|Any CPU.ActiveCfg = Release|Any CPU
		{E2391352-F19A-44E7-8678-F8964B33A45E}.Release|Any CPU.Build.0 = Release|Any CPU
		{70E95145-40C3-40DF-BFBB-21D67D204900}.Debug|Any CPU.ActiveCfg = Debug|Any CPU
		{70E95145-40C3-40DF-BFBB-21D67D204900}.Debug|Any CPU.Build.0 = Debug|Any CPU
		{70E95145-40C3-40DF-BFBB-21D67D204900}.Release|Any CPU.ActiveCfg = Release|Any CPU
		{70E95145-40C3-40DF-BFBB-21D67D204900}.Release|Any CPU.Build.0 = Release|Any CPU
	EndGlobalSection
	GlobalSection(SolutionProperties) = preSolution
		HideSolutionNode = FALSE
	EndGlobalSection
EndGlobal
