
Microsoft Visual Studio Solution File, Format Version 12.00
# Visual Studio 2013
VisualStudioVersion = 12.0.31101.0
MinimumVisualStudioVersion = 10.0.40219.1
Project("{FAE04EC0-301F-11D3-BF4B-00C04F79EFBC}") = "AplicacionFragancias.AccesoDatos", "AplicacionFragancias.AccesoDatos\AplicacionFragancias.AccesoDatos.csproj", "{AE00C1CD-760D-436A-A452-D09CF5F680E7}"
EndProject
Project("{FAE04EC0-301F-11D3-BF4B-00C04F79EFBC}") = "AplicacionFragancias.LogicaNegocios", "AplicacionFragancias.LogicaNegocios\AplicacionFragancias.LogicaNegocios.csproj", "{8ECF2057-A15D-4EAB-8E1C-491D45B3AFA3}"
EndProject
Project("{FAE04EC0-301F-11D3-BF4B-00C04F79EFBC}") = "AplicacionFragancias.Entidades", "AplicacionFragancias.Entidades\AplicacionFragancias.Entidades.csproj", "{C284D9AC-DFB1-412D-93D5-FA8F504A6D28}"
EndProject
Project("{FAE04EC0-301F-11D3-BF4B-00C04F79EFBC}") = "AplicacionFragancias.SitioWeb", "AplicacionFragancias.SitioWeb\AplicacionFragancias.SitioWeb.csproj", "{1C6471C7-2986-4C39-8185-977258F86AAD}"
EndProject
Global
	GlobalSection(SolutionConfigurationPlatforms) = preSolution
		Debug|Any CPU = Debug|Any CPU
		Release|Any CPU = Release|Any CPU
	EndGlobalSection
	GlobalSection(ProjectConfigurationPlatforms) = postSolution
		{AE00C1CD-760D-436A-A452-D09CF5F680E7}.Debug|Any CPU.ActiveCfg = Debug|Any CPU
		{AE00C1CD-760D-436A-A452-D09CF5F680E7}.Debug|Any CPU.Build.0 = Debug|Any CPU
		{AE00C1CD-760D-436A-A452-D09CF5F680E7}.Release|Any CPU.ActiveCfg = Release|Any CPU
		{AE00C1CD-760D-436A-A452-D09CF5F680E7}.Release|Any CPU.Build.0 = Release|Any CPU
		{8ECF2057-A15D-4EAB-8E1C-491D45B3AFA3}.Debug|Any CPU.ActiveCfg = Debug|Any CPU
		{8ECF2057-A15D-4EAB-8E1C-491D45B3AFA3}.Debug|Any CPU.Build.0 = Debug|Any CPU
		{8ECF2057-A15D-4EAB-8E1C-491D45B3AFA3}.Release|Any CPU.ActiveCfg = Release|Any CPU
		{8ECF2057-A15D-4EAB-8E1C-491D45B3AFA3}.Release|Any CPU.Build.0 = Release|Any CPU
		{C284D9AC-DFB1-412D-93D5-FA8F504A6D28}.Debug|Any CPU.ActiveCfg = Debug|Any CPU
		{C284D9AC-DFB1-412D-93D5-FA8F504A6D28}.Debug|Any CPU.Build.0 = Debug|Any CPU
		{C284D9AC-DFB1-412D-93D5-FA8F504A6D28}.Release|Any CPU.ActiveCfg = Release|Any CPU
		{C284D9AC-DFB1-412D-93D5-FA8F504A6D28}.Release|Any CPU.Build.0 = Release|Any CPU
		{1C6471C7-2986-4C39-8185-977258F86AAD}.Debug|Any CPU.ActiveCfg = Debug|Any CPU
		{1C6471C7-2986-4C39-8185-977258F86AAD}.Debug|Any CPU.Build.0 = Debug|Any CPU
		{1C6471C7-2986-4C39-8185-977258F86AAD}.Release|Any CPU.ActiveCfg = Release|Any CPU
		{1C6471C7-2986-4C39-8185-977258F86AAD}.Release|Any CPU.Build.0 = Release|Any CPU
	EndGlobalSection
	GlobalSection(SolutionProperties) = preSolution
		HideSolutionNode = FALSE
	EndGlobalSection
EndGlobal
